// !$*UTF8*$!
{
	archiveVersion = 1;
	classes = {
	};
	objectVersion = 56;
	objects = {

/* Begin PBXBuildFile section */
		15844454669187C145C1B65C /* Pods_PixpotTests.framework in Frameworks */ = {isa = PBXBuildFile; fileRef = C37FDB66304F67B2D4280739 /* Pods_PixpotTests.framework */; };
		493D241D76A83AE2E6E5726E /* Pods_Pixpot.framework in Frameworks */ = {isa = PBXBuildFile; fileRef = 1C6B9B44E2B4EE376182B1FD /* Pods_Pixpot.framework */; };
		740A61E72976F60700EBF72B /* LocalDataSevrice.swift in Sources */ = {isa = PBXBuildFile; fileRef = 740A61E62976F60700EBF72B /* LocalDataSevrice.swift */; };
		740A61EB2977511600EBF72B /* ItemNotFoundView.swift in Sources */ = {isa = PBXBuildFile; fileRef = 740A61EA2977511600EBF72B /* ItemNotFoundView.swift */; };
		7417B058297B2B340033073E /* DevicePushService.swift in Sources */ = {isa = PBXBuildFile; fileRef = 7417B057297B2B340033073E /* DevicePushService.swift */; };
		741DB4692941DE4700F9AC84 /* ProfileCoordinator.swift in Sources */ = {isa = PBXBuildFile; fileRef = 741DB4682941DE4700F9AC84 /* ProfileCoordinator.swift */; };
		741DB46B2941DE5A00F9AC84 /* ProfileViewController.swift in Sources */ = {isa = PBXBuildFile; fileRef = 741DB46A2941DE5A00F9AC84 /* ProfileViewController.swift */; };
		741DB46E2942367500F9AC84 /* SnapKit in Frameworks */ = {isa = PBXBuildFile; productRef = 741DB46D2942367500F9AC84 /* SnapKit */; };
		7432100029787F5500BB1563 /* DatePickerView.swift in Sources */ = {isa = PBXBuildFile; fileRef = 74320FFF29787F5500BB1563 /* DatePickerView.swift */; };
		744E0ED329701EFB0036F531 /* PermissionsViewController.swift in Sources */ = {isa = PBXBuildFile; fileRef = 744E0ED229701EFB0036F531 /* PermissionsViewController.swift */; };
		744E0ED52970BF1F0036F531 /* CountryService.swift in Sources */ = {isa = PBXBuildFile; fileRef = 744E0ED42970BF1F0036F531 /* CountryService.swift */; };
		744E0ED92970BFAF0036F531 /* CountryEntitie.swift in Sources */ = {isa = PBXBuildFile; fileRef = 744E0ED82970BFAF0036F531 /* CountryEntitie.swift */; };
		744E0EDB2970C6850036F531 /* AppLaunchWayViewModel.swift in Sources */ = {isa = PBXBuildFile; fileRef = 744E0EDA2970C6850036F531 /* AppLaunchWayViewModel.swift */; };
		745F4DD5294F91E0003FEA78 /* FilterView.swift in Sources */ = {isa = PBXBuildFile; fileRef = 745F4DD4294F91E0003FEA78 /* FilterView.swift */; };
		7460E715294A191B00BE0637 /* String + Exct.swift in Sources */ = {isa = PBXBuildFile; fileRef = 7460E714294A191B00BE0637 /* String + Exct.swift */; };
		7468D26E2946390B00674261 /* RoundedImageView.swift in Sources */ = {isa = PBXBuildFile; fileRef = 7468D26D2946390B00674261 /* RoundedImageView.swift */; };
		746A2475294E61720090FA8F /* UIButtonFilter.swift in Sources */ = {isa = PBXBuildFile; fileRef = 746A2474294E61720090FA8F /* UIButtonFilter.swift */; };
		746C78AA296C0A0600D8DAA6 /* HeaderCollectionViewCell.swift in Sources */ = {isa = PBXBuildFile; fileRef = 746C78A9296C0A0600D8DAA6 /* HeaderCollectionViewCell.swift */; };
		746C78AC296C0A3000D8DAA6 /* FooterSupplementaryView.swift in Sources */ = {isa = PBXBuildFile; fileRef = 746C78AB296C0A3000D8DAA6 /* FooterSupplementaryView.swift */; };
		746C78AE296C0A4900D8DAA6 /* ProductsCollectionViewCell.swift in Sources */ = {isa = PBXBuildFile; fileRef = 746C78AD296C0A4900D8DAA6 /* ProductsCollectionViewCell.swift */; };
		746F2E032975BA0F00A63F72 /* CalendarViewModel.swift in Sources */ = {isa = PBXBuildFile; fileRef = 746F2E022975BA0F00A63F72 /* CalendarViewModel.swift */; };
		746F3B2A2948E7BC002BC66D /* UIButtonRounded.swift in Sources */ = {isa = PBXBuildFile; fileRef = 746F3B292948E7BC002BC66D /* UIButtonRounded.swift */; };
		747321DF2940ED4C008E7EB0 /* AppDelegate.swift in Sources */ = {isa = PBXBuildFile; fileRef = 747321DE2940ED4C008E7EB0 /* AppDelegate.swift */; };
		747321E12940ED4C008E7EB0 /* SceneDelegate.swift in Sources */ = {isa = PBXBuildFile; fileRef = 747321E02940ED4C008E7EB0 /* SceneDelegate.swift */; };
		747321E32940ED4C008E7EB0 /* TabBarController.swift in Sources */ = {isa = PBXBuildFile; fileRef = 747321E22940ED4C008E7EB0 /* TabBarController.swift */; };
		747321E82940ED4E008E7EB0 /* Assets.xcassets in Resources */ = {isa = PBXBuildFile; fileRef = 747321E72940ED4E008E7EB0 /* Assets.xcassets */; };
		747321EB2940ED4E008E7EB0 /* LaunchScreen.storyboard in Resources */ = {isa = PBXBuildFile; fileRef = 747321E92940ED4E008E7EB0 /* LaunchScreen.storyboard */; };
		747322122940FB02008E7EB0 /* Router.swift in Sources */ = {isa = PBXBuildFile; fileRef = 747322112940FB02008E7EB0 /* Router.swift */; };
		747322142940FC5B008E7EB0 /* BaseCoordinator.swift in Sources */ = {isa = PBXBuildFile; fileRef = 747322132940FC5B008E7EB0 /* BaseCoordinator.swift */; };
		74732217294104B8008E7EB0 /* ModuleFactory.swift in Sources */ = {isa = PBXBuildFile; fileRef = 74732216294104B8008E7EB0 /* ModuleFactory.swift */; };
		747322192941065A008E7EB0 /* CoordinatorFactory.swift in Sources */ = {isa = PBXBuildFile; fileRef = 747322182941065A008E7EB0 /* CoordinatorFactory.swift */; };
		7473221B294106EE008E7EB0 /* AppCoordinator.swift in Sources */ = {isa = PBXBuildFile; fileRef = 7473221A294106EE008E7EB0 /* AppCoordinator.swift */; };
		7473221D2941074A008E7EB0 /* TabBarCoordinator.swift in Sources */ = {isa = PBXBuildFile; fileRef = 7473221C2941074A008E7EB0 /* TabBarCoordinator.swift */; };
		7473222529411568008E7EB0 /* MainNavigationController.swift in Sources */ = {isa = PBXBuildFile; fileRef = 7473222429411568008E7EB0 /* MainNavigationController.swift */; };
		74732228294115B0008E7EB0 /* AppColors.swift in Sources */ = {isa = PBXBuildFile; fileRef = 74732227294115B0008E7EB0 /* AppColors.swift */; };
		7473222A294115E2008E7EB0 /* AppFonts.swift in Sources */ = {isa = PBXBuildFile; fileRef = 74732229294115E2008E7EB0 /* AppFonts.swift */; };
		7484A2EF29798156007DBF47 /* SavedIsEmptyView.swift in Sources */ = {isa = PBXBuildFile; fileRef = 7484A2EE29798156007DBF47 /* SavedIsEmptyView.swift */; };
		749274AB2977F17C00FE9F77 /* PixpotCoreData.xcdatamodeld in Sources */ = {isa = PBXBuildFile; fileRef = 749274A92977F17C00FE9F77 /* PixpotCoreData.xcdatamodeld */; };
		749274AE2977F24300FE9F77 /* Shedule+CoreDataClass.swift in Sources */ = {isa = PBXBuildFile; fileRef = 749274AC2977F24300FE9F77 /* Shedule+CoreDataClass.swift */; };
		749274AF2977F24300FE9F77 /* Shedule+CoreDataProperties.swift in Sources */ = {isa = PBXBuildFile; fileRef = 749274AD2977F24300FE9F77 /* Shedule+CoreDataProperties.swift */; };
		749274B22977F29300FE9F77 /* CoreDataProvider.swift in Sources */ = {isa = PBXBuildFile; fileRef = 749274B12977F29300FE9F77 /* CoreDataProvider.swift */; };
		749274B42977F70200FE9F77 /* SheduleManager.swift in Sources */ = {isa = PBXBuildFile; fileRef = 749274B32977F70200FE9F77 /* SheduleManager.swift */; };
		749274B62978120400FE9F77 /* MyTrainsViewController.swift in Sources */ = {isa = PBXBuildFile; fileRef = 749274B52978120400FE9F77 /* MyTrainsViewController.swift */; };
		749274B8297813CA00FE9F77 /* TrainCell.swift in Sources */ = {isa = PBXBuildFile; fileRef = 749274B7297813CA00FE9F77 /* TrainCell.swift */; };
		749274C02978438300FE9F77 /* SheduleVC.swift in Sources */ = {isa = PBXBuildFile; fileRef = 749274BF2978438300FE9F77 /* SheduleVC.swift */; };
		749274C229784F4400FE9F77 /* sheduleCustomCell.swift in Sources */ = {isa = PBXBuildFile; fileRef = 749274C129784F4400FE9F77 /* sheduleCustomCell.swift */; };
		749460C72972C718008A0501 /* DeviceLocationService.swift in Sources */ = {isa = PBXBuildFile; fileRef = 749460C62972C718008A0501 /* DeviceLocationService.swift */; };
		749460CA2972D3AA008A0501 /* AskPermisionsVC.swift in Sources */ = {isa = PBXBuildFile; fileRef = 749460C92972D3AA008A0501 /* AskPermisionsVC.swift */; };
		749460CE297336B8008A0501 /* UDStorage.swift in Sources */ = {isa = PBXBuildFile; fileRef = 749460CD297336B8008A0501 /* UDStorage.swift */; };
		749460D0297336F7008A0501 /* DefaultsManager.swift in Sources */ = {isa = PBXBuildFile; fileRef = 749460CF297336F7008A0501 /* DefaultsManager.swift */; };
		749460D229733F43008A0501 /* 123.swift in Sources */ = {isa = PBXBuildFile; fileRef = 749460D129733F43008A0501 /* 123.swift */; };
		749511002973FEF50032E79B /* calendarCustomCell.swift in Sources */ = {isa = PBXBuildFile; fileRef = 749510FF2973FEF50032E79B /* calendarCustomCell.swift */; };
		74951102297400ED0032E79B /* AskForPermissionView.swift in Sources */ = {isa = PBXBuildFile; fileRef = 74951101297400ED0032E79B /* AskForPermissionView.swift */; };
		7495110429740D510032E79B /* UICollectionViewCell + Ext.swift in Sources */ = {isa = PBXBuildFile; fileRef = 7495110329740D510032E79B /* UICollectionViewCell + Ext.swift */; };
		7495110629743C020032E79B /* SportStadium.swift in Sources */ = {isa = PBXBuildFile; fileRef = 7495110529743C020032E79B /* SportStadium.swift */; };
		749EFA38297AB145005BA569 /* SecureStorage.swift in Sources */ = {isa = PBXBuildFile; fileRef = 749EFA37297AB145005BA569 /* SecureStorage.swift */; };
		749EFA3A297AB460005BA569 /* AppInfoService.swift in Sources */ = {isa = PBXBuildFile; fileRef = 749EFA39297AB460005BA569 /* AppInfoService.swift */; };
		749EFA3E297AB58E005BA569 /* UserDefaults.swift in Sources */ = {isa = PBXBuildFile; fileRef = 749EFA3D297AB58E005BA569 /* UserDefaults.swift */; };
		74D5FFC129451CCF00029FF8 /* SelectCollectionViewCell.swift in Sources */ = {isa = PBXBuildFile; fileRef = 74D5FFC029451CCF00029FF8 /* SelectCollectionViewCell.swift */; };
		74D5FFC329451CF600029FF8 /* SearchCollectionViewCell.swift in Sources */ = {isa = PBXBuildFile; fileRef = 74D5FFC229451CF600029FF8 /* SearchCollectionViewCell.swift */; };
		74D5FFC529451D1200029FF8 /* HotSalesCollectionViewCell.swift in Sources */ = {isa = PBXBuildFile; fileRef = 74D5FFC429451D1200029FF8 /* HotSalesCollectionViewCell.swift */; };
		74D5FFC729451D2B00029FF8 /* BestSellerCollectionViewCell.swift in Sources */ = {isa = PBXBuildFile; fileRef = 74D5FFC629451D2B00029FF8 /* BestSellerCollectionViewCell.swift */; };
		74D5FFCA29451D4900029FF8 /* HeaderSupplementaryView.swift in Sources */ = {isa = PBXBuildFile; fileRef = 74D5FFC929451D4900029FF8 /* HeaderSupplementaryView.swift */; };
		74D5FFD129451DC200029FF8 /* MockData.swift in Sources */ = {isa = PBXBuildFile; fileRef = 74D5FFD029451DC200029FF8 /* MockData.swift */; };
		74D9A243294912870003C24F /* Button + Publisher.swift in Sources */ = {isa = PBXBuildFile; fileRef = 74D9A242294912870003C24F /* Button + Publisher.swift */; };
		74D9A245294912C60003C24F /* UIContol + Publisher.swift in Sources */ = {isa = PBXBuildFile; fileRef = 74D9A244294912C60003C24F /* UIContol + Publisher.swift */; };
		74F87612296D8AA000A8328C /* WKWebViewController.swift in Sources */ = {isa = PBXBuildFile; fileRef = 74F87611296D8AA000A8328C /* WKWebViewController.swift */; };
		74F87616296D9F6300A8328C /* UICustomBar.swift in Sources */ = {isa = PBXBuildFile; fileRef = 74F87615296D9F6300A8328C /* UICustomBar.swift */; };
		74F87619296E059400A8328C /* CalendarCoordinator.swift in Sources */ = {isa = PBXBuildFile; fileRef = 74F87618296E059400A8328C /* CalendarCoordinator.swift */; };
		74F8761B296E05C300A8328C /* CalendarViewController.swift in Sources */ = {isa = PBXBuildFile; fileRef = 74F8761A296E05C300A8328C /* CalendarViewController.swift */; };
		7B975D670B1453EB49567BF0 /* Pods_Pixpot_PixpotUITests.framework in Frameworks */ = {isa = PBXBuildFile; fileRef = 74AB88F90EEA821B1A78781D /* Pods_Pixpot_PixpotUITests.framework */; };
		8418E8F1294A4CB800D2E310 /* MarkPro-Heavy.ttf in Resources */ = {isa = PBXBuildFile; fileRef = 8418E8F0294A4CB800D2E310 /* MarkPro-Heavy.ttf */; };
		8418E8F3294A5B6900D2E310 /* RoundedNavButton.swift in Sources */ = {isa = PBXBuildFile; fileRef = 8418E8F2294A5B6900D2E310 /* RoundedNavButton.swift */; };
		848A2029294366EC001317C4 /* RequestBuilder.swift in Sources */ = {isa = PBXBuildFile; fileRef = 848A2028294366EC001317C4 /* RequestBuilder.swift */; };
		848A202E29438877001317C4 /* MainEntitie.swift in Sources */ = {isa = PBXBuildFile; fileRef = 848A202D29438877001317C4 /* MainEntitie.swift */; };
		848A20302943894A001317C4 /* BasketEntitie.swift in Sources */ = {isa = PBXBuildFile; fileRef = 848A202F2943894A001317C4 /* BasketEntitie.swift */; };
		848A2032294389C1001317C4 /* ProductEntitie.swift in Sources */ = {isa = PBXBuildFile; fileRef = 848A2031294389C1001317C4 /* ProductEntitie.swift */; };
		848A204029438E89001317C4 /* SDWebImage in Frameworks */ = {isa = PBXBuildFile; productRef = 848A203F29438E89001317C4 /* SDWebImage */; };
		848A20462943AA1C001317C4 /* MarkPro-Regular.ttf in Resources */ = {isa = PBXBuildFile; fileRef = 848A20422943AA1C001317C4 /* MarkPro-Regular.ttf */; };
		848A20472943AA1C001317C4 /* MarkPro-Bold.ttf in Resources */ = {isa = PBXBuildFile; fileRef = 848A20432943AA1C001317C4 /* MarkPro-Bold.ttf */; };
		848A20482943AA1C001317C4 /* MarkPro-Medium.ttf in Resources */ = {isa = PBXBuildFile; fileRef = 848A20442943AA1C001317C4 /* MarkPro-Medium.ttf */; };
		848A20512943AD31001317C4 /* DIContainer.swift in Sources */ = {isa = PBXBuildFile; fileRef = 848A20502943AD30001317C4 /* DIContainer.swift */; };
		84AB9ACD2950F33300D35F2D /* FilterPriceButton.swift in Sources */ = {isa = PBXBuildFile; fileRef = 84AB9ACC2950F33300D35F2D /* FilterPriceButton.swift */; };
		84AB9ACF29510B6600D35F2D /* SizeButton.swift in Sources */ = {isa = PBXBuildFile; fileRef = 84AB9ACE29510B6600D35F2D /* SizeButton.swift */; };
		84D6FFB6294CE1F100405398 /* ColorControl .swift in Sources */ = {isa = PBXBuildFile; fileRef = 84D6FFB5294CE1F100405398 /* ColorControl .swift */; };
		84D6FFB8294D06B100405398 /* RamControl.swift in Sources */ = {isa = PBXBuildFile; fileRef = 84D6FFB7294D06B100405398 /* RamControl.swift */; };
		84D6FFBA294D19C100405398 /* HeartProdButton.swift in Sources */ = {isa = PBXBuildFile; fileRef = 84D6FFB9294D19C100405398 /* HeartProdButton.swift */; };
		84D6FFBC294E082F00405398 /* UIColorHex.swift in Sources */ = {isa = PBXBuildFile; fileRef = 84D6FFBB294E082F00405398 /* UIColorHex.swift */; };
		84D6FFDE2950B1DA00405398 /* FilterBrandButton.swift in Sources */ = {isa = PBXBuildFile; fileRef = 84D6FFDD2950B1DA00405398 /* FilterBrandButton.swift */; };
		84E58590294BCA050098C311 /* ProductBuyButton.swift in Sources */ = {isa = PBXBuildFile; fileRef = 84E5858F294BCA050098C311 /* ProductBuyButton.swift */; };
		84E58593294C805F0098C311 /* DetailsControl.swift in Sources */ = {isa = PBXBuildFile; fileRef = 84E58592294C805F0098C311 /* DetailsControl.swift */; };
		E769AE4429747975009299F8 /* Server.swift in Sources */ = {isa = PBXBuildFile; fileRef = E769AE4229747975009299F8 /* Server.swift */; };
		E769AE4529747975009299F8 /* Scheme.swift in Sources */ = {isa = PBXBuildFile; fileRef = E769AE4329747975009299F8 /* Scheme.swift */; };
		E769AE4629747AD1009299F8 /* NetworkProviderProtocol.swift in Sources */ = {isa = PBXBuildFile; fileRef = E769AE3A297477DE009299F8 /* NetworkProviderProtocol.swift */; };
		E769AE4729747AD4009299F8 /* NetworkSessionProvider.swift in Sources */ = {isa = PBXBuildFile; fileRef = E769AE38297477DE009299F8 /* NetworkSessionProvider.swift */; };
		E769AE4829747AD7009299F8 /* RestAuthInterceptor.swift in Sources */ = {isa = PBXBuildFile; fileRef = E769AE39297477DE009299F8 /* RestAuthInterceptor.swift */; };
		E769AE4929747B39009299F8 /* Constants.swift in Sources */ = {isa = PBXBuildFile; fileRef = E769AE2D297477DE009299F8 /* Constants.swift */; };
		E769AE4A29747B58009299F8 /* NCRESTError.swift in Sources */ = {isa = PBXBuildFile; fileRef = E769AE2E297477DE009299F8 /* NCRESTError.swift */; };
		E769AE4B29747B82009299F8 /* ParameterEncoding.swift in Sources */ = {isa = PBXBuildFile; fileRef = E769AE34297477DE009299F8 /* ParameterEncoding.swift */; };
		E769AE4C29747B84009299F8 /* URLRequestConvertible + URLConvertible.swift in Sources */ = {isa = PBXBuildFile; fileRef = E769AE36297477DE009299F8 /* URLRequestConvertible + URLConvertible.swift */; };
		E769AE4D29747B87009299F8 /* RestEndpoint.swift in Sources */ = {isa = PBXBuildFile; fileRef = E769AE35297477DE009299F8 /* RestEndpoint.swift */; };
		E769AE4E29747B99009299F8 /* URLRequest+.swift in Sources */ = {isa = PBXBuildFile; fileRef = E769AE3E297477DE009299F8 /* URLRequest+.swift */; };
		E769AE4F29747B99009299F8 /* CharacterSet+.swift in Sources */ = {isa = PBXBuildFile; fileRef = E769AE3F297477DE009299F8 /* CharacterSet+.swift */; };
		E769AE5029747B9E009299F8 /* HTTPHeaders.swift in Sources */ = {isa = PBXBuildFile; fileRef = E769AE30297477DE009299F8 /* HTTPHeaders.swift */; };
		E769AE5129747B9E009299F8 /* HTTPMethod.swift in Sources */ = {isa = PBXBuildFile; fileRef = E769AE32297477DE009299F8 /* HTTPMethod.swift */; };
		E769AE5229747B9E009299F8 /* AuthType.swift in Sources */ = {isa = PBXBuildFile; fileRef = E769AE31297477DE009299F8 /* AuthType.swift */; };
		E769AE5529747F5C009299F8 /* Endpoints.swift in Sources */ = {isa = PBXBuildFile; fileRef = E769AE5429747F5C009299F8 /* Endpoints.swift */; };
		E769AE5A29748033009299F8 /* Servers.swift in Sources */ = {isa = PBXBuildFile; fileRef = E769AE5929748033009299F8 /* Servers.swift */; };
		E769AE5D2974888D009299F8 /* GeoPlaces.swift in Sources */ = {isa = PBXBuildFile; fileRef = E769AE5C2974888D009299F8 /* GeoPlaces.swift */; };
		E769AE5F297488DB009299F8 /* GeoApiKey.swift in Sources */ = {isa = PBXBuildFile; fileRef = E769AE5E297488DB009299F8 /* GeoApiKey.swift */; };
		E769AE612974892D009299F8 /* GeoFilter.swift in Sources */ = {isa = PBXBuildFile; fileRef = E769AE602974892D009299F8 /* GeoFilter.swift */; };
		E769AE7629748ED3009299F8 /* CodableGeoJSON in Frameworks */ = {isa = PBXBuildFile; productRef = E769AE7529748ED3009299F8 /* CodableGeoJSON */; };
		E769AE7829748FF2009299F8 /* GeoProperties.swift in Sources */ = {isa = PBXBuildFile; fileRef = E769AE7729748FF2009299F8 /* GeoProperties.swift */; };
		E769AE7D297494C5009299F8 /* MainCategoryController.swift in Sources */ = {isa = PBXBuildFile; fileRef = E769AE79297494C5009299F8 /* MainCategoryController.swift */; };
		E769AE7E297494C5009299F8 /* MainCategoryCoordinator.swift in Sources */ = {isa = PBXBuildFile; fileRef = E769AE7A297494C5009299F8 /* MainCategoryCoordinator.swift */; };
		E769AE7F297494C5009299F8 /* MainCategoryViewModel.swift in Sources */ = {isa = PBXBuildFile; fileRef = E769AE7B297494C5009299F8 /* MainCategoryViewModel.swift */; };
		E769AE80297494C5009299F8 /* MainCategoryView.swift in Sources */ = {isa = PBXBuildFile; fileRef = E769AE7C297494C5009299F8 /* MainCategoryView.swift */; };
		E769AE8229749946009299F8 /* GeoService.swift in Sources */ = {isa = PBXBuildFile; fileRef = E769AE8129749946009299F8 /* GeoService.swift */; };
		E769AE8429749CD1009299F8 /* HelperService.swift in Sources */ = {isa = PBXBuildFile; fileRef = E769AE8329749CD1009299F8 /* HelperService.swift */; };
		E769AE862974A0A0009299F8 /* HelperEntitie.swift in Sources */ = {isa = PBXBuildFile; fileRef = E769AE852974A0A0009299F8 /* HelperEntitie.swift */; };
		E769AE882974AAC8009299F8 /* AppLaunchWayViewController.swift in Sources */ = {isa = PBXBuildFile; fileRef = E769AE872974AAC8009299F8 /* AppLaunchWayViewController.swift */; };
/* End PBXBuildFile section */

/* Begin PBXContainerItemProxy section */
		747321F22940ED4E008E7EB0 /* PBXContainerItemProxy */ = {
			isa = PBXContainerItemProxy;
			containerPortal = 747321D32940ED4C008E7EB0 /* Project object */;
			proxyType = 1;
			remoteGlobalIDString = 747321DA2940ED4C008E7EB0;
			remoteInfo = TaskEffectiveMobile;
		};
		747321FC2940ED4E008E7EB0 /* PBXContainerItemProxy */ = {
			isa = PBXContainerItemProxy;
			containerPortal = 747321D32940ED4C008E7EB0 /* Project object */;
			proxyType = 1;
			remoteGlobalIDString = 747321DA2940ED4C008E7EB0;
			remoteInfo = TaskEffectiveMobile;
		};
/* End PBXContainerItemProxy section */

/* Begin PBXFileReference section */
		012A0FD761E81856131ABDAE /* Pods-Pixpot-PixpotUITests.release.xcconfig */ = {isa = PBXFileReference; includeInIndex = 1; lastKnownFileType = text.xcconfig; name = "Pods-Pixpot-PixpotUITests.release.xcconfig"; path = "Target Support Files/Pods-Pixpot-PixpotUITests/Pods-Pixpot-PixpotUITests.release.xcconfig"; sourceTree = "<group>"; };
		1C6B9B44E2B4EE376182B1FD /* Pods_Pixpot.framework */ = {isa = PBXFileReference; explicitFileType = wrapper.framework; includeInIndex = 0; path = Pods_Pixpot.framework; sourceTree = BUILT_PRODUCTS_DIR; };
		45C063F16B354E2AF880E7D0 /* Pods-Pixpot-PixpotUITests.debug.xcconfig */ = {isa = PBXFileReference; includeInIndex = 1; lastKnownFileType = text.xcconfig; name = "Pods-Pixpot-PixpotUITests.debug.xcconfig"; path = "Target Support Files/Pods-Pixpot-PixpotUITests/Pods-Pixpot-PixpotUITests.debug.xcconfig"; sourceTree = "<group>"; };
		7248F0892BEA4D3574ECC576 /* Pods-PixpotTests.release.xcconfig */ = {isa = PBXFileReference; includeInIndex = 1; lastKnownFileType = text.xcconfig; name = "Pods-PixpotTests.release.xcconfig"; path = "Target Support Files/Pods-PixpotTests/Pods-PixpotTests.release.xcconfig"; sourceTree = "<group>"; };
		740A61E62976F60700EBF72B /* LocalDataSevrice.swift */ = {isa = PBXFileReference; lastKnownFileType = sourcecode.swift; path = LocalDataSevrice.swift; sourceTree = "<group>"; };
		740A61EA2977511600EBF72B /* ItemNotFoundView.swift */ = {isa = PBXFileReference; lastKnownFileType = sourcecode.swift; path = ItemNotFoundView.swift; sourceTree = "<group>"; };
		7417B057297B2B340033073E /* DevicePushService.swift */ = {isa = PBXFileReference; lastKnownFileType = sourcecode.swift; path = DevicePushService.swift; sourceTree = "<group>"; };
		741DB4682941DE4700F9AC84 /* ProfileCoordinator.swift */ = {isa = PBXFileReference; lastKnownFileType = sourcecode.swift; path = ProfileCoordinator.swift; sourceTree = "<group>"; };
		741DB46A2941DE5A00F9AC84 /* ProfileViewController.swift */ = {isa = PBXFileReference; lastKnownFileType = sourcecode.swift; path = ProfileViewController.swift; sourceTree = "<group>"; };
		74320FFF29787F5500BB1563 /* DatePickerView.swift */ = {isa = PBXFileReference; lastKnownFileType = sourcecode.swift; path = DatePickerView.swift; sourceTree = "<group>"; };
		744E0ED229701EFB0036F531 /* PermissionsViewController.swift */ = {isa = PBXFileReference; lastKnownFileType = sourcecode.swift; path = PermissionsViewController.swift; sourceTree = "<group>"; };
		744E0ED42970BF1F0036F531 /* CountryService.swift */ = {isa = PBXFileReference; lastKnownFileType = sourcecode.swift; path = CountryService.swift; sourceTree = "<group>"; };
		744E0ED82970BFAF0036F531 /* CountryEntitie.swift */ = {isa = PBXFileReference; lastKnownFileType = sourcecode.swift; path = CountryEntitie.swift; sourceTree = "<group>"; };
		744E0EDA2970C6850036F531 /* AppLaunchWayViewModel.swift */ = {isa = PBXFileReference; lastKnownFileType = sourcecode.swift; path = AppLaunchWayViewModel.swift; sourceTree = "<group>"; };
		745F4DD4294F91E0003FEA78 /* FilterView.swift */ = {isa = PBXFileReference; lastKnownFileType = sourcecode.swift; path = FilterView.swift; sourceTree = "<group>"; };
		7460E714294A191B00BE0637 /* String + Exct.swift */ = {isa = PBXFileReference; lastKnownFileType = sourcecode.swift; path = "String + Exct.swift"; sourceTree = "<group>"; };
		7468D26D2946390B00674261 /* RoundedImageView.swift */ = {isa = PBXFileReference; lastKnownFileType = sourcecode.swift; path = RoundedImageView.swift; sourceTree = "<group>"; };
		746A2474294E61720090FA8F /* UIButtonFilter.swift */ = {isa = PBXFileReference; lastKnownFileType = sourcecode.swift; path = UIButtonFilter.swift; sourceTree = "<group>"; };
		746C78A9296C0A0600D8DAA6 /* HeaderCollectionViewCell.swift */ = {isa = PBXFileReference; lastKnownFileType = sourcecode.swift; path = HeaderCollectionViewCell.swift; sourceTree = "<group>"; };
		746C78AB296C0A3000D8DAA6 /* FooterSupplementaryView.swift */ = {isa = PBXFileReference; lastKnownFileType = sourcecode.swift; path = FooterSupplementaryView.swift; sourceTree = "<group>"; };
		746C78AD296C0A4900D8DAA6 /* ProductsCollectionViewCell.swift */ = {isa = PBXFileReference; lastKnownFileType = sourcecode.swift; path = ProductsCollectionViewCell.swift; sourceTree = "<group>"; };
		746F2E022975BA0F00A63F72 /* CalendarViewModel.swift */ = {isa = PBXFileReference; lastKnownFileType = sourcecode.swift; path = CalendarViewModel.swift; sourceTree = "<group>"; };
		746F3B292948E7BC002BC66D /* UIButtonRounded.swift */ = {isa = PBXFileReference; lastKnownFileType = sourcecode.swift; path = UIButtonRounded.swift; sourceTree = "<group>"; };
		747321DB2940ED4C008E7EB0 /* Pixpot.app */ = {isa = PBXFileReference; explicitFileType = wrapper.application; includeInIndex = 0; path = Pixpot.app; sourceTree = BUILT_PRODUCTS_DIR; };
		747321DE2940ED4C008E7EB0 /* AppDelegate.swift */ = {isa = PBXFileReference; lastKnownFileType = sourcecode.swift; path = AppDelegate.swift; sourceTree = "<group>"; };
		747321E02940ED4C008E7EB0 /* SceneDelegate.swift */ = {isa = PBXFileReference; lastKnownFileType = sourcecode.swift; path = SceneDelegate.swift; sourceTree = "<group>"; };
		747321E22940ED4C008E7EB0 /* TabBarController.swift */ = {isa = PBXFileReference; lastKnownFileType = sourcecode.swift; path = TabBarController.swift; sourceTree = "<group>"; };
		747321E72940ED4E008E7EB0 /* Assets.xcassets */ = {isa = PBXFileReference; lastKnownFileType = folder.assetcatalog; path = Assets.xcassets; sourceTree = "<group>"; };
		747321EA2940ED4E008E7EB0 /* Base */ = {isa = PBXFileReference; lastKnownFileType = file.storyboard; name = Base; path = Base.lproj/LaunchScreen.storyboard; sourceTree = "<group>"; };
		747321EC2940ED4E008E7EB0 /* Info.plist */ = {isa = PBXFileReference; lastKnownFileType = text.plist.xml; path = Info.plist; sourceTree = "<group>"; };
		747321F12940ED4E008E7EB0 /* PixpotTests.xctest */ = {isa = PBXFileReference; explicitFileType = wrapper.cfbundle; includeInIndex = 0; path = PixpotTests.xctest; sourceTree = BUILT_PRODUCTS_DIR; };
		747321FB2940ED4E008E7EB0 /* PixpotUITests.xctest */ = {isa = PBXFileReference; explicitFileType = wrapper.cfbundle; includeInIndex = 0; path = PixpotUITests.xctest; sourceTree = BUILT_PRODUCTS_DIR; };
		747322112940FB02008E7EB0 /* Router.swift */ = {isa = PBXFileReference; lastKnownFileType = sourcecode.swift; path = Router.swift; sourceTree = "<group>"; };
		747322132940FC5B008E7EB0 /* BaseCoordinator.swift */ = {isa = PBXFileReference; lastKnownFileType = sourcecode.swift; path = BaseCoordinator.swift; sourceTree = "<group>"; };
		74732216294104B8008E7EB0 /* ModuleFactory.swift */ = {isa = PBXFileReference; lastKnownFileType = sourcecode.swift; path = ModuleFactory.swift; sourceTree = "<group>"; };
		747322182941065A008E7EB0 /* CoordinatorFactory.swift */ = {isa = PBXFileReference; lastKnownFileType = sourcecode.swift; path = CoordinatorFactory.swift; sourceTree = "<group>"; };
		7473221A294106EE008E7EB0 /* AppCoordinator.swift */ = {isa = PBXFileReference; lastKnownFileType = sourcecode.swift; path = AppCoordinator.swift; sourceTree = "<group>"; };
		7473221C2941074A008E7EB0 /* TabBarCoordinator.swift */ = {isa = PBXFileReference; lastKnownFileType = sourcecode.swift; path = TabBarCoordinator.swift; sourceTree = "<group>"; };
		7473222429411568008E7EB0 /* MainNavigationController.swift */ = {isa = PBXFileReference; lastKnownFileType = sourcecode.swift; path = MainNavigationController.swift; sourceTree = "<group>"; };
		74732227294115B0008E7EB0 /* AppColors.swift */ = {isa = PBXFileReference; lastKnownFileType = sourcecode.swift; path = AppColors.swift; sourceTree = "<group>"; };
		74732229294115E2008E7EB0 /* AppFonts.swift */ = {isa = PBXFileReference; lastKnownFileType = sourcecode.swift; path = AppFonts.swift; sourceTree = "<group>"; };
		7484A2EE29798156007DBF47 /* SavedIsEmptyView.swift */ = {isa = PBXFileReference; lastKnownFileType = sourcecode.swift; path = SavedIsEmptyView.swift; sourceTree = "<group>"; };
		749274AA2977F17C00FE9F77 /* PixpotCoreData.xcdatamodel */ = {isa = PBXFileReference; lastKnownFileType = wrapper.xcdatamodel; path = PixpotCoreData.xcdatamodel; sourceTree = "<group>"; };
		749274AC2977F24300FE9F77 /* Shedule+CoreDataClass.swift */ = {isa = PBXFileReference; lastKnownFileType = sourcecode.swift; path = "Shedule+CoreDataClass.swift"; sourceTree = "<group>"; };
		749274AD2977F24300FE9F77 /* Shedule+CoreDataProperties.swift */ = {isa = PBXFileReference; lastKnownFileType = sourcecode.swift; path = "Shedule+CoreDataProperties.swift"; sourceTree = "<group>"; };
		749274B12977F29300FE9F77 /* CoreDataProvider.swift */ = {isa = PBXFileReference; lastKnownFileType = sourcecode.swift; path = CoreDataProvider.swift; sourceTree = "<group>"; };
		749274B32977F70200FE9F77 /* SheduleManager.swift */ = {isa = PBXFileReference; lastKnownFileType = sourcecode.swift; path = SheduleManager.swift; sourceTree = "<group>"; };
		749274B52978120400FE9F77 /* MyTrainsViewController.swift */ = {isa = PBXFileReference; lastKnownFileType = sourcecode.swift; path = MyTrainsViewController.swift; sourceTree = "<group>"; };
		749274B7297813CA00FE9F77 /* TrainCell.swift */ = {isa = PBXFileReference; lastKnownFileType = sourcecode.swift; path = TrainCell.swift; sourceTree = "<group>"; };
		749274BF2978438300FE9F77 /* SheduleVC.swift */ = {isa = PBXFileReference; lastKnownFileType = sourcecode.swift; path = SheduleVC.swift; sourceTree = "<group>"; };
		749274C129784F4400FE9F77 /* sheduleCustomCell.swift */ = {isa = PBXFileReference; lastKnownFileType = sourcecode.swift; path = sheduleCustomCell.swift; sourceTree = "<group>"; };
		749460C62972C718008A0501 /* DeviceLocationService.swift */ = {isa = PBXFileReference; lastKnownFileType = sourcecode.swift; path = DeviceLocationService.swift; sourceTree = "<group>"; };
		749460C92972D3AA008A0501 /* AskPermisionsVC.swift */ = {isa = PBXFileReference; lastKnownFileType = sourcecode.swift; path = AskPermisionsVC.swift; sourceTree = "<group>"; };
		749460CD297336B8008A0501 /* UDStorage.swift */ = {isa = PBXFileReference; lastKnownFileType = sourcecode.swift; path = UDStorage.swift; sourceTree = "<group>"; };
		749460CF297336F7008A0501 /* DefaultsManager.swift */ = {isa = PBXFileReference; lastKnownFileType = sourcecode.swift; path = DefaultsManager.swift; sourceTree = "<group>"; };
		749460D129733F43008A0501 /* 123.swift */ = {isa = PBXFileReference; lastKnownFileType = sourcecode.swift; path = 123.swift; sourceTree = "<group>"; };
		749510FF2973FEF50032E79B /* calendarCustomCell.swift */ = {isa = PBXFileReference; lastKnownFileType = sourcecode.swift; path = calendarCustomCell.swift; sourceTree = "<group>"; };
		74951101297400ED0032E79B /* AskForPermissionView.swift */ = {isa = PBXFileReference; lastKnownFileType = sourcecode.swift; path = AskForPermissionView.swift; sourceTree = "<group>"; };
		7495110329740D510032E79B /* UICollectionViewCell + Ext.swift */ = {isa = PBXFileReference; lastKnownFileType = sourcecode.swift; path = "UICollectionViewCell + Ext.swift"; sourceTree = "<group>"; };
		7495110529743C020032E79B /* SportStadium.swift */ = {isa = PBXFileReference; lastKnownFileType = sourcecode.swift; path = SportStadium.swift; sourceTree = "<group>"; };
		749EFA35297A92F9005BA569 /* Pixpot.entitlements */ = {isa = PBXFileReference; lastKnownFileType = text.plist.entitlements; path = Pixpot.entitlements; sourceTree = "<group>"; };
		749EFA37297AB145005BA569 /* SecureStorage.swift */ = {isa = PBXFileReference; lastKnownFileType = sourcecode.swift; path = SecureStorage.swift; sourceTree = "<group>"; };
		749EFA39297AB460005BA569 /* AppInfoService.swift */ = {isa = PBXFileReference; lastKnownFileType = sourcecode.swift; path = AppInfoService.swift; sourceTree = "<group>"; };
		749EFA3D297AB58E005BA569 /* UserDefaults.swift */ = {isa = PBXFileReference; lastKnownFileType = sourcecode.swift; path = UserDefaults.swift; sourceTree = "<group>"; };
		74AB88F90EEA821B1A78781D /* Pods_Pixpot_PixpotUITests.framework */ = {isa = PBXFileReference; explicitFileType = wrapper.framework; includeInIndex = 0; path = Pods_Pixpot_PixpotUITests.framework; sourceTree = BUILT_PRODUCTS_DIR; };
		74D5FFC029451CCF00029FF8 /* SelectCollectionViewCell.swift */ = {isa = PBXFileReference; lastKnownFileType = sourcecode.swift; path = SelectCollectionViewCell.swift; sourceTree = "<group>"; };
		74D5FFC229451CF600029FF8 /* SearchCollectionViewCell.swift */ = {isa = PBXFileReference; lastKnownFileType = sourcecode.swift; path = SearchCollectionViewCell.swift; sourceTree = "<group>"; };
		74D5FFC429451D1200029FF8 /* HotSalesCollectionViewCell.swift */ = {isa = PBXFileReference; lastKnownFileType = sourcecode.swift; path = HotSalesCollectionViewCell.swift; sourceTree = "<group>"; };
		74D5FFC629451D2B00029FF8 /* BestSellerCollectionViewCell.swift */ = {isa = PBXFileReference; lastKnownFileType = sourcecode.swift; path = BestSellerCollectionViewCell.swift; sourceTree = "<group>"; };
		74D5FFC929451D4900029FF8 /* HeaderSupplementaryView.swift */ = {isa = PBXFileReference; lastKnownFileType = sourcecode.swift; path = HeaderSupplementaryView.swift; sourceTree = "<group>"; };
		74D5FFD029451DC200029FF8 /* MockData.swift */ = {isa = PBXFileReference; lastKnownFileType = sourcecode.swift; path = MockData.swift; sourceTree = "<group>"; };
		74D9A242294912870003C24F /* Button + Publisher.swift */ = {isa = PBXFileReference; lastKnownFileType = sourcecode.swift; path = "Button + Publisher.swift"; sourceTree = "<group>"; };
		74D9A244294912C60003C24F /* UIContol + Publisher.swift */ = {isa = PBXFileReference; lastKnownFileType = sourcecode.swift; path = "UIContol + Publisher.swift"; sourceTree = "<group>"; };
		74F87611296D8AA000A8328C /* WKWebViewController.swift */ = {isa = PBXFileReference; lastKnownFileType = sourcecode.swift; path = WKWebViewController.swift; sourceTree = "<group>"; };
		74F87615296D9F6300A8328C /* UICustomBar.swift */ = {isa = PBXFileReference; lastKnownFileType = sourcecode.swift; path = UICustomBar.swift; sourceTree = "<group>"; };
		74F87618296E059400A8328C /* CalendarCoordinator.swift */ = {isa = PBXFileReference; lastKnownFileType = sourcecode.swift; path = CalendarCoordinator.swift; sourceTree = "<group>"; };
		74F8761A296E05C300A8328C /* CalendarViewController.swift */ = {isa = PBXFileReference; lastKnownFileType = sourcecode.swift; path = CalendarViewController.swift; sourceTree = "<group>"; };
		8418E8F0294A4CB800D2E310 /* MarkPro-Heavy.ttf */ = {isa = PBXFileReference; lastKnownFileType = file; path = "MarkPro-Heavy.ttf"; sourceTree = "<group>"; };
		8418E8F2294A5B6900D2E310 /* RoundedNavButton.swift */ = {isa = PBXFileReference; lastKnownFileType = sourcecode.swift; path = RoundedNavButton.swift; sourceTree = "<group>"; };
		848A2028294366EC001317C4 /* RequestBuilder.swift */ = {isa = PBXFileReference; lastKnownFileType = sourcecode.swift; path = RequestBuilder.swift; sourceTree = "<group>"; };
		848A202D29438877001317C4 /* MainEntitie.swift */ = {isa = PBXFileReference; lastKnownFileType = sourcecode.swift; path = MainEntitie.swift; sourceTree = "<group>"; };
		848A202F2943894A001317C4 /* BasketEntitie.swift */ = {isa = PBXFileReference; lastKnownFileType = sourcecode.swift; path = BasketEntitie.swift; sourceTree = "<group>"; };
		848A2031294389C1001317C4 /* ProductEntitie.swift */ = {isa = PBXFileReference; lastKnownFileType = sourcecode.swift; path = ProductEntitie.swift; sourceTree = "<group>"; };
		848A20422943AA1C001317C4 /* MarkPro-Regular.ttf */ = {isa = PBXFileReference; lastKnownFileType = file; path = "MarkPro-Regular.ttf"; sourceTree = "<group>"; };
		848A20432943AA1C001317C4 /* MarkPro-Bold.ttf */ = {isa = PBXFileReference; lastKnownFileType = file; path = "MarkPro-Bold.ttf"; sourceTree = "<group>"; };
		848A20442943AA1C001317C4 /* MarkPro-Medium.ttf */ = {isa = PBXFileReference; lastKnownFileType = file; path = "MarkPro-Medium.ttf"; sourceTree = "<group>"; };
		848A20502943AD30001317C4 /* DIContainer.swift */ = {isa = PBXFileReference; lastKnownFileType = sourcecode.swift; path = DIContainer.swift; sourceTree = "<group>"; };
		848A205A2943DAE4001317C4 /* UIVc+Preview.swift */ = {isa = PBXFileReference; lastKnownFileType = sourcecode.swift; path = "UIVc+Preview.swift"; sourceTree = "<group>"; };
		84AB9ACC2950F33300D35F2D /* FilterPriceButton.swift */ = {isa = PBXFileReference; lastKnownFileType = sourcecode.swift; path = FilterPriceButton.swift; sourceTree = "<group>"; };
		84AB9ACE29510B6600D35F2D /* SizeButton.swift */ = {isa = PBXFileReference; lastKnownFileType = sourcecode.swift; path = SizeButton.swift; sourceTree = "<group>"; };
		84D6FFB5294CE1F100405398 /* ColorControl .swift */ = {isa = PBXFileReference; lastKnownFileType = sourcecode.swift; path = "ColorControl .swift"; sourceTree = "<group>"; };
		84D6FFB7294D06B100405398 /* RamControl.swift */ = {isa = PBXFileReference; lastKnownFileType = sourcecode.swift; path = RamControl.swift; sourceTree = "<group>"; };
		84D6FFB9294D19C100405398 /* HeartProdButton.swift */ = {isa = PBXFileReference; lastKnownFileType = sourcecode.swift; path = HeartProdButton.swift; sourceTree = "<group>"; };
		84D6FFBB294E082F00405398 /* UIColorHex.swift */ = {isa = PBXFileReference; lastKnownFileType = sourcecode.swift; path = UIColorHex.swift; sourceTree = "<group>"; };
		84D6FFDD2950B1DA00405398 /* FilterBrandButton.swift */ = {isa = PBXFileReference; lastKnownFileType = sourcecode.swift; path = FilterBrandButton.swift; sourceTree = "<group>"; };
		84E5858F294BCA050098C311 /* ProductBuyButton.swift */ = {isa = PBXFileReference; lastKnownFileType = sourcecode.swift; path = ProductBuyButton.swift; sourceTree = "<group>"; };
		84E58592294C805F0098C311 /* DetailsControl.swift */ = {isa = PBXFileReference; lastKnownFileType = sourcecode.swift; path = DetailsControl.swift; sourceTree = "<group>"; };
		8EF260BF6BDD8F788F84B170 /* Pods-Pixpot.debug.xcconfig */ = {isa = PBXFileReference; includeInIndex = 1; lastKnownFileType = text.xcconfig; name = "Pods-Pixpot.debug.xcconfig"; path = "Target Support Files/Pods-Pixpot/Pods-Pixpot.debug.xcconfig"; sourceTree = "<group>"; };
		9DE8D61C7A35472C37667DDE /* Pods-PixpotTests.debug.xcconfig */ = {isa = PBXFileReference; includeInIndex = 1; lastKnownFileType = text.xcconfig; name = "Pods-PixpotTests.debug.xcconfig"; path = "Target Support Files/Pods-PixpotTests/Pods-PixpotTests.debug.xcconfig"; sourceTree = "<group>"; };
		B1F422AFF3EEBE8875433FB4 /* Pods-Pixpot.release.xcconfig */ = {isa = PBXFileReference; includeInIndex = 1; lastKnownFileType = text.xcconfig; name = "Pods-Pixpot.release.xcconfig"; path = "Target Support Files/Pods-Pixpot/Pods-Pixpot.release.xcconfig"; sourceTree = "<group>"; };
		C37FDB66304F67B2D4280739 /* Pods_PixpotTests.framework */ = {isa = PBXFileReference; explicitFileType = wrapper.framework; includeInIndex = 0; path = Pods_PixpotTests.framework; sourceTree = BUILT_PRODUCTS_DIR; };
		E769AE2D297477DE009299F8 /* Constants.swift */ = {isa = PBXFileReference; lastKnownFileType = sourcecode.swift; path = Constants.swift; sourceTree = "<group>"; };
		E769AE2E297477DE009299F8 /* NCRESTError.swift */ = {isa = PBXFileReference; lastKnownFileType = sourcecode.swift; path = NCRESTError.swift; sourceTree = "<group>"; };
		E769AE30297477DE009299F8 /* HTTPHeaders.swift */ = {isa = PBXFileReference; lastKnownFileType = sourcecode.swift; path = HTTPHeaders.swift; sourceTree = "<group>"; };
		E769AE31297477DE009299F8 /* AuthType.swift */ = {isa = PBXFileReference; lastKnownFileType = sourcecode.swift; path = AuthType.swift; sourceTree = "<group>"; };
		E769AE32297477DE009299F8 /* HTTPMethod.swift */ = {isa = PBXFileReference; lastKnownFileType = sourcecode.swift; path = HTTPMethod.swift; sourceTree = "<group>"; };
		E769AE34297477DE009299F8 /* ParameterEncoding.swift */ = {isa = PBXFileReference; lastKnownFileType = sourcecode.swift; path = ParameterEncoding.swift; sourceTree = "<group>"; };
		E769AE35297477DE009299F8 /* RestEndpoint.swift */ = {isa = PBXFileReference; lastKnownFileType = sourcecode.swift; path = RestEndpoint.swift; sourceTree = "<group>"; };
		E769AE36297477DE009299F8 /* URLRequestConvertible + URLConvertible.swift */ = {isa = PBXFileReference; lastKnownFileType = sourcecode.swift; path = "URLRequestConvertible + URLConvertible.swift"; sourceTree = "<group>"; };
		E769AE38297477DE009299F8 /* NetworkSessionProvider.swift */ = {isa = PBXFileReference; lastKnownFileType = sourcecode.swift; path = NetworkSessionProvider.swift; sourceTree = "<group>"; };
		E769AE39297477DE009299F8 /* RestAuthInterceptor.swift */ = {isa = PBXFileReference; lastKnownFileType = sourcecode.swift; path = RestAuthInterceptor.swift; sourceTree = "<group>"; };
		E769AE3A297477DE009299F8 /* NetworkProviderProtocol.swift */ = {isa = PBXFileReference; lastKnownFileType = sourcecode.swift; path = NetworkProviderProtocol.swift; sourceTree = "<group>"; };
		E769AE3E297477DE009299F8 /* URLRequest+.swift */ = {isa = PBXFileReference; lastKnownFileType = sourcecode.swift; path = "URLRequest+.swift"; sourceTree = "<group>"; };
		E769AE3F297477DE009299F8 /* CharacterSet+.swift */ = {isa = PBXFileReference; lastKnownFileType = sourcecode.swift; path = "CharacterSet+.swift"; sourceTree = "<group>"; };
		E769AE4229747975009299F8 /* Server.swift */ = {isa = PBXFileReference; fileEncoding = 4; lastKnownFileType = sourcecode.swift; path = Server.swift; sourceTree = "<group>"; };
		E769AE4329747975009299F8 /* Scheme.swift */ = {isa = PBXFileReference; fileEncoding = 4; lastKnownFileType = sourcecode.swift; path = Scheme.swift; sourceTree = "<group>"; };
		E769AE5429747F5C009299F8 /* Endpoints.swift */ = {isa = PBXFileReference; lastKnownFileType = sourcecode.swift; path = Endpoints.swift; sourceTree = "<group>"; };
		E769AE5929748033009299F8 /* Servers.swift */ = {isa = PBXFileReference; lastKnownFileType = sourcecode.swift; path = Servers.swift; sourceTree = "<group>"; };
		E769AE5C2974888D009299F8 /* GeoPlaces.swift */ = {isa = PBXFileReference; lastKnownFileType = sourcecode.swift; path = GeoPlaces.swift; sourceTree = "<group>"; };
		E769AE5E297488DB009299F8 /* GeoApiKey.swift */ = {isa = PBXFileReference; lastKnownFileType = sourcecode.swift; path = GeoApiKey.swift; sourceTree = "<group>"; };
		E769AE602974892D009299F8 /* GeoFilter.swift */ = {isa = PBXFileReference; lastKnownFileType = sourcecode.swift; path = GeoFilter.swift; sourceTree = "<group>"; };
		E769AE7729748FF2009299F8 /* GeoProperties.swift */ = {isa = PBXFileReference; lastKnownFileType = sourcecode.swift; path = GeoProperties.swift; sourceTree = "<group>"; };
		E769AE79297494C5009299F8 /* MainCategoryController.swift */ = {isa = PBXFileReference; fileEncoding = 4; lastKnownFileType = sourcecode.swift; path = MainCategoryController.swift; sourceTree = "<group>"; };
		E769AE7A297494C5009299F8 /* MainCategoryCoordinator.swift */ = {isa = PBXFileReference; fileEncoding = 4; lastKnownFileType = sourcecode.swift; path = MainCategoryCoordinator.swift; sourceTree = "<group>"; };
		E769AE7B297494C5009299F8 /* MainCategoryViewModel.swift */ = {isa = PBXFileReference; fileEncoding = 4; lastKnownFileType = sourcecode.swift; path = MainCategoryViewModel.swift; sourceTree = "<group>"; };
		E769AE7C297494C5009299F8 /* MainCategoryView.swift */ = {isa = PBXFileReference; fileEncoding = 4; lastKnownFileType = sourcecode.swift; path = MainCategoryView.swift; sourceTree = "<group>"; };
		E769AE8129749946009299F8 /* GeoService.swift */ = {isa = PBXFileReference; lastKnownFileType = sourcecode.swift; path = GeoService.swift; sourceTree = "<group>"; };
		E769AE8329749CD1009299F8 /* HelperService.swift */ = {isa = PBXFileReference; lastKnownFileType = sourcecode.swift; path = HelperService.swift; sourceTree = "<group>"; };
		E769AE852974A0A0009299F8 /* HelperEntitie.swift */ = {isa = PBXFileReference; lastKnownFileType = sourcecode.swift; path = HelperEntitie.swift; sourceTree = "<group>"; };
		E769AE872974AAC8009299F8 /* AppLaunchWayViewController.swift */ = {isa = PBXFileReference; lastKnownFileType = sourcecode.swift; path = AppLaunchWayViewController.swift; sourceTree = "<group>"; };
/* End PBXFileReference section */

/* Begin PBXFrameworksBuildPhase section */
		747321D82940ED4C008E7EB0 /* Frameworks */ = {
			isa = PBXFrameworksBuildPhase;
			buildActionMask = 2147483647;
			files = (
				848A204029438E89001317C4 /* SDWebImage in Frameworks */,
				741DB46E2942367500F9AC84 /* SnapKit in Frameworks */,
				E769AE7629748ED3009299F8 /* CodableGeoJSON in Frameworks */,
				493D241D76A83AE2E6E5726E /* Pods_Pixpot.framework in Frameworks */,
			);
			runOnlyForDeploymentPostprocessing = 0;
		};
		747321EE2940ED4E008E7EB0 /* Frameworks */ = {
			isa = PBXFrameworksBuildPhase;
			buildActionMask = 2147483647;
			files = (
				15844454669187C145C1B65C /* Pods_PixpotTests.framework in Frameworks */,
			);
			runOnlyForDeploymentPostprocessing = 0;
		};
		747321F82940ED4E008E7EB0 /* Frameworks */ = {
			isa = PBXFrameworksBuildPhase;
			buildActionMask = 2147483647;
			files = (
				7B975D670B1453EB49567BF0 /* Pods_Pixpot_PixpotUITests.framework in Frameworks */,
			);
			runOnlyForDeploymentPostprocessing = 0;
		};
/* End PBXFrameworksBuildPhase section */

/* Begin PBXGroup section */
		65C2B50316E95463C33518C7 /* Frameworks */ = {
			isa = PBXGroup;
			children = (
				1C6B9B44E2B4EE376182B1FD /* Pods_Pixpot.framework */,
				74AB88F90EEA821B1A78781D /* Pods_Pixpot_PixpotUITests.framework */,
				C37FDB66304F67B2D4280739 /* Pods_PixpotTests.framework */,
			);
			name = Frameworks;
			sourceTree = "<group>";
		};
		740A61E829774B9D00EBF72B /* Cell */ = {
			isa = PBXGroup;
			children = (
				749510FF2973FEF50032E79B /* calendarCustomCell.swift */,
				749274C129784F4400FE9F77 /* sheduleCustomCell.swift */,
			);
			path = Cell;
			sourceTree = "<group>";
		};
		740A61E929774BBD00EBF72B /* Views */ = {
			isa = PBXGroup;
			children = (
				74951101297400ED0032E79B /* AskForPermissionView.swift */,
				740A61EA2977511600EBF72B /* ItemNotFoundView.swift */,
				74320FFF29787F5500BB1563 /* DatePickerView.swift */,
			);
			path = Views;
			sourceTree = "<group>";
		};
		74139E0629435D1F0002DC0F /* Foundation */ = {
			isa = PBXGroup;
			children = (
				848A204F2943AD1B001317C4 /* DI */,
				848A2027294366CD001317C4 /* Builder */,
				747322102940FAD3008E7EB0 /* Coordinator */,
			);
			path = Foundation;
			sourceTree = "<group>";
		};
		741DB4672941DE0300F9AC84 /* Profile */ = {
			isa = PBXGroup;
			children = (
				749274BA29782A6400FE9F77 /* Header */,
				749274B929782A5C00FE9F77 /* Cell */,
				741DB46A2941DE5A00F9AC84 /* ProfileViewController.swift */,
				741DB4682941DE4700F9AC84 /* ProfileCoordinator.swift */,
				749274B52978120400FE9F77 /* MyTrainsViewController.swift */,
				7484A2EE29798156007DBF47 /* SavedIsEmptyView.swift */,
			);
			path = Profile;
			sourceTree = "<group>";
		};
		744E0ED129701EAF0036F531 /* PermissionsViews */ = {
			isa = PBXGroup;
			children = (
				744E0ED229701EFB0036F531 /* PermissionsViewController.swift */,
			);
			path = PermissionsViews;
			sourceTree = "<group>";
		};
		745F4DD3294F91C2003FEA78 /* FilterView */ = {
			isa = PBXGroup;
			children = (
				745F4DD4294F91E0003FEA78 /* FilterView.swift */,
			);
			path = FilterView;
			sourceTree = "<group>";
		};
		7468D26C2946387200674261 /* ImageViews */ = {
			isa = PBXGroup;
			children = (
				7468D26D2946390B00674261 /* RoundedImageView.swift */,
			);
			path = ImageViews;
			sourceTree = "<group>";
		};
		746F3B282948E789002BC66D /* Buttons */ = {
			isa = PBXGroup;
			children = (
				746F3B292948E7BC002BC66D /* UIButtonRounded.swift */,
				746A2474294E61720090FA8F /* UIButtonFilter.swift */,
				8418E8F2294A5B6900D2E310 /* RoundedNavButton.swift */,
				84E5858F294BCA050098C311 /* ProductBuyButton.swift */,
				84D6FFB9294D19C100405398 /* HeartProdButton.swift */,
				84D6FFDD2950B1DA00405398 /* FilterBrandButton.swift */,
				84AB9ACC2950F33300D35F2D /* FilterPriceButton.swift */,
				84AB9ACE29510B6600D35F2D /* SizeButton.swift */,
			);
			path = Buttons;
			sourceTree = "<group>";
		};
		747321D22940ED4C008E7EB0 = {
			isa = PBXGroup;
			children = (
				747321DD2940ED4C008E7EB0 /* Pixpot */,
				747321DC2940ED4C008E7EB0 /* Products */,
				A2891D408574B05ADA994F79 /* Pods */,
				65C2B50316E95463C33518C7 /* Frameworks */,
			);
			sourceTree = "<group>";
		};
		747321DC2940ED4C008E7EB0 /* Products */ = {
			isa = PBXGroup;
			children = (
				747321DB2940ED4C008E7EB0 /* Pixpot.app */,
				747321F12940ED4E008E7EB0 /* PixpotTests.xctest */,
				747321FB2940ED4E008E7EB0 /* PixpotUITests.xctest */,
			);
			name = Products;
			sourceTree = "<group>";
		};
		747321DD2940ED4C008E7EB0 /* Pixpot */ = {
			isa = PBXGroup;
			children = (
				749EFA35297A92F9005BA569 /* Pixpot.entitlements */,
				747321DE2940ED4C008E7EB0 /* AppDelegate.swift */,
				747321E02940ED4C008E7EB0 /* SceneDelegate.swift */,
				7473221A294106EE008E7EB0 /* AppCoordinator.swift */,
				748EB4FA2943519100A94A79 /* Presentation layer */,
				748EB4FB2943522500A94A79 /* Business Logic Layer */,
				748EB4FC294352A100A94A79 /* Core layer */,
				7473222629411591008E7EB0 /* Helpers */,
				848A20412943A970001317C4 /* Resourses */,
				E769AE5629747FE8009299F8 /* NetworkModule */,
				747321E92940ED4E008E7EB0 /* LaunchScreen.storyboard */,
				747321EC2940ED4E008E7EB0 /* Info.plist */,
				749274A92977F17C00FE9F77 /* PixpotCoreData.xcdatamodeld */,
			);
			path = Pixpot;
			sourceTree = "<group>";
		};
		7473220E2940F87C008E7EB0 /* TabBar */ = {
			isa = PBXGroup;
			children = (
				747321E22940ED4C008E7EB0 /* TabBarController.swift */,
				7473221C2941074A008E7EB0 /* TabBarCoordinator.swift */,
			);
			path = TabBar;
			sourceTree = "<group>";
		};
		7473220F2940F890008E7EB0 /* Main */ = {
			isa = PBXGroup;
			children = (
				74D5FFC829451D3700029FF8 /* Header */,
				74D5FFBF29451C3000029FF8 /* Cells */,
				E769AE79297494C5009299F8 /* MainCategoryController.swift */,
				E769AE7C297494C5009299F8 /* MainCategoryView.swift */,
				E769AE7B297494C5009299F8 /* MainCategoryViewModel.swift */,
				E769AE7A297494C5009299F8 /* MainCategoryCoordinator.swift */,
			);
			path = Main;
			sourceTree = "<group>";
		};
		747322102940FAD3008E7EB0 /* Coordinator */ = {
			isa = PBXGroup;
			children = (
				747322152941048B008E7EB0 /* Factory */,
				747322112940FB02008E7EB0 /* Router.swift */,
				747322132940FC5B008E7EB0 /* BaseCoordinator.swift */,
			);
			path = Coordinator;
			sourceTree = "<group>";
		};
		747322152941048B008E7EB0 /* Factory */ = {
			isa = PBXGroup;
			children = (
				74732216294104B8008E7EB0 /* ModuleFactory.swift */,
				747322182941065A008E7EB0 /* CoordinatorFactory.swift */,
			);
			path = Factory;
			sourceTree = "<group>";
		};
		7473222229411526008E7EB0 /* UIKit */ = {
			isa = PBXGroup;
			children = (
				744E0ED129701EAF0036F531 /* PermissionsViews */,
				745F4DD3294F91C2003FEA78 /* FilterView */,
				84E58591294C80460098C311 /* UIControl */,
				746F3B282948E789002BC66D /* Buttons */,
				7468D26C2946387200674261 /* ImageViews */,
				7473222329411532008E7EB0 /* NavigationControllers */,
			);
			path = UIKit;
			sourceTree = "<group>";
		};
		7473222329411532008E7EB0 /* NavigationControllers */ = {
			isa = PBXGroup;
			children = (
				7473222429411568008E7EB0 /* MainNavigationController.swift */,
				74F87615296D9F6300A8328C /* UICustomBar.swift */,
			);
			path = NavigationControllers;
			sourceTree = "<group>";
		};
		7473222629411591008E7EB0 /* Helpers */ = {
			isa = PBXGroup;
			children = (
				74D9A2412949125D0003C24F /* Exstensions */,
				74732227294115B0008E7EB0 /* AppColors.swift */,
				74732229294115E2008E7EB0 /* AppFonts.swift */,
			);
			path = Helpers;
			sourceTree = "<group>";
		};
		748EB4FA2943519100A94A79 /* Presentation layer */ = {
			isa = PBXGroup;
			children = (
				7473220E2940F87C008E7EB0 /* TabBar */,
				74B452F9296CC5F800912206 /* AppLaunchWay */,
				749460C82972D37E008A0501 /* AskPermisions */,
				74F87617296E057200A8328C /* Calendar */,
				74B452FA296CC60F00912206 /* WebView */,
				7473220F2940F890008E7EB0 /* Main */,
				741DB4672941DE0300F9AC84 /* Profile */,
			);
			path = "Presentation layer";
			sourceTree = "<group>";
		};
		748EB4FB2943522500A94A79 /* Business Logic Layer */ = {
			isa = PBXGroup;
			children = (
				74D5FFCB29451D7100029FF8 /* MockDataBase */,
				848A203729438CF1001317C4 /* Services */,
				848A202C29438832001317C4 /* Entities */,
			);
			path = "Business Logic Layer";
			sourceTree = "<group>";
		};
		748EB4FC294352A100A94A79 /* Core layer */ = {
			isa = PBXGroup;
			children = (
				749EFA36297AB112005BA569 /* KeyChain */,
				749274B02977F24A00FE9F77 /* CoreData */,
				E769AE572974800D009299F8 /* Network */,
				749460CB297333B8008A0501 /* UserDefaults */,
				848A20582943DABF001317C4 /* Extensions */,
				74139E0629435D1F0002DC0F /* Foundation */,
				7473222229411526008E7EB0 /* UIKit */,
			);
			path = "Core layer";
			sourceTree = "<group>";
		};
		749274B02977F24A00FE9F77 /* CoreData */ = {
			isa = PBXGroup;
			children = (
				749274BD297842E600FE9F77 /* SheduleEntitie */,
				749274B12977F29300FE9F77 /* CoreDataProvider.swift */,
				749274B32977F70200FE9F77 /* SheduleManager.swift */,
			);
			path = CoreData;
			sourceTree = "<group>";
		};
		749274B929782A5C00FE9F77 /* Cell */ = {
			isa = PBXGroup;
			children = (
				749274B7297813CA00FE9F77 /* TrainCell.swift */,
			);
			path = Cell;
			sourceTree = "<group>";
		};
		749274BA29782A6400FE9F77 /* Header */ = {
			isa = PBXGroup;
			children = (
			);
			path = Header;
			sourceTree = "<group>";
		};
		749274BD297842E600FE9F77 /* SheduleEntitie */ = {
			isa = PBXGroup;
			children = (
				749274AC2977F24300FE9F77 /* Shedule+CoreDataClass.swift */,
				749274AD2977F24300FE9F77 /* Shedule+CoreDataProperties.swift */,
			);
			path = SheduleEntitie;
			sourceTree = "<group>";
		};
		749274BE2978436F00FE9F77 /* SheduleVC */ = {
			isa = PBXGroup;
			children = (
				749274BF2978438300FE9F77 /* SheduleVC.swift */,
			);
			path = SheduleVC;
			sourceTree = "<group>";
		};
		749460C82972D37E008A0501 /* AskPermisions */ = {
			isa = PBXGroup;
			children = (
				749460C92972D3AA008A0501 /* AskPermisionsVC.swift */,
			);
			path = AskPermisions;
			sourceTree = "<group>";
		};
		749460CB297333B8008A0501 /* UserDefaults */ = {
			isa = PBXGroup;
			children = (
				749EFA3C297AB55C005BA569 /* SwiftyUserDefaults */,
				749EFA3B297AB548005BA569 /* CustomUD */,
			);
			path = UserDefaults;
			sourceTree = "<group>";
		};
		749EFA36297AB112005BA569 /* KeyChain */ = {
			isa = PBXGroup;
			children = (
				749EFA37297AB145005BA569 /* SecureStorage.swift */,
				749EFA39297AB460005BA569 /* AppInfoService.swift */,
			);
			path = KeyChain;
			sourceTree = "<group>";
		};
		749EFA3B297AB548005BA569 /* CustomUD */ = {
			isa = PBXGroup;
			children = (
				749460CD297336B8008A0501 /* UDStorage.swift */,
				749460CF297336F7008A0501 /* DefaultsManager.swift */,
			);
			path = CustomUD;
			sourceTree = "<group>";
		};
		749EFA3C297AB55C005BA569 /* SwiftyUserDefaults */ = {
			isa = PBXGroup;
			children = (
				749EFA3D297AB58E005BA569 /* UserDefaults.swift */,
			);
			path = SwiftyUserDefaults;
			sourceTree = "<group>";
		};
		74B452F9296CC5F800912206 /* AppLaunchWay */ = {
			isa = PBXGroup;
			children = (
				E769AE872974AAC8009299F8 /* AppLaunchWayViewController.swift */,
				744E0EDA2970C6850036F531 /* AppLaunchWayViewModel.swift */,
			);
			path = AppLaunchWay;
			sourceTree = "<group>";
		};
		74B452FA296CC60F00912206 /* WebView */ = {
			isa = PBXGroup;
			children = (
				74F87611296D8AA000A8328C /* WKWebViewController.swift */,
			);
			path = WebView;
			sourceTree = "<group>";
		};
		74D5FFBF29451C3000029FF8 /* Cells */ = {
			isa = PBXGroup;
			children = (
				74D5FFC029451CCF00029FF8 /* SelectCollectionViewCell.swift */,
				74D5FFC229451CF600029FF8 /* SearchCollectionViewCell.swift */,
				74D5FFC429451D1200029FF8 /* HotSalesCollectionViewCell.swift */,
				74D5FFC629451D2B00029FF8 /* BestSellerCollectionViewCell.swift */,
			);
			path = Cells;
			sourceTree = "<group>";
		};
		74D5FFC829451D3700029FF8 /* Header */ = {
			isa = PBXGroup;
			children = (
				74D5FFC929451D4900029FF8 /* HeaderSupplementaryView.swift */,
				746C78A9296C0A0600D8DAA6 /* HeaderCollectionViewCell.swift */,
				746C78AB296C0A3000D8DAA6 /* FooterSupplementaryView.swift */,
				746C78AD296C0A4900D8DAA6 /* ProductsCollectionViewCell.swift */,
			);
			path = Header;
			sourceTree = "<group>";
		};
		74D5FFCB29451D7100029FF8 /* MockDataBase */ = {
			isa = PBXGroup;
			children = (
				74D5FFD029451DC200029FF8 /* MockData.swift */,
			);
			path = MockDataBase;
			sourceTree = "<group>";
		};
		74D9A2412949125D0003C24F /* Exstensions */ = {
			isa = PBXGroup;
			children = (
				74D9A242294912870003C24F /* Button + Publisher.swift */,
				74D9A244294912C60003C24F /* UIContol + Publisher.swift */,
				7460E714294A191B00BE0637 /* String + Exct.swift */,
				84D6FFBB294E082F00405398 /* UIColorHex.swift */,
				7495110329740D510032E79B /* UICollectionViewCell + Ext.swift */,
			);
			path = Exstensions;
			sourceTree = "<group>";
		};
		74F87617296E057200A8328C /* Calendar */ = {
			isa = PBXGroup;
			children = (
				740A61E929774BBD00EBF72B /* Views */,
				740A61E829774B9D00EBF72B /* Cell */,
				749274BE2978436F00FE9F77 /* SheduleVC */,
				74F87618296E059400A8328C /* CalendarCoordinator.swift */,
				74F8761A296E05C300A8328C /* CalendarViewController.swift */,
				746F2E022975BA0F00A63F72 /* CalendarViewModel.swift */,
				749460D129733F43008A0501 /* 123.swift */,
			);
			path = Calendar;
			sourceTree = "<group>";
		};
		848A2027294366CD001317C4 /* Builder */ = {
			isa = PBXGroup;
			children = (
				848A2028294366EC001317C4 /* RequestBuilder.swift */,
			);
			path = Builder;
			sourceTree = "<group>";
		};
		848A202C29438832001317C4 /* Entities */ = {
			isa = PBXGroup;
			children = (
				E769AE5B2974887E009299F8 /* Geo */,
				848A202D29438877001317C4 /* MainEntitie.swift */,
				848A202F2943894A001317C4 /* BasketEntitie.swift */,
				848A2031294389C1001317C4 /* ProductEntitie.swift */,
				744E0ED82970BFAF0036F531 /* CountryEntitie.swift */,
				7495110529743C020032E79B /* SportStadium.swift */,
				E769AE852974A0A0009299F8 /* HelperEntitie.swift */,
			);
			path = Entities;
			sourceTree = "<group>";
		};
		848A203729438CF1001317C4 /* Services */ = {
			isa = PBXGroup;
			children = (
				744E0ED42970BF1F0036F531 /* CountryService.swift */,
				E769AE8129749946009299F8 /* GeoService.swift */,
				E769AE8329749CD1009299F8 /* HelperService.swift */,
				749460C62972C718008A0501 /* DeviceLocationService.swift */,
				740A61E62976F60700EBF72B /* LocalDataSevrice.swift */,
				7417B057297B2B340033073E /* DevicePushService.swift */,
			);
			path = Services;
			sourceTree = "<group>";
		};
		848A20412943A970001317C4 /* Resourses */ = {
			isa = PBXGroup;
			children = (
				848A20432943AA1C001317C4 /* MarkPro-Bold.ttf */,
				8418E8F0294A4CB800D2E310 /* MarkPro-Heavy.ttf */,
				848A20442943AA1C001317C4 /* MarkPro-Medium.ttf */,
				848A20422943AA1C001317C4 /* MarkPro-Regular.ttf */,
				747321E72940ED4E008E7EB0 /* Assets.xcassets */,
			);
			path = Resourses;
			sourceTree = "<group>";
		};
		848A204F2943AD1B001317C4 /* DI */ = {
			isa = PBXGroup;
			children = (
				848A20502943AD30001317C4 /* DIContainer.swift */,
			);
			path = DI;
			sourceTree = "<group>";
		};
		848A20582943DABF001317C4 /* Extensions */ = {
			isa = PBXGroup;
			children = (
				848A205A2943DAE4001317C4 /* UIVc+Preview.swift */,
			);
			path = Extensions;
			sourceTree = "<group>";
		};
		84E58591294C80460098C311 /* UIControl */ = {
			isa = PBXGroup;
			children = (
				84E58592294C805F0098C311 /* DetailsControl.swift */,
				84D6FFB5294CE1F100405398 /* ColorControl .swift */,
				84D6FFB7294D06B100405398 /* RamControl.swift */,
			);
			path = UIControl;
			sourceTree = "<group>";
		};
		A2891D408574B05ADA994F79 /* Pods */ = {
			isa = PBXGroup;
			children = (
				8EF260BF6BDD8F788F84B170 /* Pods-Pixpot.debug.xcconfig */,
				B1F422AFF3EEBE8875433FB4 /* Pods-Pixpot.release.xcconfig */,
				45C063F16B354E2AF880E7D0 /* Pods-Pixpot-PixpotUITests.debug.xcconfig */,
				012A0FD761E81856131ABDAE /* Pods-Pixpot-PixpotUITests.release.xcconfig */,
				9DE8D61C7A35472C37667DDE /* Pods-PixpotTests.debug.xcconfig */,
				7248F0892BEA4D3574ECC576 /* Pods-PixpotTests.release.xcconfig */,
			);
			path = Pods;
			sourceTree = "<group>";
		};
		E769AE2C297477DD009299F8 /* Network */ = {
			isa = PBXGroup;
			children = (
				E769AE2D297477DE009299F8 /* Constants.swift */,
				E769AE37297477DE009299F8 /* SessionProvider */,
				E769AE2F297477DE009299F8 /* Enums */,
				E769AE3D297477DE009299F8 /* Extensions */,
				E769AE2E297477DE009299F8 /* NCRESTError.swift */,
				E769AE33297477DE009299F8 /* Protocols */,
			);
			path = Network;
			sourceTree = "<group>";
		};
		E769AE2F297477DE009299F8 /* Enums */ = {
			isa = PBXGroup;
			children = (
				E769AE32297477DE009299F8 /* HTTPMethod.swift */,
				E769AE30297477DE009299F8 /* HTTPHeaders.swift */,
				E769AE31297477DE009299F8 /* AuthType.swift */,
			);
			path = Enums;
			sourceTree = "<group>";
		};
		E769AE33297477DE009299F8 /* Protocols */ = {
			isa = PBXGroup;
			children = (
				E769AE34297477DE009299F8 /* ParameterEncoding.swift */,
				E769AE36297477DE009299F8 /* URLRequestConvertible + URLConvertible.swift */,
				E769AE35297477DE009299F8 /* RestEndpoint.swift */,
			);
			path = Protocols;
			sourceTree = "<group>";
		};
		E769AE37297477DE009299F8 /* SessionProvider */ = {
			isa = PBXGroup;
			children = (
				E769AE3A297477DE009299F8 /* NetworkProviderProtocol.swift */,
				E769AE38297477DE009299F8 /* NetworkSessionProvider.swift */,
				E769AE39297477DE009299F8 /* RestAuthInterceptor.swift */,
			);
			path = SessionProvider;
			sourceTree = "<group>";
		};
		E769AE3D297477DE009299F8 /* Extensions */ = {
			isa = PBXGroup;
			children = (
				E769AE3E297477DE009299F8 /* URLRequest+.swift */,
				E769AE3F297477DE009299F8 /* CharacterSet+.swift */,
			);
			path = Extensions;
			sourceTree = "<group>";
		};
		E769AE4129747975009299F8 /* Server */ = {
			isa = PBXGroup;
			children = (
				E769AE4229747975009299F8 /* Server.swift */,
				E769AE4329747975009299F8 /* Scheme.swift */,
			);
			path = Server;
			sourceTree = "<group>";
		};
		E769AE5329747F4C009299F8 /* Endpoints */ = {
			isa = PBXGroup;
			children = (
				E769AE5429747F5C009299F8 /* Endpoints.swift */,
			);
			path = Endpoints;
			sourceTree = "<group>";
		};
		E769AE5629747FE8009299F8 /* NetworkModule */ = {
			isa = PBXGroup;
			children = (
				E769AE2C297477DD009299F8 /* Network */,
				E769AE4129747975009299F8 /* Server */,
			);
			path = NetworkModule;
			sourceTree = "<group>";
		};
		E769AE572974800D009299F8 /* Network */ = {
			isa = PBXGroup;
			children = (
				E769AE582974801F009299F8 /* Servers */,
				E769AE5329747F4C009299F8 /* Endpoints */,
			);
			path = Network;
			sourceTree = "<group>";
		};
		E769AE582974801F009299F8 /* Servers */ = {
			isa = PBXGroup;
			children = (
				E769AE5929748033009299F8 /* Servers.swift */,
			);
			path = Servers;
			sourceTree = "<group>";
		};
		E769AE5B2974887E009299F8 /* Geo */ = {
			isa = PBXGroup;
			children = (
				E769AE5C2974888D009299F8 /* GeoPlaces.swift */,
				E769AE5E297488DB009299F8 /* GeoApiKey.swift */,
				E769AE602974892D009299F8 /* GeoFilter.swift */,
				E769AE7729748FF2009299F8 /* GeoProperties.swift */,
			);
			path = Geo;
			sourceTree = "<group>";
		};
/* End PBXGroup section */

/* Begin PBXNativeTarget section */
		747321DA2940ED4C008E7EB0 /* Pixpot */ = {
			isa = PBXNativeTarget;
			buildConfigurationList = 747322052940ED4E008E7EB0 /* Build configuration list for PBXNativeTarget "Pixpot" */;
			buildPhases = (
				4AFEE0265561CFEB4ACB2124 /* [CP] Check Pods Manifest.lock */,
				747321D72940ED4C008E7EB0 /* Sources */,
				747321D82940ED4C008E7EB0 /* Frameworks */,
				747321D92940ED4C008E7EB0 /* Resources */,
				D04D60A447DCDCBAE744AED0 /* [CP] Embed Pods Frameworks */,
			);
			buildRules = (
			);
			dependencies = (
			);
			name = Pixpot;
			packageProductDependencies = (
				741DB46D2942367500F9AC84 /* SnapKit */,
				848A203F29438E89001317C4 /* SDWebImage */,
				E769AE7529748ED3009299F8 /* CodableGeoJSON */,
			);
			productName = TaskEffectiveMobile;
			productReference = 747321DB2940ED4C008E7EB0 /* Pixpot.app */;
			productType = "com.apple.product-type.application";
		};
		747321F02940ED4E008E7EB0 /* PixpotTests */ = {
			isa = PBXNativeTarget;
			buildConfigurationList = 747322082940ED4E008E7EB0 /* Build configuration list for PBXNativeTarget "PixpotTests" */;
			buildPhases = (
				80219631323CA54E2EEF09DF /* [CP] Check Pods Manifest.lock */,
				747321ED2940ED4E008E7EB0 /* Sources */,
				747321EE2940ED4E008E7EB0 /* Frameworks */,
				747321EF2940ED4E008E7EB0 /* Resources */,
			);
			buildRules = (
			);
			dependencies = (
				747321F32940ED4E008E7EB0 /* PBXTargetDependency */,
			);
			name = PixpotTests;
			productName = TaskEffectiveMobileTests;
			productReference = 747321F12940ED4E008E7EB0 /* PixpotTests.xctest */;
			productType = "com.apple.product-type.bundle.unit-test";
		};
		747321FA2940ED4E008E7EB0 /* PixpotUITests */ = {
			isa = PBXNativeTarget;
			buildConfigurationList = 7473220B2940ED4E008E7EB0 /* Build configuration list for PBXNativeTarget "PixpotUITests" */;
			buildPhases = (
				780DFC3C4DC4445E8BEECD8F /* [CP] Check Pods Manifest.lock */,
				747321F72940ED4E008E7EB0 /* Sources */,
				747321F82940ED4E008E7EB0 /* Frameworks */,
				747321F92940ED4E008E7EB0 /* Resources */,
				401BA415E8093D9EE9C11BEA /* [CP] Embed Pods Frameworks */,
			);
			buildRules = (
			);
			dependencies = (
				747321FD2940ED4E008E7EB0 /* PBXTargetDependency */,
			);
			name = PixpotUITests;
			productName = TaskEffectiveMobileUITests;
			productReference = 747321FB2940ED4E008E7EB0 /* PixpotUITests.xctest */;
			productType = "com.apple.product-type.bundle.ui-testing";
		};
/* End PBXNativeTarget section */

/* Begin PBXProject section */
		747321D32940ED4C008E7EB0 /* Project object */ = {
			isa = PBXProject;
			attributes = {
				BuildIndependentTargetsInParallel = 1;
				LastSwiftUpdateCheck = 1410;
				LastUpgradeCheck = 1410;
				TargetAttributes = {
					747321DA2940ED4C008E7EB0 = {
						CreatedOnToolsVersion = 14.1;
					};
					747321F02940ED4E008E7EB0 = {
						CreatedOnToolsVersion = 14.1;
						TestTargetID = 747321DA2940ED4C008E7EB0;
					};
					747321FA2940ED4E008E7EB0 = {
						CreatedOnToolsVersion = 14.1;
						TestTargetID = 747321DA2940ED4C008E7EB0;
					};
				};
			};
			buildConfigurationList = 747321D62940ED4C008E7EB0 /* Build configuration list for PBXProject "Pixpot" */;
			compatibilityVersion = "Xcode 14.0";
			developmentRegion = en;
			hasScannedForEncodings = 0;
			knownRegions = (
				en,
				Base,
			);
			mainGroup = 747321D22940ED4C008E7EB0;
			packageReferences = (
				741DB46C2942367500F9AC84 /* XCRemoteSwiftPackageReference "SnapKit" */,
				848A203E29438E89001317C4 /* XCRemoteSwiftPackageReference "SDWebImage" */,
				E769AE7429748ED3009299F8 /* XCRemoteSwiftPackageReference "CodableGeoJSON" */,
			);
			productRefGroup = 747321DC2940ED4C008E7EB0 /* Products */;
			projectDirPath = "";
			projectRoot = "";
			targets = (
				747321DA2940ED4C008E7EB0 /* Pixpot */,
				747321F02940ED4E008E7EB0 /* PixpotTests */,
				747321FA2940ED4E008E7EB0 /* PixpotUITests */,
			);
		};
/* End PBXProject section */

/* Begin PBXResourcesBuildPhase section */
		747321D92940ED4C008E7EB0 /* Resources */ = {
			isa = PBXResourcesBuildPhase;
			buildActionMask = 2147483647;
			files = (
				747321EB2940ED4E008E7EB0 /* LaunchScreen.storyboard in Resources */,
				848A20462943AA1C001317C4 /* MarkPro-Regular.ttf in Resources */,
				848A20472943AA1C001317C4 /* MarkPro-Bold.ttf in Resources */,
				8418E8F1294A4CB800D2E310 /* MarkPro-Heavy.ttf in Resources */,
				747321E82940ED4E008E7EB0 /* Assets.xcassets in Resources */,
				848A20482943AA1C001317C4 /* MarkPro-Medium.ttf in Resources */,
			);
			runOnlyForDeploymentPostprocessing = 0;
		};
		747321EF2940ED4E008E7EB0 /* Resources */ = {
			isa = PBXResourcesBuildPhase;
			buildActionMask = 2147483647;
			files = (
			);
			runOnlyForDeploymentPostprocessing = 0;
		};
		747321F92940ED4E008E7EB0 /* Resources */ = {
			isa = PBXResourcesBuildPhase;
			buildActionMask = 2147483647;
			files = (
			);
			runOnlyForDeploymentPostprocessing = 0;
		};
/* End PBXResourcesBuildPhase section */

/* Begin PBXShellScriptBuildPhase section */
		401BA415E8093D9EE9C11BEA /* [CP] Embed Pods Frameworks */ = {
			isa = PBXShellScriptBuildPhase;
			buildActionMask = 2147483647;
			files = (
			);
			inputFileListPaths = (
				"${PODS_ROOT}/Target Support Files/Pods-Pixpot-PixpotUITests/Pods-Pixpot-PixpotUITests-frameworks-${CONFIGURATION}-input-files.xcfilelist",
			);
			name = "[CP] Embed Pods Frameworks";
			outputFileListPaths = (
				"${PODS_ROOT}/Target Support Files/Pods-Pixpot-PixpotUITests/Pods-Pixpot-PixpotUITests-frameworks-${CONFIGURATION}-output-files.xcfilelist",
			);
			runOnlyForDeploymentPostprocessing = 0;
			shellPath = /bin/sh;
			shellScript = "\"${PODS_ROOT}/Target Support Files/Pods-Pixpot-PixpotUITests/Pods-Pixpot-PixpotUITests-frameworks.sh\"\n";
			showEnvVarsInLog = 0;
		};
		4AFEE0265561CFEB4ACB2124 /* [CP] Check Pods Manifest.lock */ = {
			isa = PBXShellScriptBuildPhase;
			buildActionMask = 2147483647;
			files = (
			);
			inputFileListPaths = (
			);
			inputPaths = (
				"${PODS_PODFILE_DIR_PATH}/Podfile.lock",
				"${PODS_ROOT}/Manifest.lock",
			);
			name = "[CP] Check Pods Manifest.lock";
			outputFileListPaths = (
			);
			outputPaths = (
				"$(DERIVED_FILE_DIR)/Pods-Pixpot-checkManifestLockResult.txt",
			);
			runOnlyForDeploymentPostprocessing = 0;
			shellPath = /bin/sh;
			shellScript = "diff \"${PODS_PODFILE_DIR_PATH}/Podfile.lock\" \"${PODS_ROOT}/Manifest.lock\" > /dev/null\nif [ $? != 0 ] ; then\n    # print error to STDERR\n    echo \"error: The sandbox is not in sync with the Podfile.lock. Run 'pod install' or update your CocoaPods installation.\" >&2\n    exit 1\nfi\n# This output is used by Xcode 'outputs' to avoid re-running this script phase.\necho \"SUCCESS\" > \"${SCRIPT_OUTPUT_FILE_0}\"\n";
			showEnvVarsInLog = 0;
		};
		780DFC3C4DC4445E8BEECD8F /* [CP] Check Pods Manifest.lock */ = {
			isa = PBXShellScriptBuildPhase;
			buildActionMask = 2147483647;
			files = (
			);
			inputFileListPaths = (
			);
			inputPaths = (
				"${PODS_PODFILE_DIR_PATH}/Podfile.lock",
				"${PODS_ROOT}/Manifest.lock",
			);
			name = "[CP] Check Pods Manifest.lock";
			outputFileListPaths = (
			);
			outputPaths = (
				"$(DERIVED_FILE_DIR)/Pods-Pixpot-PixpotUITests-checkManifestLockResult.txt",
			);
			runOnlyForDeploymentPostprocessing = 0;
			shellPath = /bin/sh;
			shellScript = "diff \"${PODS_PODFILE_DIR_PATH}/Podfile.lock\" \"${PODS_ROOT}/Manifest.lock\" > /dev/null\nif [ $? != 0 ] ; then\n    # print error to STDERR\n    echo \"error: The sandbox is not in sync with the Podfile.lock. Run 'pod install' or update your CocoaPods installation.\" >&2\n    exit 1\nfi\n# This output is used by Xcode 'outputs' to avoid re-running this script phase.\necho \"SUCCESS\" > \"${SCRIPT_OUTPUT_FILE_0}\"\n";
			showEnvVarsInLog = 0;
		};
		80219631323CA54E2EEF09DF /* [CP] Check Pods Manifest.lock */ = {
			isa = PBXShellScriptBuildPhase;
			buildActionMask = 2147483647;
			files = (
			);
			inputFileListPaths = (
			);
			inputPaths = (
				"${PODS_PODFILE_DIR_PATH}/Podfile.lock",
				"${PODS_ROOT}/Manifest.lock",
			);
			name = "[CP] Check Pods Manifest.lock";
			outputFileListPaths = (
			);
			outputPaths = (
				"$(DERIVED_FILE_DIR)/Pods-PixpotTests-checkManifestLockResult.txt",
			);
			runOnlyForDeploymentPostprocessing = 0;
			shellPath = /bin/sh;
			shellScript = "diff \"${PODS_PODFILE_DIR_PATH}/Podfile.lock\" \"${PODS_ROOT}/Manifest.lock\" > /dev/null\nif [ $? != 0 ] ; then\n    # print error to STDERR\n    echo \"error: The sandbox is not in sync with the Podfile.lock. Run 'pod install' or update your CocoaPods installation.\" >&2\n    exit 1\nfi\n# This output is used by Xcode 'outputs' to avoid re-running this script phase.\necho \"SUCCESS\" > \"${SCRIPT_OUTPUT_FILE_0}\"\n";
			showEnvVarsInLog = 0;
		};
		D04D60A447DCDCBAE744AED0 /* [CP] Embed Pods Frameworks */ = {
			isa = PBXShellScriptBuildPhase;
			buildActionMask = 2147483647;
			files = (
			);
			inputFileListPaths = (
				"${PODS_ROOT}/Target Support Files/Pods-Pixpot/Pods-Pixpot-frameworks-${CONFIGURATION}-input-files.xcfilelist",
			);
			name = "[CP] Embed Pods Frameworks";
			outputFileListPaths = (
				"${PODS_ROOT}/Target Support Files/Pods-Pixpot/Pods-Pixpot-frameworks-${CONFIGURATION}-output-files.xcfilelist",
			);
			runOnlyForDeploymentPostprocessing = 0;
			shellPath = /bin/sh;
			shellScript = "\"${PODS_ROOT}/Target Support Files/Pods-Pixpot/Pods-Pixpot-frameworks.sh\"\n";
			showEnvVarsInLog = 0;
		};
/* End PBXShellScriptBuildPhase section */

/* Begin PBXSourcesBuildPhase section */
		747321D72940ED4C008E7EB0 /* Sources */ = {
			isa = PBXSourcesBuildPhase;
			buildActionMask = 2147483647;
			files = (
				749EFA38297AB145005BA569 /* SecureStorage.swift in Sources */,
				E769AE5029747B9E009299F8 /* HTTPHeaders.swift in Sources */,
				7468D26E2946390B00674261 /* RoundedImageView.swift in Sources */,
				746C78AC296C0A3000D8DAA6 /* FooterSupplementaryView.swift in Sources */,
				749274C02978438300FE9F77 /* SheduleVC.swift in Sources */,
				84E58590294BCA050098C311 /* ProductBuyButton.swift in Sources */,
				74F8761B296E05C300A8328C /* CalendarViewController.swift in Sources */,
				84D6FFDE2950B1DA00405398 /* FilterBrandButton.swift in Sources */,
				E769AE4929747B39009299F8 /* Constants.swift in Sources */,
				74D5FFC129451CCF00029FF8 /* SelectCollectionViewCell.swift in Sources */,
				74D5FFC329451CF600029FF8 /* SearchCollectionViewCell.swift in Sources */,
				848A20302943894A001317C4 /* BasketEntitie.swift in Sources */,
				74D5FFCA29451D4900029FF8 /* HeaderSupplementaryView.swift in Sources */,
				747322142940FC5B008E7EB0 /* BaseCoordinator.swift in Sources */,
				744E0ED329701EFB0036F531 /* PermissionsViewController.swift in Sources */,
				744E0ED92970BFAF0036F531 /* CountryEntitie.swift in Sources */,
				749274B8297813CA00FE9F77 /* TrainCell.swift in Sources */,
				749460C72972C718008A0501 /* DeviceLocationService.swift in Sources */,
				740A61E72976F60700EBF72B /* LocalDataSevrice.swift in Sources */,
				746C78AE296C0A4900D8DAA6 /* ProductsCollectionViewCell.swift in Sources */,
				E769AE4C29747B84009299F8 /* URLRequestConvertible + URLConvertible.swift in Sources */,
				749274C229784F4400FE9F77 /* sheduleCustomCell.swift in Sources */,
				741DB46B2941DE5A00F9AC84 /* ProfileViewController.swift in Sources */,
				7432100029787F5500BB1563 /* DatePickerView.swift in Sources */,
				848A202E29438877001317C4 /* MainEntitie.swift in Sources */,
				747322122940FB02008E7EB0 /* Router.swift in Sources */,
				749274B42977F70200FE9F77 /* SheduleManager.swift in Sources */,
				746C78AA296C0A0600D8DAA6 /* HeaderCollectionViewCell.swift in Sources */,
				747322192941065A008E7EB0 /* CoordinatorFactory.swift in Sources */,
				746F3B2A2948E7BC002BC66D /* UIButtonRounded.swift in Sources */,
				746A2475294E61720090FA8F /* UIButtonFilter.swift in Sources */,
				745F4DD5294F91E0003FEA78 /* FilterView.swift in Sources */,
				749EFA3A297AB460005BA569 /* AppInfoService.swift in Sources */,
				E769AE612974892D009299F8 /* GeoFilter.swift in Sources */,
				74D5FFD129451DC200029FF8 /* MockData.swift in Sources */,
				E769AE7E297494C5009299F8 /* MainCategoryCoordinator.swift in Sources */,
				746F2E032975BA0F00A63F72 /* CalendarViewModel.swift in Sources */,
				74D5FFC729451D2B00029FF8 /* BestSellerCollectionViewCell.swift in Sources */,
				E769AE7D297494C5009299F8 /* MainCategoryController.swift in Sources */,
				E769AE5529747F5C009299F8 /* Endpoints.swift in Sources */,
				E769AE882974AAC8009299F8 /* AppLaunchWayViewController.swift in Sources */,
				E769AE862974A0A0009299F8 /* HelperEntitie.swift in Sources */,
				749274AF2977F24300FE9F77 /* Shedule+CoreDataProperties.swift in Sources */,
				7484A2EF29798156007DBF47 /* SavedIsEmptyView.swift in Sources */,
				7473222529411568008E7EB0 /* MainNavigationController.swift in Sources */,
				749274AE2977F24300FE9F77 /* Shedule+CoreDataClass.swift in Sources */,
				E769AE4729747AD4009299F8 /* NetworkSessionProvider.swift in Sources */,
				E769AE5D2974888D009299F8 /* GeoPlaces.swift in Sources */,
				E769AE5129747B9E009299F8 /* HTTPMethod.swift in Sources */,
				E769AE5F297488DB009299F8 /* GeoApiKey.swift in Sources */,
				749274AB2977F17C00FE9F77 /* PixpotCoreData.xcdatamodeld in Sources */,
				7495110429740D510032E79B /* UICollectionViewCell + Ext.swift in Sources */,
				7460E715294A191B00BE0637 /* String + Exct.swift in Sources */,
				749460CE297336B8008A0501 /* UDStorage.swift in Sources */,
				E769AE4B29747B82009299F8 /* ParameterEncoding.swift in Sources */,
				74D9A245294912C60003C24F /* UIContol + Publisher.swift in Sources */,
				E769AE4D29747B87009299F8 /* RestEndpoint.swift in Sources */,
				7417B058297B2B340033073E /* DevicePushService.swift in Sources */,
				848A2029294366EC001317C4 /* RequestBuilder.swift in Sources */,
				E769AE4429747975009299F8 /* Server.swift in Sources */,
				749274B62978120400FE9F77 /* MyTrainsViewController.swift in Sources */,
				8418E8F3294A5B6900D2E310 /* RoundedNavButton.swift in Sources */,
				7495110629743C020032E79B /* SportStadium.swift in Sources */,
				74951102297400ED0032E79B /* AskForPermissionView.swift in Sources */,
				749511002973FEF50032E79B /* calendarCustomCell.swift in Sources */,
				747321E32940ED4C008E7EB0 /* TabBarController.swift in Sources */,
				E769AE4E29747B99009299F8 /* URLRequest+.swift in Sources */,
				84D6FFB8294D06B100405398 /* RamControl.swift in Sources */,
				7473221B294106EE008E7EB0 /* AppCoordinator.swift in Sources */,
				740A61EB2977511600EBF72B /* ItemNotFoundView.swift in Sources */,
				E769AE8429749CD1009299F8 /* HelperService.swift in Sources */,
				74D9A243294912870003C24F /* Button + Publisher.swift in Sources */,
				E769AE4F29747B99009299F8 /* CharacterSet+.swift in Sources */,
				84D6FFBA294D19C100405398 /* HeartProdButton.swift in Sources */,
				E769AE7829748FF2009299F8 /* GeoProperties.swift in Sources */,
				84AB9ACF29510B6600D35F2D /* SizeButton.swift in Sources */,
				74D5FFC529451D1200029FF8 /* HotSalesCollectionViewCell.swift in Sources */,
				749274B22977F29300FE9F77 /* CoreDataProvider.swift in Sources */,
				E769AE7F297494C5009299F8 /* MainCategoryViewModel.swift in Sources */,
				749460D0297336F7008A0501 /* DefaultsManager.swift in Sources */,
				744E0ED52970BF1F0036F531 /* CountryService.swift in Sources */,
				741DB4692941DE4700F9AC84 /* ProfileCoordinator.swift in Sources */,
				E769AE4829747AD7009299F8 /* RestAuthInterceptor.swift in Sources */,
				84D6FFBC294E082F00405398 /* UIColorHex.swift in Sources */,
				749460CA2972D3AA008A0501 /* AskPermisionsVC.swift in Sources */,
				84AB9ACD2950F33300D35F2D /* FilterPriceButton.swift in Sources */,
				848A20512943AD31001317C4 /* DIContainer.swift in Sources */,
				E769AE4529747975009299F8 /* Scheme.swift in Sources */,
				848A2032294389C1001317C4 /* ProductEntitie.swift in Sources */,
				7473221D2941074A008E7EB0 /* TabBarCoordinator.swift in Sources */,
				E769AE80297494C5009299F8 /* MainCategoryView.swift in Sources */,
				747321DF2940ED4C008E7EB0 /* AppDelegate.swift in Sources */,
				7473222A294115E2008E7EB0 /* AppFonts.swift in Sources */,
				74F87619296E059400A8328C /* CalendarCoordinator.swift in Sources */,
				74F87616296D9F6300A8328C /* UICustomBar.swift in Sources */,
				74732228294115B0008E7EB0 /* AppColors.swift in Sources */,
				E769AE5A29748033009299F8 /* Servers.swift in Sources */,
				E769AE4629747AD1009299F8 /* NetworkProviderProtocol.swift in Sources */,
				749460D229733F43008A0501 /* 123.swift in Sources */,
				744E0EDB2970C6850036F531 /* AppLaunchWayViewModel.swift in Sources */,
				74F87612296D8AA000A8328C /* WKWebViewController.swift in Sources */,
				74732217294104B8008E7EB0 /* ModuleFactory.swift in Sources */,
				84E58593294C805F0098C311 /* DetailsControl.swift in Sources */,
				E769AE4A29747B58009299F8 /* NCRESTError.swift in Sources */,
				E769AE5229747B9E009299F8 /* AuthType.swift in Sources */,
				749EFA3E297AB58E005BA569 /* UserDefaults.swift in Sources */,
				84D6FFB6294CE1F100405398 /* ColorControl .swift in Sources */,
				E769AE8229749946009299F8 /* GeoService.swift in Sources */,
				747321E12940ED4C008E7EB0 /* SceneDelegate.swift in Sources */,
			);
			runOnlyForDeploymentPostprocessing = 0;
		};
		747321ED2940ED4E008E7EB0 /* Sources */ = {
			isa = PBXSourcesBuildPhase;
			buildActionMask = 2147483647;
			files = (
			);
			runOnlyForDeploymentPostprocessing = 0;
		};
		747321F72940ED4E008E7EB0 /* Sources */ = {
			isa = PBXSourcesBuildPhase;
			buildActionMask = 2147483647;
			files = (
			);
			runOnlyForDeploymentPostprocessing = 0;
		};
/* End PBXSourcesBuildPhase section */

/* Begin PBXTargetDependency section */
		747321F32940ED4E008E7EB0 /* PBXTargetDependency */ = {
			isa = PBXTargetDependency;
			target = 747321DA2940ED4C008E7EB0 /* Pixpot */;
			targetProxy = 747321F22940ED4E008E7EB0 /* PBXContainerItemProxy */;
		};
		747321FD2940ED4E008E7EB0 /* PBXTargetDependency */ = {
			isa = PBXTargetDependency;
			target = 747321DA2940ED4C008E7EB0 /* Pixpot */;
			targetProxy = 747321FC2940ED4E008E7EB0 /* PBXContainerItemProxy */;
		};
/* End PBXTargetDependency section */

/* Begin PBXVariantGroup section */
		747321E92940ED4E008E7EB0 /* LaunchScreen.storyboard */ = {
			isa = PBXVariantGroup;
			children = (
				747321EA2940ED4E008E7EB0 /* Base */,
			);
			name = LaunchScreen.storyboard;
			sourceTree = "<group>";
		};
/* End PBXVariantGroup section */

/* Begin XCBuildConfiguration section */
		747322032940ED4E008E7EB0 /* Debug */ = {
			isa = XCBuildConfiguration;
			buildSettings = {
				ALWAYS_SEARCH_USER_PATHS = NO;
				CLANG_ANALYZER_NONNULL = YES;
				CLANG_ANALYZER_NUMBER_OBJECT_CONVERSION = YES_AGGRESSIVE;
				CLANG_CXX_LANGUAGE_STANDARD = "gnu++20";
				CLANG_ENABLE_MODULES = YES;
				CLANG_ENABLE_OBJC_ARC = YES;
				CLANG_ENABLE_OBJC_WEAK = YES;
				CLANG_WARN_BLOCK_CAPTURE_AUTORELEASING = YES;
				CLANG_WARN_BOOL_CONVERSION = YES;
				CLANG_WARN_COMMA = YES;
				CLANG_WARN_CONSTANT_CONVERSION = YES;
				CLANG_WARN_DEPRECATED_OBJC_IMPLEMENTATIONS = YES;
				CLANG_WARN_DIRECT_OBJC_ISA_USAGE = YES_ERROR;
				CLANG_WARN_DOCUMENTATION_COMMENTS = YES;
				CLANG_WARN_EMPTY_BODY = YES;
				CLANG_WARN_ENUM_CONVERSION = YES;
				CLANG_WARN_INFINITE_RECURSION = YES;
				CLANG_WARN_INT_CONVERSION = YES;
				CLANG_WARN_NON_LITERAL_NULL_CONVERSION = YES;
				CLANG_WARN_OBJC_IMPLICIT_RETAIN_SELF = YES;
				CLANG_WARN_OBJC_LITERAL_CONVERSION = YES;
				CLANG_WARN_OBJC_ROOT_CLASS = YES_ERROR;
				CLANG_WARN_QUOTED_INCLUDE_IN_FRAMEWORK_HEADER = YES;
				CLANG_WARN_RANGE_LOOP_ANALYSIS = YES;
				CLANG_WARN_STRICT_PROTOTYPES = YES;
				CLANG_WARN_SUSPICIOUS_MOVE = YES;
				CLANG_WARN_UNGUARDED_AVAILABILITY = YES_AGGRESSIVE;
				CLANG_WARN_UNREACHABLE_CODE = YES;
				CLANG_WARN__DUPLICATE_METHOD_MATCH = YES;
				COPY_PHASE_STRIP = NO;
				DEBUG_INFORMATION_FORMAT = dwarf;
				ENABLE_STRICT_OBJC_MSGSEND = YES;
				ENABLE_TESTABILITY = YES;
				GCC_C_LANGUAGE_STANDARD = gnu11;
				GCC_DYNAMIC_NO_PIC = NO;
				GCC_NO_COMMON_BLOCKS = YES;
				GCC_OPTIMIZATION_LEVEL = 0;
				GCC_PREPROCESSOR_DEFINITIONS = (
					"DEBUG=1",
					"$(inherited)",
				);
				GCC_WARN_64_TO_32_BIT_CONVERSION = YES;
				GCC_WARN_ABOUT_RETURN_TYPE = YES_ERROR;
				GCC_WARN_UNDECLARED_SELECTOR = YES;
				GCC_WARN_UNINITIALIZED_AUTOS = YES_AGGRESSIVE;
				GCC_WARN_UNUSED_FUNCTION = YES;
				GCC_WARN_UNUSED_VARIABLE = YES;
				IPHONEOS_DEPLOYMENT_TARGET = 16.1;
				MTL_ENABLE_DEBUG_INFO = INCLUDE_SOURCE;
				MTL_FAST_MATH = YES;
				ONLY_ACTIVE_ARCH = YES;
				SDKROOT = iphoneos;
				SWIFT_ACTIVE_COMPILATION_CONDITIONS = DEBUG;
				SWIFT_OPTIMIZATION_LEVEL = "-Onone";
			};
			name = Debug;
		};
		747322042940ED4E008E7EB0 /* Release */ = {
			isa = XCBuildConfiguration;
			buildSettings = {
				ALWAYS_SEARCH_USER_PATHS = NO;
				CLANG_ANALYZER_NONNULL = YES;
				CLANG_ANALYZER_NUMBER_OBJECT_CONVERSION = YES_AGGRESSIVE;
				CLANG_CXX_LANGUAGE_STANDARD = "gnu++20";
				CLANG_ENABLE_MODULES = YES;
				CLANG_ENABLE_OBJC_ARC = YES;
				CLANG_ENABLE_OBJC_WEAK = YES;
				CLANG_WARN_BLOCK_CAPTURE_AUTORELEASING = YES;
				CLANG_WARN_BOOL_CONVERSION = YES;
				CLANG_WARN_COMMA = YES;
				CLANG_WARN_CONSTANT_CONVERSION = YES;
				CLANG_WARN_DEPRECATED_OBJC_IMPLEMENTATIONS = YES;
				CLANG_WARN_DIRECT_OBJC_ISA_USAGE = YES_ERROR;
				CLANG_WARN_DOCUMENTATION_COMMENTS = YES;
				CLANG_WARN_EMPTY_BODY = YES;
				CLANG_WARN_ENUM_CONVERSION = YES;
				CLANG_WARN_INFINITE_RECURSION = YES;
				CLANG_WARN_INT_CONVERSION = YES;
				CLANG_WARN_NON_LITERAL_NULL_CONVERSION = YES;
				CLANG_WARN_OBJC_IMPLICIT_RETAIN_SELF = YES;
				CLANG_WARN_OBJC_LITERAL_CONVERSION = YES;
				CLANG_WARN_OBJC_ROOT_CLASS = YES_ERROR;
				CLANG_WARN_QUOTED_INCLUDE_IN_FRAMEWORK_HEADER = YES;
				CLANG_WARN_RANGE_LOOP_ANALYSIS = YES;
				CLANG_WARN_STRICT_PROTOTYPES = YES;
				CLANG_WARN_SUSPICIOUS_MOVE = YES;
				CLANG_WARN_UNGUARDED_AVAILABILITY = YES_AGGRESSIVE;
				CLANG_WARN_UNREACHABLE_CODE = YES;
				CLANG_WARN__DUPLICATE_METHOD_MATCH = YES;
				COPY_PHASE_STRIP = NO;
				DEBUG_INFORMATION_FORMAT = "dwarf-with-dsym";
				ENABLE_NS_ASSERTIONS = NO;
				ENABLE_STRICT_OBJC_MSGSEND = YES;
				GCC_C_LANGUAGE_STANDARD = gnu11;
				GCC_NO_COMMON_BLOCKS = YES;
				GCC_WARN_64_TO_32_BIT_CONVERSION = YES;
				GCC_WARN_ABOUT_RETURN_TYPE = YES_ERROR;
				GCC_WARN_UNDECLARED_SELECTOR = YES;
				GCC_WARN_UNINITIALIZED_AUTOS = YES_AGGRESSIVE;
				GCC_WARN_UNUSED_FUNCTION = YES;
				GCC_WARN_UNUSED_VARIABLE = YES;
				IPHONEOS_DEPLOYMENT_TARGET = 16.1;
				MTL_ENABLE_DEBUG_INFO = NO;
				MTL_FAST_MATH = YES;
				SDKROOT = iphoneos;
				SWIFT_COMPILATION_MODE = wholemodule;
				SWIFT_OPTIMIZATION_LEVEL = "-O";
				VALIDATE_PRODUCT = YES;
			};
			name = Release;
		};
		747322062940ED4E008E7EB0 /* Debug */ = {
			isa = XCBuildConfiguration;
			baseConfigurationReference = 8EF260BF6BDD8F788F84B170 /* Pods-Pixpot.debug.xcconfig */;
			buildSettings = {
				ASSETCATALOG_COMPILER_APPICON_NAME = "AppIcon 2";
				ASSETCATALOG_COMPILER_GLOBAL_ACCENT_COLOR_NAME = AccentColor;
				CODE_SIGN_ENTITLEMENTS = Pixpot/Pixpot.entitlements;
				CODE_SIGN_STYLE = Automatic;
				CURRENT_PROJECT_VERSION = 1;
				DEVELOPMENT_TEAM = SW3B59K586;
				GENERATE_INFOPLIST_FILE = YES;
				INFOPLIST_FILE = Pixpot/Info.plist;
				INFOPLIST_KEY_NSLocationWhenInUseUsageDescription = "Please, allow us to track your location to find the most relevant sports facilities. ";
				INFOPLIST_KEY_UIApplicationSupportsIndirectInputEvents = YES;
				INFOPLIST_KEY_UILaunchStoryboardName = LaunchScreen;
				INFOPLIST_KEY_UISupportedInterfaceOrientations_iPad = "UIInterfaceOrientationPortrait UIInterfaceOrientationPortraitUpsideDown UIInterfaceOrientationLandscapeLeft UIInterfaceOrientationLandscapeRight";
				INFOPLIST_KEY_UISupportedInterfaceOrientations_iPhone = UIInterfaceOrientationPortrait;
				INFOPLIST_KEY_UIUserInterfaceStyle = Light;
				IPHONEOS_DEPLOYMENT_TARGET = 14.1;
				LD_RUNPATH_SEARCH_PATHS = (
					"$(inherited)",
					"@executable_path/Frameworks",
				);
				MARKETING_VERSION = 1.0;
				NEW_SETTING = "";
				PRODUCT_BUNDLE_IDENTIFIER = pixpot.com.Pixpot;
				PRODUCT_NAME = "$(TARGET_NAME)";
				SWIFT_EMIT_LOC_STRINGS = YES;
				SWIFT_VERSION = 5.0;
				TARGETED_DEVICE_FAMILY = "1,2";
			};
			name = Debug;
		};
		747322072940ED4E008E7EB0 /* Release */ = {
			isa = XCBuildConfiguration;
			baseConfigurationReference = B1F422AFF3EEBE8875433FB4 /* Pods-Pixpot.release.xcconfig */;
			buildSettings = {
				ASSETCATALOG_COMPILER_APPICON_NAME = "AppIcon 2";
				ASSETCATALOG_COMPILER_GLOBAL_ACCENT_COLOR_NAME = AccentColor;
				CODE_SIGN_ENTITLEMENTS = Pixpot/Pixpot.entitlements;
				CODE_SIGN_STYLE = Automatic;
				CURRENT_PROJECT_VERSION = 1;
				DEVELOPMENT_TEAM = SW3B59K586;
				GENERATE_INFOPLIST_FILE = YES;
				INFOPLIST_FILE = Pixpot/Info.plist;
				INFOPLIST_KEY_NSLocationWhenInUseUsageDescription = "Please, allow us to track your location to find the most relevant sports facilities. ";
				INFOPLIST_KEY_UIApplicationSupportsIndirectInputEvents = YES;
				INFOPLIST_KEY_UILaunchStoryboardName = LaunchScreen;
				INFOPLIST_KEY_UISupportedInterfaceOrientations_iPad = "UIInterfaceOrientationPortrait UIInterfaceOrientationPortraitUpsideDown UIInterfaceOrientationLandscapeLeft UIInterfaceOrientationLandscapeRight";
				INFOPLIST_KEY_UISupportedInterfaceOrientations_iPhone = UIInterfaceOrientationPortrait;
				INFOPLIST_KEY_UIUserInterfaceStyle = Light;
				IPHONEOS_DEPLOYMENT_TARGET = 14.1;
				LD_RUNPATH_SEARCH_PATHS = (
					"$(inherited)",
					"@executable_path/Frameworks",
				);
				MARKETING_VERSION = 1.0;
				NEW_SETTING = "";
				PRODUCT_BUNDLE_IDENTIFIER = pixpot.com.Pixpot;
				PRODUCT_NAME = "$(TARGET_NAME)";
				SWIFT_EMIT_LOC_STRINGS = YES;
				SWIFT_VERSION = 5.0;
				TARGETED_DEVICE_FAMILY = "1,2";
			};
			name = Release;
		};
		747322092940ED4E008E7EB0 /* Debug */ = {
			isa = XCBuildConfiguration;
			baseConfigurationReference = 9DE8D61C7A35472C37667DDE /* Pods-PixpotTests.debug.xcconfig */;
			buildSettings = {
				ALWAYS_EMBED_SWIFT_STANDARD_LIBRARIES = YES;
				BUNDLE_LOADER = "$(TEST_HOST)";
				CODE_SIGN_STYLE = Automatic;
				CURRENT_PROJECT_VERSION = 1;
				GENERATE_INFOPLIST_FILE = YES;
				IPHONEOS_DEPLOYMENT_TARGET = 16.1;
				MARKETING_VERSION = 1.0;
				PRODUCT_BUNDLE_IDENTIFIER = "-23213.TaskEffectiveMobileTests";
				PRODUCT_NAME = "$(TARGET_NAME)";
				SWIFT_EMIT_LOC_STRINGS = NO;
				SWIFT_VERSION = 5.0;
				TARGETED_DEVICE_FAMILY = "1,2";
				TEST_HOST = "$(BUILT_PRODUCTS_DIR)/Pixpot.app/$(BUNDLE_EXECUTABLE_FOLDER_PATH)/Pixpot";
			};
			name = Debug;
		};
		7473220A2940ED4E008E7EB0 /* Release */ = {
			isa = XCBuildConfiguration;
			baseConfigurationReference = 7248F0892BEA4D3574ECC576 /* Pods-PixpotTests.release.xcconfig */;
			buildSettings = {
				ALWAYS_EMBED_SWIFT_STANDARD_LIBRARIES = YES;
				BUNDLE_LOADER = "$(TEST_HOST)";
				CODE_SIGN_STYLE = Automatic;
				CURRENT_PROJECT_VERSION = 1;
				GENERATE_INFOPLIST_FILE = YES;
				IPHONEOS_DEPLOYMENT_TARGET = 16.1;
				MARKETING_VERSION = 1.0;
				PRODUCT_BUNDLE_IDENTIFIER = "-23213.TaskEffectiveMobileTests";
				PRODUCT_NAME = "$(TARGET_NAME)";
				SWIFT_EMIT_LOC_STRINGS = NO;
				SWIFT_VERSION = 5.0;
				TARGETED_DEVICE_FAMILY = "1,2";
				TEST_HOST = "$(BUILT_PRODUCTS_DIR)/Pixpot.app/$(BUNDLE_EXECUTABLE_FOLDER_PATH)/Pixpot";
			};
			name = Release;
		};
		7473220C2940ED4E008E7EB0 /* Debug */ = {
			isa = XCBuildConfiguration;
			baseConfigurationReference = 45C063F16B354E2AF880E7D0 /* Pods-Pixpot-PixpotUITests.debug.xcconfig */;
			buildSettings = {
				ALWAYS_EMBED_SWIFT_STANDARD_LIBRARIES = YES;
				CODE_SIGN_STYLE = Automatic;
				CURRENT_PROJECT_VERSION = 1;
				GENERATE_INFOPLIST_FILE = YES;
				MARKETING_VERSION = 1.0;
				PRODUCT_BUNDLE_IDENTIFIER = "-23213.TaskEffectiveMobileUITests";
				PRODUCT_NAME = "$(TARGET_NAME)";
				SWIFT_EMIT_LOC_STRINGS = NO;
				SWIFT_VERSION = 5.0;
				TARGETED_DEVICE_FAMILY = "1,2";
				TEST_TARGET_NAME = TaskEffectiveMobile;
			};
			name = Debug;
		};
		7473220D2940ED4E008E7EB0 /* Release */ = {
			isa = XCBuildConfiguration;
			baseConfigurationReference = 012A0FD761E81856131ABDAE /* Pods-Pixpot-PixpotUITests.release.xcconfig */;
			buildSettings = {
				ALWAYS_EMBED_SWIFT_STANDARD_LIBRARIES = YES;
				CODE_SIGN_STYLE = Automatic;
				CURRENT_PROJECT_VERSION = 1;
				GENERATE_INFOPLIST_FILE = YES;
				MARKETING_VERSION = 1.0;
				PRODUCT_BUNDLE_IDENTIFIER = "-23213.TaskEffectiveMobileUITests";
				PRODUCT_NAME = "$(TARGET_NAME)";
				SWIFT_EMIT_LOC_STRINGS = NO;
				SWIFT_VERSION = 5.0;
				TARGETED_DEVICE_FAMILY = "1,2";
				TEST_TARGET_NAME = TaskEffectiveMobile;
			};
			name = Release;
		};
/* End XCBuildConfiguration section */

/* Begin XCConfigurationList section */
		747321D62940ED4C008E7EB0 /* Build configuration list for PBXProject "Pixpot" */ = {
			isa = XCConfigurationList;
			buildConfigurations = (
				747322032940ED4E008E7EB0 /* Debug */,
				747322042940ED4E008E7EB0 /* Release */,
			);
			defaultConfigurationIsVisible = 0;
			defaultConfigurationName = Release;
		};
		747322052940ED4E008E7EB0 /* Build configuration list for PBXNativeTarget "Pixpot" */ = {
			isa = XCConfigurationList;
			buildConfigurations = (
				747322062940ED4E008E7EB0 /* Debug */,
				747322072940ED4E008E7EB0 /* Release */,
			);
			defaultConfigurationIsVisible = 0;
			defaultConfigurationName = Release;
		};
		747322082940ED4E008E7EB0 /* Build configuration list for PBXNativeTarget "PixpotTests" */ = {
			isa = XCConfigurationList;
			buildConfigurations = (
				747322092940ED4E008E7EB0 /* Debug */,
				7473220A2940ED4E008E7EB0 /* Release */,
			);
			defaultConfigurationIsVisible = 0;
			defaultConfigurationName = Release;
		};
		7473220B2940ED4E008E7EB0 /* Build configuration list for PBXNativeTarget "PixpotUITests" */ = {
			isa = XCConfigurationList;
			buildConfigurations = (
				7473220C2940ED4E008E7EB0 /* Debug */,
				7473220D2940ED4E008E7EB0 /* Release */,
			);
			defaultConfigurationIsVisible = 0;
			defaultConfigurationName = Release;
		};
/* End XCConfigurationList section */

/* Begin XCRemoteSwiftPackageReference section */
		741DB46C2942367500F9AC84 /* XCRemoteSwiftPackageReference "SnapKit" */ = {
			isa = XCRemoteSwiftPackageReference;
			repositoryURL = "https://github.com/SnapKit/SnapKit";
			requirement = {
				branch = develop;
				kind = branch;
			};
		};
		848A203E29438E89001317C4 /* XCRemoteSwiftPackageReference "SDWebImage" */ = {
			isa = XCRemoteSwiftPackageReference;
			repositoryURL = "https://github.com/SDWebImage/SDWebImage";
			requirement = {
				branch = master;
				kind = branch;
			};
		};
		E769AE7429748ED3009299F8 /* XCRemoteSwiftPackageReference "CodableGeoJSON" */ = {
			isa = XCRemoteSwiftPackageReference;
			repositoryURL = "https://github.com/guykogus/CodableGeoJSON";
			requirement = {
				kind = upToNextMajorVersion;
				minimumVersion = 2.0.0;
			};
		};
/* End XCRemoteSwiftPackageReference section */

/* Begin XCSwiftPackageProductDependency section */
		741DB46D2942367500F9AC84 /* SnapKit */ = {
			isa = XCSwiftPackageProductDependency;
			package = 741DB46C2942367500F9AC84 /* XCRemoteSwiftPackageReference "SnapKit" */;
			productName = SnapKit;
		};
		848A203F29438E89001317C4 /* SDWebImage */ = {
			isa = XCSwiftPackageProductDependency;
			package = 848A203E29438E89001317C4 /* XCRemoteSwiftPackageReference "SDWebImage" */;
			productName = SDWebImage;
		};
		E769AE7529748ED3009299F8 /* CodableGeoJSON */ = {
			isa = XCSwiftPackageProductDependency;
			package = E769AE7429748ED3009299F8 /* XCRemoteSwiftPackageReference "CodableGeoJSON" */;
			productName = CodableGeoJSON;
		};
/* End XCSwiftPackageProductDependency section */

/* Begin XCVersionGroup section */
		749274A92977F17C00FE9F77 /* PixpotCoreData.xcdatamodeld */ = {
			isa = XCVersionGroup;
			children = (
				749274AA2977F17C00FE9F77 /* PixpotCoreData.xcdatamodel */,
			);
			currentVersion = 749274AA2977F17C00FE9F77 /* PixpotCoreData.xcdatamodel */;
			path = PixpotCoreData.xcdatamodeld;
			sourceTree = "<group>";
			versionGroupType = wrapper.xcdatamodel;
		};
/* End XCVersionGroup section */
	};
	rootObject = 747321D32940ED4C008E7EB0 /* Project object */;
}
