// !$*UTF8*$!
{
	archiveVersion = 1;
	classes = {
	};
	objectVersion = 56;
	objects = {

/* Begin PBXBuildFile section */
		74139E0A294360A70002DC0F /* ApiClient.swift in Sources */ = {isa = PBXBuildFile; fileRef = 74139E09294360A70002DC0F /* ApiClient.swift */; };
		741DB4602941D3BC00F9AC84 /* FavoriteViewController.swift in Sources */ = {isa = PBXBuildFile; fileRef = 741DB45F2941D3BC00F9AC84 /* FavoriteViewController.swift */; };
		741DB4622941D3CB00F9AC84 /* FavoriteCoordinator.swift in Sources */ = {isa = PBXBuildFile; fileRef = 741DB4612941D3CB00F9AC84 /* FavoriteCoordinator.swift */; };
		741DB4642941D3E900F9AC84 /* BusketViewController.swift in Sources */ = {isa = PBXBuildFile; fileRef = 741DB4632941D3E900F9AC84 /* BusketViewController.swift */; };
		741DB4662941D3F800F9AC84 /* BusketCoordinator.swift in Sources */ = {isa = PBXBuildFile; fileRef = 741DB4652941D3F800F9AC84 /* BusketCoordinator.swift */; };
		741DB4692941DE4700F9AC84 /* ProfileCoordinator.swift in Sources */ = {isa = PBXBuildFile; fileRef = 741DB4682941DE4700F9AC84 /* ProfileCoordinator.swift */; };
		741DB46B2941DE5A00F9AC84 /* ProfileViewController.swift in Sources */ = {isa = PBXBuildFile; fileRef = 741DB46A2941DE5A00F9AC84 /* ProfileViewController.swift */; };
		741DB46E2942367500F9AC84 /* SnapKit in Frameworks */ = {isa = PBXBuildFile; productRef = 741DB46D2942367500F9AC84 /* SnapKit */; };
		745F4DD5294F91E0003FEA78 /* FilterView.swift in Sources */ = {isa = PBXBuildFile; fileRef = 745F4DD4294F91E0003FEA78 /* FilterView.swift */; };
		7460E715294A191B00BE0637 /* String + Exct.swift in Sources */ = {isa = PBXBuildFile; fileRef = 7460E714294A191B00BE0637 /* String + Exct.swift */; };
		7460E717294A1C1C00BE0637 /* MainModel.swift in Sources */ = {isa = PBXBuildFile; fileRef = 7460E716294A1C1C00BE0637 /* MainModel.swift */; };
		7460E719294A21C400BE0637 /* MainView.swift in Sources */ = {isa = PBXBuildFile; fileRef = 7460E718294A21C400BE0637 /* MainView.swift */; };
		7468D26E2946390B00674261 /* RoundedImageView.swift in Sources */ = {isa = PBXBuildFile; fileRef = 7468D26D2946390B00674261 /* RoundedImageView.swift */; };
		746A2475294E61720090FA8F /* UIButtonFilter.swift in Sources */ = {isa = PBXBuildFile; fileRef = 746A2474294E61720090FA8F /* UIButtonFilter.swift */; };
		746F3B2A2948E7BC002BC66D /* UIButtonRounded.swift in Sources */ = {isa = PBXBuildFile; fileRef = 746F3B292948E7BC002BC66D /* UIButtonRounded.swift */; };
		747321DF2940ED4C008E7EB0 /* AppDelegate.swift in Sources */ = {isa = PBXBuildFile; fileRef = 747321DE2940ED4C008E7EB0 /* AppDelegate.swift */; };
		747321E12940ED4C008E7EB0 /* SceneDelegate.swift in Sources */ = {isa = PBXBuildFile; fileRef = 747321E02940ED4C008E7EB0 /* SceneDelegate.swift */; };
		747321E32940ED4C008E7EB0 /* TabBarController.swift in Sources */ = {isa = PBXBuildFile; fileRef = 747321E22940ED4C008E7EB0 /* TabBarController.swift */; };
		747321E82940ED4E008E7EB0 /* Assets.xcassets in Resources */ = {isa = PBXBuildFile; fileRef = 747321E72940ED4E008E7EB0 /* Assets.xcassets */; };
		747321EB2940ED4E008E7EB0 /* LaunchScreen.storyboard in Resources */ = {isa = PBXBuildFile; fileRef = 747321E92940ED4E008E7EB0 /* LaunchScreen.storyboard */; };
		747322122940FB02008E7EB0 /* Router.swift in Sources */ = {isa = PBXBuildFile; fileRef = 747322112940FB02008E7EB0 /* Router.swift */; };
		747322142940FC5B008E7EB0 /* BaseCoordinator.swift in Sources */ = {isa = PBXBuildFile; fileRef = 747322132940FC5B008E7EB0 /* BaseCoordinator.swift */; };
		74732217294104B8008E7EB0 /* ModuleFactory.swift in Sources */ = {isa = PBXBuildFile; fileRef = 74732216294104B8008E7EB0 /* ModuleFactory.swift */; };
		747322192941065A008E7EB0 /* CoordinatorFactory.swift in Sources */ = {isa = PBXBuildFile; fileRef = 747322182941065A008E7EB0 /* CoordinatorFactory.swift */; };
		7473221B294106EE008E7EB0 /* AppCoordinator.swift in Sources */ = {isa = PBXBuildFile; fileRef = 7473221A294106EE008E7EB0 /* AppCoordinator.swift */; };
		7473221D2941074A008E7EB0 /* TabBarCoordinator.swift in Sources */ = {isa = PBXBuildFile; fileRef = 7473221C2941074A008E7EB0 /* TabBarCoordinator.swift */; };
		74732221294108C4008E7EB0 /* MainViewController.swift in Sources */ = {isa = PBXBuildFile; fileRef = 74732220294108C4008E7EB0 /* MainViewController.swift */; };
		7473222529411568008E7EB0 /* MainNavigationController.swift in Sources */ = {isa = PBXBuildFile; fileRef = 7473222429411568008E7EB0 /* MainNavigationController.swift */; };
		74732228294115B0008E7EB0 /* AppColors.swift in Sources */ = {isa = PBXBuildFile; fileRef = 74732227294115B0008E7EB0 /* AppColors.swift */; };
		7473222A294115E2008E7EB0 /* AppFonts.swift in Sources */ = {isa = PBXBuildFile; fileRef = 74732229294115E2008E7EB0 /* AppFonts.swift */; };
		7473222C294139C1008E7EB0 /* MainViewCoordinator.swift in Sources */ = {isa = PBXBuildFile; fileRef = 7473222B294139C1008E7EB0 /* MainViewCoordinator.swift */; };
		74D5FFC129451CCF00029FF8 /* SelectCollectionViewCell.swift in Sources */ = {isa = PBXBuildFile; fileRef = 74D5FFC029451CCF00029FF8 /* SelectCollectionViewCell.swift */; };
		74D5FFC329451CF600029FF8 /* SearchCollectionViewCell.swift in Sources */ = {isa = PBXBuildFile; fileRef = 74D5FFC229451CF600029FF8 /* SearchCollectionViewCell.swift */; };
		74D5FFC529451D1200029FF8 /* HotSalesCollectionViewCell.swift in Sources */ = {isa = PBXBuildFile; fileRef = 74D5FFC429451D1200029FF8 /* HotSalesCollectionViewCell.swift */; };
		74D5FFC729451D2B00029FF8 /* BestSellerCollectionViewCell.swift in Sources */ = {isa = PBXBuildFile; fileRef = 74D5FFC629451D2B00029FF8 /* BestSellerCollectionViewCell.swift */; };
		74D5FFCA29451D4900029FF8 /* HeaderSupplementaryView.swift in Sources */ = {isa = PBXBuildFile; fileRef = 74D5FFC929451D4900029FF8 /* HeaderSupplementaryView.swift */; };
		74D5FFCD29451D9700029FF8 /* ListItem.swift in Sources */ = {isa = PBXBuildFile; fileRef = 74D5FFCC29451D9700029FF8 /* ListItem.swift */; };
		74D5FFCF29451DAD00029FF8 /* ListSection.swift in Sources */ = {isa = PBXBuildFile; fileRef = 74D5FFCE29451DAD00029FF8 /* ListSection.swift */; };
		74D5FFD129451DC200029FF8 /* MockData.swift in Sources */ = {isa = PBXBuildFile; fileRef = 74D5FFD029451DC200029FF8 /* MockData.swift */; };
		74D9A243294912870003C24F /* Button + Publisher.swift in Sources */ = {isa = PBXBuildFile; fileRef = 74D9A242294912870003C24F /* Button + Publisher.swift */; };
		74D9A245294912C60003C24F /* UIContol + Publisher.swift in Sources */ = {isa = PBXBuildFile; fileRef = 74D9A244294912C60003C24F /* UIContol + Publisher.swift */; };
		8418E8F1294A4CB800D2E310 /* MarkPro-Heavy.ttf in Resources */ = {isa = PBXBuildFile; fileRef = 8418E8F0294A4CB800D2E310 /* MarkPro-Heavy.ttf */; };
		8418E8F3294A5B6900D2E310 /* RoundedNavButton.swift in Sources */ = {isa = PBXBuildFile; fileRef = 8418E8F2294A5B6900D2E310 /* RoundedNavButton.swift */; };
		848A2029294366EC001317C4 /* RequestBuilder.swift in Sources */ = {isa = PBXBuildFile; fileRef = 848A2028294366EC001317C4 /* RequestBuilder.swift */; };
		848A202B294369FC001317C4 /* BasketApiClient.swift in Sources */ = {isa = PBXBuildFile; fileRef = 848A202A294369FC001317C4 /* BasketApiClient.swift */; };
		848A202E29438877001317C4 /* MainEntitie.swift in Sources */ = {isa = PBXBuildFile; fileRef = 848A202D29438877001317C4 /* MainEntitie.swift */; };
		848A20302943894A001317C4 /* BasketEntitie.swift in Sources */ = {isa = PBXBuildFile; fileRef = 848A202F2943894A001317C4 /* BasketEntitie.swift */; };
		848A2032294389C1001317C4 /* ProductEntitie.swift in Sources */ = {isa = PBXBuildFile; fileRef = 848A2031294389C1001317C4 /* ProductEntitie.swift */; };
		848A203429438B36001317C4 /* ProductApiClient.swift in Sources */ = {isa = PBXBuildFile; fileRef = 848A203329438B36001317C4 /* ProductApiClient.swift */; };
		848A203629438BE8001317C4 /* MainApiClient.swift in Sources */ = {isa = PBXBuildFile; fileRef = 848A203529438BE8001317C4 /* MainApiClient.swift */; };
		848A203929438D26001317C4 /* BasketService.swift in Sources */ = {isa = PBXBuildFile; fileRef = 848A203829438D26001317C4 /* BasketService.swift */; };
		848A203B29438D34001317C4 /* MainService.swift in Sources */ = {isa = PBXBuildFile; fileRef = 848A203A29438D34001317C4 /* MainService.swift */; };
		848A203D29438D47001317C4 /* ProductService.swift in Sources */ = {isa = PBXBuildFile; fileRef = 848A203C29438D47001317C4 /* ProductService.swift */; };
		848A204029438E89001317C4 /* SDWebImage in Frameworks */ = {isa = PBXBuildFile; productRef = 848A203F29438E89001317C4 /* SDWebImage */; };
		848A20462943AA1C001317C4 /* MarkPro-Regular.ttf in Resources */ = {isa = PBXBuildFile; fileRef = 848A20422943AA1C001317C4 /* MarkPro-Regular.ttf */; };
		848A20472943AA1C001317C4 /* MarkPro-Bold.ttf in Resources */ = {isa = PBXBuildFile; fileRef = 848A20432943AA1C001317C4 /* MarkPro-Bold.ttf */; };
		848A20482943AA1C001317C4 /* MarkPro-Medium.ttf in Resources */ = {isa = PBXBuildFile; fileRef = 848A20442943AA1C001317C4 /* MarkPro-Medium.ttf */; };
		848A204C2943AB1A001317C4 /* BusketView.swift in Sources */ = {isa = PBXBuildFile; fileRef = 848A204B2943AB1A001317C4 /* BusketView.swift */; };
		848A204E2943AB25001317C4 /* BusketViewModel.swift in Sources */ = {isa = PBXBuildFile; fileRef = 848A204D2943AB25001317C4 /* BusketViewModel.swift */; };
		848A20512943AD31001317C4 /* DIContainer.swift in Sources */ = {isa = PBXBuildFile; fileRef = 848A20502943AD30001317C4 /* DIContainer.swift */; };
		848A20562943D281001317C4 /* TableViewCell.swift in Sources */ = {isa = PBXBuildFile; fileRef = 848A20552943D281001317C4 /* TableViewCell.swift */; };
		84AB9ACD2950F33300D35F2D /* FilterPriceButton.swift in Sources */ = {isa = PBXBuildFile; fileRef = 84AB9ACC2950F33300D35F2D /* FilterPriceButton.swift */; };
		84AB9ACF29510B6600D35F2D /* SizeButton.swift in Sources */ = {isa = PBXBuildFile; fileRef = 84AB9ACE29510B6600D35F2D /* SizeButton.swift */; };
		84D5F91C294A6C4900392899 /* ProductViewController.swift in Sources */ = {isa = PBXBuildFile; fileRef = 84D5F91B294A6C4900392899 /* ProductViewController.swift */; };
		84D5F91E294A6CBD00392899 /* ProductViewModel.swift in Sources */ = {isa = PBXBuildFile; fileRef = 84D5F91D294A6CBD00392899 /* ProductViewModel.swift */; };
		84D5F920294A6D3E00392899 /* ProductView.swift in Sources */ = {isa = PBXBuildFile; fileRef = 84D5F91F294A6D3E00392899 /* ProductView.swift */; };
		84D5F922294A7C2100392899 /* ProductCollectionViewCell.swift in Sources */ = {isa = PBXBuildFile; fileRef = 84D5F921294A7C2100392899 /* ProductCollectionViewCell.swift */; };
		84D6FFB6294CE1F100405398 /* ColorControl .swift in Sources */ = {isa = PBXBuildFile; fileRef = 84D6FFB5294CE1F100405398 /* ColorControl .swift */; };
		84D6FFB8294D06B100405398 /* RamControl.swift in Sources */ = {isa = PBXBuildFile; fileRef = 84D6FFB7294D06B100405398 /* RamControl.swift */; };
		84D6FFBA294D19C100405398 /* HeartProdButton.swift in Sources */ = {isa = PBXBuildFile; fileRef = 84D6FFB9294D19C100405398 /* HeartProdButton.swift */; };
		84D6FFBC294E082F00405398 /* UIColorHex.swift in Sources */ = {isa = PBXBuildFile; fileRef = 84D6FFBB294E082F00405398 /* UIColorHex.swift */; };
		84D6FFDE2950B1DA00405398 /* FilterBrandButton.swift in Sources */ = {isa = PBXBuildFile; fileRef = 84D6FFDD2950B1DA00405398 /* FilterBrandButton.swift */; };
		84E5858E294B95880098C311 /* ProductInfoView.swift in Sources */ = {isa = PBXBuildFile; fileRef = 84E5858D294B95880098C311 /* ProductInfoView.swift */; };
		84E58590294BCA050098C311 /* ProductBuyButton.swift in Sources */ = {isa = PBXBuildFile; fileRef = 84E5858F294BCA050098C311 /* ProductBuyButton.swift */; };
		84E58593294C805F0098C311 /* DetailsControl.swift in Sources */ = {isa = PBXBuildFile; fileRef = 84E58592294C805F0098C311 /* DetailsControl.swift */; };
		84F1FC2529450DD800FFF63E /* QuantityButton.swift in Sources */ = {isa = PBXBuildFile; fileRef = 84F1FC2429450DD800FFF63E /* QuantityButton.swift */; };
		84F1FC29294601FF00FFF63E /* CustomBasketTable.swift in Sources */ = {isa = PBXBuildFile; fileRef = 84F1FC28294601FF00FFF63E /* CustomBasketTable.swift */; };
/* End PBXBuildFile section */

/* Begin PBXContainerItemProxy section */
		747321F22940ED4E008E7EB0 /* PBXContainerItemProxy */ = {
			isa = PBXContainerItemProxy;
			containerPortal = 747321D32940ED4C008E7EB0 /* Project object */;
			proxyType = 1;
			remoteGlobalIDString = 747321DA2940ED4C008E7EB0;
			remoteInfo = TaskEffectiveMobile;
		};
		747321FC2940ED4E008E7EB0 /* PBXContainerItemProxy */ = {
			isa = PBXContainerItemProxy;
			containerPortal = 747321D32940ED4C008E7EB0 /* Project object */;
			proxyType = 1;
			remoteGlobalIDString = 747321DA2940ED4C008E7EB0;
			remoteInfo = TaskEffectiveMobile;
		};
/* End PBXContainerItemProxy section */

/* Begin PBXFileReference section */
		74139E09294360A70002DC0F /* ApiClient.swift */ = {isa = PBXFileReference; lastKnownFileType = sourcecode.swift; path = ApiClient.swift; sourceTree = "<group>"; };
		741DB45F2941D3BC00F9AC84 /* FavoriteViewController.swift */ = {isa = PBXFileReference; lastKnownFileType = sourcecode.swift; path = FavoriteViewController.swift; sourceTree = "<group>"; };
		741DB4612941D3CB00F9AC84 /* FavoriteCoordinator.swift */ = {isa = PBXFileReference; lastKnownFileType = sourcecode.swift; path = FavoriteCoordinator.swift; sourceTree = "<group>"; };
		741DB4632941D3E900F9AC84 /* BusketViewController.swift */ = {isa = PBXFileReference; lastKnownFileType = sourcecode.swift; path = BusketViewController.swift; sourceTree = "<group>"; };
		741DB4652941D3F800F9AC84 /* BusketCoordinator.swift */ = {isa = PBXFileReference; lastKnownFileType = sourcecode.swift; path = BusketCoordinator.swift; sourceTree = "<group>"; };
		741DB4682941DE4700F9AC84 /* ProfileCoordinator.swift */ = {isa = PBXFileReference; lastKnownFileType = sourcecode.swift; path = ProfileCoordinator.swift; sourceTree = "<group>"; };
		741DB46A2941DE5A00F9AC84 /* ProfileViewController.swift */ = {isa = PBXFileReference; lastKnownFileType = sourcecode.swift; path = ProfileViewController.swift; sourceTree = "<group>"; };
		745F4DD4294F91E0003FEA78 /* FilterView.swift */ = {isa = PBXFileReference; lastKnownFileType = sourcecode.swift; path = FilterView.swift; sourceTree = "<group>"; };
		7460E714294A191B00BE0637 /* String + Exct.swift */ = {isa = PBXFileReference; lastKnownFileType = sourcecode.swift; path = "String + Exct.swift"; sourceTree = "<group>"; };
		7460E716294A1C1C00BE0637 /* MainModel.swift */ = {isa = PBXFileReference; lastKnownFileType = sourcecode.swift; path = MainModel.swift; sourceTree = "<group>"; };
		7460E718294A21C400BE0637 /* MainView.swift */ = {isa = PBXFileReference; lastKnownFileType = sourcecode.swift; path = MainView.swift; sourceTree = "<group>"; };
		7468D26D2946390B00674261 /* RoundedImageView.swift */ = {isa = PBXFileReference; lastKnownFileType = sourcecode.swift; path = RoundedImageView.swift; sourceTree = "<group>"; };
		746A2474294E61720090FA8F /* UIButtonFilter.swift */ = {isa = PBXFileReference; lastKnownFileType = sourcecode.swift; path = UIButtonFilter.swift; sourceTree = "<group>"; };
		746F3B292948E7BC002BC66D /* UIButtonRounded.swift */ = {isa = PBXFileReference; lastKnownFileType = sourcecode.swift; path = UIButtonRounded.swift; sourceTree = "<group>"; };
		747321DB2940ED4C008E7EB0 /* TaskEffectiveMobile.app */ = {isa = PBXFileReference; explicitFileType = wrapper.application; includeInIndex = 0; path = TaskEffectiveMobile.app; sourceTree = BUILT_PRODUCTS_DIR; };
		747321DE2940ED4C008E7EB0 /* AppDelegate.swift */ = {isa = PBXFileReference; lastKnownFileType = sourcecode.swift; path = AppDelegate.swift; sourceTree = "<group>"; };
		747321E02940ED4C008E7EB0 /* SceneDelegate.swift */ = {isa = PBXFileReference; lastKnownFileType = sourcecode.swift; path = SceneDelegate.swift; sourceTree = "<group>"; };
		747321E22940ED4C008E7EB0 /* TabBarController.swift */ = {isa = PBXFileReference; lastKnownFileType = sourcecode.swift; path = TabBarController.swift; sourceTree = "<group>"; };
		747321E72940ED4E008E7EB0 /* Assets.xcassets */ = {isa = PBXFileReference; lastKnownFileType = folder.assetcatalog; path = Assets.xcassets; sourceTree = "<group>"; };
		747321EA2940ED4E008E7EB0 /* Base */ = {isa = PBXFileReference; lastKnownFileType = file.storyboard; name = Base; path = Base.lproj/LaunchScreen.storyboard; sourceTree = "<group>"; };
		747321EC2940ED4E008E7EB0 /* Info.plist */ = {isa = PBXFileReference; lastKnownFileType = text.plist.xml; path = Info.plist; sourceTree = "<group>"; };
		747321F12940ED4E008E7EB0 /* TaskEffectiveMobileTests.xctest */ = {isa = PBXFileReference; explicitFileType = wrapper.cfbundle; includeInIndex = 0; path = TaskEffectiveMobileTests.xctest; sourceTree = BUILT_PRODUCTS_DIR; };
		747321FB2940ED4E008E7EB0 /* TaskEffectiveMobileUITests.xctest */ = {isa = PBXFileReference; explicitFileType = wrapper.cfbundle; includeInIndex = 0; path = TaskEffectiveMobileUITests.xctest; sourceTree = BUILT_PRODUCTS_DIR; };
		747322112940FB02008E7EB0 /* Router.swift */ = {isa = PBXFileReference; lastKnownFileType = sourcecode.swift; path = Router.swift; sourceTree = "<group>"; };
		747322132940FC5B008E7EB0 /* BaseCoordinator.swift */ = {isa = PBXFileReference; lastKnownFileType = sourcecode.swift; path = BaseCoordinator.swift; sourceTree = "<group>"; };
		74732216294104B8008E7EB0 /* ModuleFactory.swift */ = {isa = PBXFileReference; lastKnownFileType = sourcecode.swift; path = ModuleFactory.swift; sourceTree = "<group>"; };
		747322182941065A008E7EB0 /* CoordinatorFactory.swift */ = {isa = PBXFileReference; lastKnownFileType = sourcecode.swift; path = CoordinatorFactory.swift; sourceTree = "<group>"; };
		7473221A294106EE008E7EB0 /* AppCoordinator.swift */ = {isa = PBXFileReference; lastKnownFileType = sourcecode.swift; path = AppCoordinator.swift; sourceTree = "<group>"; };
		7473221C2941074A008E7EB0 /* TabBarCoordinator.swift */ = {isa = PBXFileReference; lastKnownFileType = sourcecode.swift; path = TabBarCoordinator.swift; sourceTree = "<group>"; };
		74732220294108C4008E7EB0 /* MainViewController.swift */ = {isa = PBXFileReference; lastKnownFileType = sourcecode.swift; path = MainViewController.swift; sourceTree = "<group>"; };
		7473222429411568008E7EB0 /* MainNavigationController.swift */ = {isa = PBXFileReference; lastKnownFileType = sourcecode.swift; path = MainNavigationController.swift; sourceTree = "<group>"; };
		74732227294115B0008E7EB0 /* AppColors.swift */ = {isa = PBXFileReference; lastKnownFileType = sourcecode.swift; path = AppColors.swift; sourceTree = "<group>"; };
		74732229294115E2008E7EB0 /* AppFonts.swift */ = {isa = PBXFileReference; lastKnownFileType = sourcecode.swift; path = AppFonts.swift; sourceTree = "<group>"; };
		7473222B294139C1008E7EB0 /* MainViewCoordinator.swift */ = {isa = PBXFileReference; lastKnownFileType = sourcecode.swift; path = MainViewCoordinator.swift; sourceTree = "<group>"; };
		74D5FFC029451CCF00029FF8 /* SelectCollectionViewCell.swift */ = {isa = PBXFileReference; lastKnownFileType = sourcecode.swift; path = SelectCollectionViewCell.swift; sourceTree = "<group>"; };
		74D5FFC229451CF600029FF8 /* SearchCollectionViewCell.swift */ = {isa = PBXFileReference; lastKnownFileType = sourcecode.swift; path = SearchCollectionViewCell.swift; sourceTree = "<group>"; };
		74D5FFC429451D1200029FF8 /* HotSalesCollectionViewCell.swift */ = {isa = PBXFileReference; lastKnownFileType = sourcecode.swift; path = HotSalesCollectionViewCell.swift; sourceTree = "<group>"; };
		74D5FFC629451D2B00029FF8 /* BestSellerCollectionViewCell.swift */ = {isa = PBXFileReference; lastKnownFileType = sourcecode.swift; path = BestSellerCollectionViewCell.swift; sourceTree = "<group>"; };
		74D5FFC929451D4900029FF8 /* HeaderSupplementaryView.swift */ = {isa = PBXFileReference; lastKnownFileType = sourcecode.swift; path = HeaderSupplementaryView.swift; sourceTree = "<group>"; };
		74D5FFCC29451D9700029FF8 /* ListItem.swift */ = {isa = PBXFileReference; lastKnownFileType = sourcecode.swift; path = ListItem.swift; sourceTree = "<group>"; };
		74D5FFCE29451DAD00029FF8 /* ListSection.swift */ = {isa = PBXFileReference; lastKnownFileType = sourcecode.swift; path = ListSection.swift; sourceTree = "<group>"; };
		74D5FFD029451DC200029FF8 /* MockData.swift */ = {isa = PBXFileReference; lastKnownFileType = sourcecode.swift; path = MockData.swift; sourceTree = "<group>"; };
		74D9A242294912870003C24F /* Button + Publisher.swift */ = {isa = PBXFileReference; lastKnownFileType = sourcecode.swift; path = "Button + Publisher.swift"; sourceTree = "<group>"; };
		74D9A244294912C60003C24F /* UIContol + Publisher.swift */ = {isa = PBXFileReference; lastKnownFileType = sourcecode.swift; path = "UIContol + Publisher.swift"; sourceTree = "<group>"; };
		8418E8F0294A4CB800D2E310 /* MarkPro-Heavy.ttf */ = {isa = PBXFileReference; lastKnownFileType = file; path = "MarkPro-Heavy.ttf"; sourceTree = "<group>"; };
		8418E8F2294A5B6900D2E310 /* RoundedNavButton.swift */ = {isa = PBXFileReference; lastKnownFileType = sourcecode.swift; path = RoundedNavButton.swift; sourceTree = "<group>"; };
		848A2028294366EC001317C4 /* RequestBuilder.swift */ = {isa = PBXFileReference; lastKnownFileType = sourcecode.swift; path = RequestBuilder.swift; sourceTree = "<group>"; };
		848A202A294369FC001317C4 /* BasketApiClient.swift */ = {isa = PBXFileReference; lastKnownFileType = sourcecode.swift; path = BasketApiClient.swift; sourceTree = "<group>"; };
		848A202D29438877001317C4 /* MainEntitie.swift */ = {isa = PBXFileReference; lastKnownFileType = sourcecode.swift; path = MainEntitie.swift; sourceTree = "<group>"; };
		848A202F2943894A001317C4 /* BasketEntitie.swift */ = {isa = PBXFileReference; lastKnownFileType = sourcecode.swift; path = BasketEntitie.swift; sourceTree = "<group>"; };
		848A2031294389C1001317C4 /* ProductEntitie.swift */ = {isa = PBXFileReference; lastKnownFileType = sourcecode.swift; path = ProductEntitie.swift; sourceTree = "<group>"; };
		848A203329438B36001317C4 /* ProductApiClient.swift */ = {isa = PBXFileReference; lastKnownFileType = sourcecode.swift; path = ProductApiClient.swift; sourceTree = "<group>"; };
		848A203529438BE8001317C4 /* MainApiClient.swift */ = {isa = PBXFileReference; lastKnownFileType = sourcecode.swift; path = MainApiClient.swift; sourceTree = "<group>"; };
		848A203829438D26001317C4 /* BasketService.swift */ = {isa = PBXFileReference; lastKnownFileType = sourcecode.swift; path = BasketService.swift; sourceTree = "<group>"; };
		848A203A29438D34001317C4 /* MainService.swift */ = {isa = PBXFileReference; lastKnownFileType = sourcecode.swift; path = MainService.swift; sourceTree = "<group>"; };
		848A203C29438D47001317C4 /* ProductService.swift */ = {isa = PBXFileReference; lastKnownFileType = sourcecode.swift; path = ProductService.swift; sourceTree = "<group>"; };
		848A20422943AA1C001317C4 /* MarkPro-Regular.ttf */ = {isa = PBXFileReference; lastKnownFileType = file; path = "MarkPro-Regular.ttf"; sourceTree = "<group>"; };
		848A20432943AA1C001317C4 /* MarkPro-Bold.ttf */ = {isa = PBXFileReference; lastKnownFileType = file; path = "MarkPro-Bold.ttf"; sourceTree = "<group>"; };
		848A20442943AA1C001317C4 /* MarkPro-Medium.ttf */ = {isa = PBXFileReference; lastKnownFileType = file; path = "MarkPro-Medium.ttf"; sourceTree = "<group>"; };
		848A204B2943AB1A001317C4 /* BusketView.swift */ = {isa = PBXFileReference; lastKnownFileType = sourcecode.swift; path = BusketView.swift; sourceTree = "<group>"; };
		848A204D2943AB25001317C4 /* BusketViewModel.swift */ = {isa = PBXFileReference; lastKnownFileType = sourcecode.swift; path = BusketViewModel.swift; sourceTree = "<group>"; };
		848A20502943AD30001317C4 /* DIContainer.swift */ = {isa = PBXFileReference; lastKnownFileType = sourcecode.swift; path = DIContainer.swift; sourceTree = "<group>"; };
		848A20552943D281001317C4 /* TableViewCell.swift */ = {isa = PBXFileReference; lastKnownFileType = sourcecode.swift; path = TableViewCell.swift; sourceTree = "<group>"; };
		848A205A2943DAE4001317C4 /* UIVc+Preview.swift */ = {isa = PBXFileReference; lastKnownFileType = sourcecode.swift; path = "UIVc+Preview.swift"; sourceTree = "<group>"; };
		84AB9ACC2950F33300D35F2D /* FilterPriceButton.swift */ = {isa = PBXFileReference; lastKnownFileType = sourcecode.swift; path = FilterPriceButton.swift; sourceTree = "<group>"; };
		84AB9ACE29510B6600D35F2D /* SizeButton.swift */ = {isa = PBXFileReference; lastKnownFileType = sourcecode.swift; path = SizeButton.swift; sourceTree = "<group>"; };
		84D5F91B294A6C4900392899 /* ProductViewController.swift */ = {isa = PBXFileReference; lastKnownFileType = sourcecode.swift; path = ProductViewController.swift; sourceTree = "<group>"; };
		84D5F91D294A6CBD00392899 /* ProductViewModel.swift */ = {isa = PBXFileReference; lastKnownFileType = sourcecode.swift; path = ProductViewModel.swift; sourceTree = "<group>"; };
		84D5F91F294A6D3E00392899 /* ProductView.swift */ = {isa = PBXFileReference; lastKnownFileType = sourcecode.swift; path = ProductView.swift; sourceTree = "<group>"; };
		84D5F921294A7C2100392899 /* ProductCollectionViewCell.swift */ = {isa = PBXFileReference; lastKnownFileType = sourcecode.swift; path = ProductCollectionViewCell.swift; sourceTree = "<group>"; };
		84D6FFB5294CE1F100405398 /* ColorControl .swift */ = {isa = PBXFileReference; lastKnownFileType = sourcecode.swift; path = "ColorControl .swift"; sourceTree = "<group>"; };
		84D6FFB7294D06B100405398 /* RamControl.swift */ = {isa = PBXFileReference; lastKnownFileType = sourcecode.swift; path = RamControl.swift; sourceTree = "<group>"; };
		84D6FFB9294D19C100405398 /* HeartProdButton.swift */ = {isa = PBXFileReference; lastKnownFileType = sourcecode.swift; path = HeartProdButton.swift; sourceTree = "<group>"; };
		84D6FFBB294E082F00405398 /* UIColorHex.swift */ = {isa = PBXFileReference; lastKnownFileType = sourcecode.swift; path = UIColorHex.swift; sourceTree = "<group>"; };
		84D6FFDD2950B1DA00405398 /* FilterBrandButton.swift */ = {isa = PBXFileReference; lastKnownFileType = sourcecode.swift; path = FilterBrandButton.swift; sourceTree = "<group>"; };
		84E5858D294B95880098C311 /* ProductInfoView.swift */ = {isa = PBXFileReference; lastKnownFileType = sourcecode.swift; path = ProductInfoView.swift; sourceTree = "<group>"; };
		84E5858F294BCA050098C311 /* ProductBuyButton.swift */ = {isa = PBXFileReference; lastKnownFileType = sourcecode.swift; path = ProductBuyButton.swift; sourceTree = "<group>"; };
		84E58592294C805F0098C311 /* DetailsControl.swift */ = {isa = PBXFileReference; lastKnownFileType = sourcecode.swift; path = DetailsControl.swift; sourceTree = "<group>"; };
		84F1FC2429450DD800FFF63E /* QuantityButton.swift */ = {isa = PBXFileReference; lastKnownFileType = sourcecode.swift; path = QuantityButton.swift; sourceTree = "<group>"; };
		84F1FC28294601FF00FFF63E /* CustomBasketTable.swift */ = {isa = PBXFileReference; lastKnownFileType = sourcecode.swift; path = CustomBasketTable.swift; sourceTree = "<group>"; };
/* End PBXFileReference section */

/* Begin PBXFrameworksBuildPhase section */
		747321D82940ED4C008E7EB0 /* Frameworks */ = {
			isa = PBXFrameworksBuildPhase;
			buildActionMask = 2147483647;
			files = (
				848A204029438E89001317C4 /* SDWebImage in Frameworks */,
				741DB46E2942367500F9AC84 /* SnapKit in Frameworks */,
			);
			runOnlyForDeploymentPostprocessing = 0;
		};
		747321EE2940ED4E008E7EB0 /* Frameworks */ = {
			isa = PBXFrameworksBuildPhase;
			buildActionMask = 2147483647;
			files = (
			);
			runOnlyForDeploymentPostprocessing = 0;
		};
		747321F82940ED4E008E7EB0 /* Frameworks */ = {
			isa = PBXFrameworksBuildPhase;
			buildActionMask = 2147483647;
			files = (
			);
			runOnlyForDeploymentPostprocessing = 0;
		};
/* End PBXFrameworksBuildPhase section */

/* Begin PBXGroup section */
		74139E0629435D1F0002DC0F /* Foundation */ = {
			isa = PBXGroup;
			children = (
				848A204F2943AD1B001317C4 /* DI */,
				848A2027294366CD001317C4 /* Builder */,
				747322102940FAD3008E7EB0 /* Coordinator */,
			);
			path = Foundation;
			sourceTree = "<group>";
		};
		741DB45D2941D37A00F9AC84 /* Favorite */ = {
			isa = PBXGroup;
			children = (
				741DB45F2941D3BC00F9AC84 /* FavoriteViewController.swift */,
				741DB4612941D3CB00F9AC84 /* FavoriteCoordinator.swift */,
			);
			path = Favorite;
			sourceTree = "<group>";
		};
		741DB45E2941D38A00F9AC84 /* Busket */ = {
			isa = PBXGroup;
			children = (
				848A20522943BFB1001317C4 /* View */,
				741DB4652941D3F800F9AC84 /* BusketCoordinator.swift */,
				848A204D2943AB25001317C4 /* BusketViewModel.swift */,
			);
			path = Busket;
			sourceTree = "<group>";
		};
		741DB4672941DE0300F9AC84 /* Profile */ = {
			isa = PBXGroup;
			children = (
				741DB46A2941DE5A00F9AC84 /* ProfileViewController.swift */,
				741DB4682941DE4700F9AC84 /* ProfileCoordinator.swift */,
			);
			path = Profile;
			sourceTree = "<group>";
		};
		745F4DD3294F91C2003FEA78 /* FilterView */ = {
			isa = PBXGroup;
			children = (
				745F4DD4294F91E0003FEA78 /* FilterView.swift */,
			);
			path = FilterView;
			sourceTree = "<group>";
		};
		7468D26C2946387200674261 /* ImageViews */ = {
			isa = PBXGroup;
			children = (
				7468D26D2946390B00674261 /* RoundedImageView.swift */,
			);
			path = ImageViews;
			sourceTree = "<group>";
		};
		746F3B282948E789002BC66D /* Buttons */ = {
			isa = PBXGroup;
			children = (
				746F3B292948E7BC002BC66D /* UIButtonRounded.swift */,
				746A2474294E61720090FA8F /* UIButtonFilter.swift */,
				8418E8F2294A5B6900D2E310 /* RoundedNavButton.swift */,
				84E5858F294BCA050098C311 /* ProductBuyButton.swift */,
				84D6FFB9294D19C100405398 /* HeartProdButton.swift */,
				84D6FFDD2950B1DA00405398 /* FilterBrandButton.swift */,
				84AB9ACC2950F33300D35F2D /* FilterPriceButton.swift */,
				84AB9ACE29510B6600D35F2D /* SizeButton.swift */,
			);
			path = Buttons;
			sourceTree = "<group>";
		};
		747321D22940ED4C008E7EB0 = {
			isa = PBXGroup;
			children = (
				747321DD2940ED4C008E7EB0 /* TaskEffectiveMobile */,
				747321DC2940ED4C008E7EB0 /* Products */,
			);
			sourceTree = "<group>";
		};
		747321DC2940ED4C008E7EB0 /* Products */ = {
			isa = PBXGroup;
			children = (
				747321DB2940ED4C008E7EB0 /* TaskEffectiveMobile.app */,
				747321F12940ED4E008E7EB0 /* TaskEffectiveMobileTests.xctest */,
				747321FB2940ED4E008E7EB0 /* TaskEffectiveMobileUITests.xctest */,
			);
			name = Products;
			sourceTree = "<group>";
		};
		747321DD2940ED4C008E7EB0 /* TaskEffectiveMobile */ = {
			isa = PBXGroup;
			children = (
				747321DE2940ED4C008E7EB0 /* AppDelegate.swift */,
				7473221A294106EE008E7EB0 /* AppCoordinator.swift */,
				747321E02940ED4C008E7EB0 /* SceneDelegate.swift */,
				748EB4FA2943519100A94A79 /* Presentation layer */,
				748EB4FB2943522500A94A79 /* Business Logic Layer */,
				748EB4FC294352A100A94A79 /* Core layer */,
				7473222629411591008E7EB0 /* Helpers */,
				848A20412943A970001317C4 /* Resourses */,
				747321E92940ED4E008E7EB0 /* LaunchScreen.storyboard */,
				747321EC2940ED4E008E7EB0 /* Info.plist */,
			);
			path = TaskEffectiveMobile;
			sourceTree = "<group>";
		};
		7473220E2940F87C008E7EB0 /* TapBar */ = {
			isa = PBXGroup;
			children = (
				747321E22940ED4C008E7EB0 /* TabBarController.swift */,
				7473221C2941074A008E7EB0 /* TabBarCoordinator.swift */,
			);
			path = TapBar;
			sourceTree = "<group>";
		};
		7473220F2940F890008E7EB0 /* Main */ = {
			isa = PBXGroup;
			children = (
				74D5FFCB29451D7100029FF8 /* MockDataBase */,
				74D5FFC829451D3700029FF8 /* Header */,
				74D5FFBF29451C3000029FF8 /* Cells */,
				7460E718294A21C400BE0637 /* MainView.swift */,
				74732220294108C4008E7EB0 /* MainViewController.swift */,
				7473222B294139C1008E7EB0 /* MainViewCoordinator.swift */,
				7460E716294A1C1C00BE0637 /* MainModel.swift */,
			);
			path = Main;
			sourceTree = "<group>";
		};
		747322102940FAD3008E7EB0 /* Coordinator */ = {
			isa = PBXGroup;
			children = (
				747322152941048B008E7EB0 /* Factory */,
				747322112940FB02008E7EB0 /* Router.swift */,
				747322132940FC5B008E7EB0 /* BaseCoordinator.swift */,
			);
			path = Coordinator;
			sourceTree = "<group>";
		};
		747322152941048B008E7EB0 /* Factory */ = {
			isa = PBXGroup;
			children = (
				74732216294104B8008E7EB0 /* ModuleFactory.swift */,
				747322182941065A008E7EB0 /* CoordinatorFactory.swift */,
			);
			path = Factory;
			sourceTree = "<group>";
		};
		7473222229411526008E7EB0 /* UIKit */ = {
			isa = PBXGroup;
			children = (
				745F4DD3294F91C2003FEA78 /* FilterView */,
				84E58591294C80460098C311 /* UIControl */,
				746F3B282948E789002BC66D /* Buttons */,
				7468D26C2946387200674261 /* ImageViews */,
				7473222329411532008E7EB0 /* NavigationControllers */,
			);
			path = UIKit;
			sourceTree = "<group>";
		};
		7473222329411532008E7EB0 /* NavigationControllers */ = {
			isa = PBXGroup;
			children = (
				7473222429411568008E7EB0 /* MainNavigationController.swift */,
			);
			path = NavigationControllers;
			sourceTree = "<group>";
		};
		7473222629411591008E7EB0 /* Helpers */ = {
			isa = PBXGroup;
			children = (
				74D9A2412949125D0003C24F /* Exstensions */,
				74732227294115B0008E7EB0 /* AppColors.swift */,
				74732229294115E2008E7EB0 /* AppFonts.swift */,
			);
			path = Helpers;
			sourceTree = "<group>";
		};
		748EB4FA2943519100A94A79 /* Presentation layer */ = {
			isa = PBXGroup;
			children = (
				84D5F91A294A6BF300392899 /* Product */,
				7473220E2940F87C008E7EB0 /* TapBar */,
				7473220F2940F890008E7EB0 /* Main */,
				741DB45D2941D37A00F9AC84 /* Favorite */,
				741DB45E2941D38A00F9AC84 /* Busket */,
				741DB4672941DE0300F9AC84 /* Profile */,
			);
			path = "Presentation layer";
			sourceTree = "<group>";
		};
		748EB4FB2943522500A94A79 /* Business Logic Layer */ = {
			isa = PBXGroup;
			children = (
				848A203729438CF1001317C4 /* Services */,
				848A202C29438832001317C4 /* Entities */,
				848A202629436687001317C4 /* ApiClient */,
			);
			path = "Business Logic Layer";
			sourceTree = "<group>";
		};
		748EB4FC294352A100A94A79 /* Core layer */ = {
			isa = PBXGroup;
			children = (
				848A20582943DABF001317C4 /* Extensions */,
				74139E0629435D1F0002DC0F /* Foundation */,
				7473222229411526008E7EB0 /* UIKit */,
			);
			path = "Core layer";
			sourceTree = "<group>";
		};
		74D5FFBF29451C3000029FF8 /* Cells */ = {
			isa = PBXGroup;
			children = (
				74D5FFC029451CCF00029FF8 /* SelectCollectionViewCell.swift */,
				74D5FFC229451CF600029FF8 /* SearchCollectionViewCell.swift */,
				74D5FFC429451D1200029FF8 /* HotSalesCollectionViewCell.swift */,
				74D5FFC629451D2B00029FF8 /* BestSellerCollectionViewCell.swift */,
			);
			path = Cells;
			sourceTree = "<group>";
		};
		74D5FFC829451D3700029FF8 /* Header */ = {
			isa = PBXGroup;
			children = (
				74D5FFC929451D4900029FF8 /* HeaderSupplementaryView.swift */,
			);
			path = Header;
			sourceTree = "<group>";
		};
		74D5FFCB29451D7100029FF8 /* MockDataBase */ = {
			isa = PBXGroup;
			children = (
				74D5FFCC29451D9700029FF8 /* ListItem.swift */,
				74D5FFCE29451DAD00029FF8 /* ListSection.swift */,
				74D5FFD029451DC200029FF8 /* MockData.swift */,
			);
			path = MockDataBase;
			sourceTree = "<group>";
		};
		74D9A2412949125D0003C24F /* Exstensions */ = {
			isa = PBXGroup;
			children = (
				74D9A242294912870003C24F /* Button + Publisher.swift */,
				74D9A244294912C60003C24F /* UIContol + Publisher.swift */,
				7460E714294A191B00BE0637 /* String + Exct.swift */,
				84D6FFBB294E082F00405398 /* UIColorHex.swift */,
			);
			path = Exstensions;
			sourceTree = "<group>";
		};
		848A202629436687001317C4 /* ApiClient */ = {
			isa = PBXGroup;
			children = (
				74139E09294360A70002DC0F /* ApiClient.swift */,
				848A202A294369FC001317C4 /* BasketApiClient.swift */,
				848A203329438B36001317C4 /* ProductApiClient.swift */,
				848A203529438BE8001317C4 /* MainApiClient.swift */,
			);
			path = ApiClient;
			sourceTree = "<group>";
		};
		848A2027294366CD001317C4 /* Builder */ = {
			isa = PBXGroup;
			children = (
				848A2028294366EC001317C4 /* RequestBuilder.swift */,
			);
			path = Builder;
			sourceTree = "<group>";
		};
		848A202C29438832001317C4 /* Entities */ = {
			isa = PBXGroup;
			children = (
				848A202D29438877001317C4 /* MainEntitie.swift */,
				848A202F2943894A001317C4 /* BasketEntitie.swift */,
				848A2031294389C1001317C4 /* ProductEntitie.swift */,
			);
			path = Entities;
			sourceTree = "<group>";
		};
		848A203729438CF1001317C4 /* Services */ = {
			isa = PBXGroup;
			children = (
				848A203829438D26001317C4 /* BasketService.swift */,
				848A203A29438D34001317C4 /* MainService.swift */,
				848A203C29438D47001317C4 /* ProductService.swift */,
			);
			path = Services;
			sourceTree = "<group>";
		};
		848A20412943A970001317C4 /* Resourses */ = {
			isa = PBXGroup;
			children = (
				848A20432943AA1C001317C4 /* MarkPro-Bold.ttf */,
				8418E8F0294A4CB800D2E310 /* MarkPro-Heavy.ttf */,
				848A20442943AA1C001317C4 /* MarkPro-Medium.ttf */,
				848A20422943AA1C001317C4 /* MarkPro-Regular.ttf */,
				747321E72940ED4E008E7EB0 /* Assets.xcassets */,
			);
			path = Resourses;
			sourceTree = "<group>";
		};
		848A204F2943AD1B001317C4 /* DI */ = {
			isa = PBXGroup;
			children = (
				848A20502943AD30001317C4 /* DIContainer.swift */,
			);
			path = DI;
			sourceTree = "<group>";
		};
		848A20522943BFB1001317C4 /* View */ = {
			isa = PBXGroup;
			children = (
				848A20572943D32A001317C4 /* Cell */,
				741DB4632941D3E900F9AC84 /* BusketViewController.swift */,
				848A204B2943AB1A001317C4 /* BusketView.swift */,
				84F1FC2429450DD800FFF63E /* QuantityButton.swift */,
				84F1FC28294601FF00FFF63E /* CustomBasketTable.swift */,
			);
			path = View;
			sourceTree = "<group>";
		};
		848A20572943D32A001317C4 /* Cell */ = {
			isa = PBXGroup;
			children = (
				848A20552943D281001317C4 /* TableViewCell.swift */,
			);
			path = Cell;
			sourceTree = "<group>";
		};
		848A20582943DABF001317C4 /* Extensions */ = {
			isa = PBXGroup;
			children = (
				848A205A2943DAE4001317C4 /* UIVc+Preview.swift */,
			);
			path = Extensions;
			sourceTree = "<group>";
		};
		84D5F91A294A6BF300392899 /* Product */ = {
			isa = PBXGroup;
			children = (
				84D5F91B294A6C4900392899 /* ProductViewController.swift */,
				84D5F91D294A6CBD00392899 /* ProductViewModel.swift */,
				84D5F91F294A6D3E00392899 /* ProductView.swift */,
				84D5F921294A7C2100392899 /* ProductCollectionViewCell.swift */,
				84E5858D294B95880098C311 /* ProductInfoView.swift */,
			);
			path = Product;
			sourceTree = "<group>";
		};
		84E58591294C80460098C311 /* UIControl */ = {
			isa = PBXGroup;
			children = (
				84E58592294C805F0098C311 /* DetailsControl.swift */,
				84D6FFB5294CE1F100405398 /* ColorControl .swift */,
				84D6FFB7294D06B100405398 /* RamControl.swift */,
			);
			path = UIControl;
			sourceTree = "<group>";
		};
/* End PBXGroup section */

/* Begin PBXNativeTarget section */
		747321DA2940ED4C008E7EB0 /* TaskEffectiveMobile */ = {
			isa = PBXNativeTarget;
			buildConfigurationList = 747322052940ED4E008E7EB0 /* Build configuration list for PBXNativeTarget "TaskEffectiveMobile" */;
			buildPhases = (
				747321D72940ED4C008E7EB0 /* Sources */,
				747321D82940ED4C008E7EB0 /* Frameworks */,
				747321D92940ED4C008E7EB0 /* Resources */,
			);
			buildRules = (
			);
			dependencies = (
			);
			name = TaskEffectiveMobile;
			packageProductDependencies = (
				741DB46D2942367500F9AC84 /* SnapKit */,
				848A203F29438E89001317C4 /* SDWebImage */,
			);
			productName = TaskEffectiveMobile;
			productReference = 747321DB2940ED4C008E7EB0 /* TaskEffectiveMobile.app */;
			productType = "com.apple.product-type.application";
		};
		747321F02940ED4E008E7EB0 /* TaskEffectiveMobileTests */ = {
			isa = PBXNativeTarget;
			buildConfigurationList = 747322082940ED4E008E7EB0 /* Build configuration list for PBXNativeTarget "TaskEffectiveMobileTests" */;
			buildPhases = (
				747321ED2940ED4E008E7EB0 /* Sources */,
				747321EE2940ED4E008E7EB0 /* Frameworks */,
				747321EF2940ED4E008E7EB0 /* Resources */,
			);
			buildRules = (
			);
			dependencies = (
				747321F32940ED4E008E7EB0 /* PBXTargetDependency */,
			);
			name = TaskEffectiveMobileTests;
			productName = TaskEffectiveMobileTests;
			productReference = 747321F12940ED4E008E7EB0 /* TaskEffectiveMobileTests.xctest */;
			productType = "com.apple.product-type.bundle.unit-test";
		};
		747321FA2940ED4E008E7EB0 /* TaskEffectiveMobileUITests */ = {
			isa = PBXNativeTarget;
			buildConfigurationList = 7473220B2940ED4E008E7EB0 /* Build configuration list for PBXNativeTarget "TaskEffectiveMobileUITests" */;
			buildPhases = (
				747321F72940ED4E008E7EB0 /* Sources */,
				747321F82940ED4E008E7EB0 /* Frameworks */,
				747321F92940ED4E008E7EB0 /* Resources */,
			);
			buildRules = (
			);
			dependencies = (
				747321FD2940ED4E008E7EB0 /* PBXTargetDependency */,
			);
			name = TaskEffectiveMobileUITests;
			productName = TaskEffectiveMobileUITests;
			productReference = 747321FB2940ED4E008E7EB0 /* TaskEffectiveMobileUITests.xctest */;
			productType = "com.apple.product-type.bundle.ui-testing";
		};
/* End PBXNativeTarget section */

/* Begin PBXProject section */
		747321D32940ED4C008E7EB0 /* Project object */ = {
			isa = PBXProject;
			attributes = {
				BuildIndependentTargetsInParallel = 1;
				LastSwiftUpdateCheck = 1410;
				LastUpgradeCheck = 1410;
				TargetAttributes = {
					747321DA2940ED4C008E7EB0 = {
						CreatedOnToolsVersion = 14.1;
					};
					747321F02940ED4E008E7EB0 = {
						CreatedOnToolsVersion = 14.1;
						TestTargetID = 747321DA2940ED4C008E7EB0;
					};
					747321FA2940ED4E008E7EB0 = {
						CreatedOnToolsVersion = 14.1;
						TestTargetID = 747321DA2940ED4C008E7EB0;
					};
				};
			};
			buildConfigurationList = 747321D62940ED4C008E7EB0 /* Build configuration list for PBXProject "TaskEffectiveMobile" */;
			compatibilityVersion = "Xcode 14.0";
			developmentRegion = en;
			hasScannedForEncodings = 0;
			knownRegions = (
				en,
				Base,
			);
			mainGroup = 747321D22940ED4C008E7EB0;
			packageReferences = (
				741DB46C2942367500F9AC84 /* XCRemoteSwiftPackageReference "SnapKit" */,
				848A203E29438E89001317C4 /* XCRemoteSwiftPackageReference "SDWebImage" */,
			);
			productRefGroup = 747321DC2940ED4C008E7EB0 /* Products */;
			projectDirPath = "";
			projectRoot = "";
			targets = (
				747321DA2940ED4C008E7EB0 /* TaskEffectiveMobile */,
				747321F02940ED4E008E7EB0 /* TaskEffectiveMobileTests */,
				747321FA2940ED4E008E7EB0 /* TaskEffectiveMobileUITests */,
			);
		};
/* End PBXProject section */

/* Begin PBXResourcesBuildPhase section */
		747321D92940ED4C008E7EB0 /* Resources */ = {
			isa = PBXResourcesBuildPhase;
			buildActionMask = 2147483647;
			files = (
				747321EB2940ED4E008E7EB0 /* LaunchScreen.storyboard in Resources */,
				848A20462943AA1C001317C4 /* MarkPro-Regular.ttf in Resources */,
				848A20472943AA1C001317C4 /* MarkPro-Bold.ttf in Resources */,
				8418E8F1294A4CB800D2E310 /* MarkPro-Heavy.ttf in Resources */,
				747321E82940ED4E008E7EB0 /* Assets.xcassets in Resources */,
				848A20482943AA1C001317C4 /* MarkPro-Medium.ttf in Resources */,
			);
			runOnlyForDeploymentPostprocessing = 0;
		};
		747321EF2940ED4E008E7EB0 /* Resources */ = {
			isa = PBXResourcesBuildPhase;
			buildActionMask = 2147483647;
			files = (
			);
			runOnlyForDeploymentPostprocessing = 0;
		};
		747321F92940ED4E008E7EB0 /* Resources */ = {
			isa = PBXResourcesBuildPhase;
			buildActionMask = 2147483647;
			files = (
			);
			runOnlyForDeploymentPostprocessing = 0;
		};
/* End PBXResourcesBuildPhase section */

/* Begin PBXSourcesBuildPhase section */
		747321D72940ED4C008E7EB0 /* Sources */ = {
			isa = PBXSourcesBuildPhase;
			buildActionMask = 2147483647;
			files = (
				7468D26E2946390B00674261 /* RoundedImageView.swift in Sources */,
				74D5FFCD29451D9700029FF8 /* ListItem.swift in Sources */,
				84E58590294BCA050098C311 /* ProductBuyButton.swift in Sources */,
				84D6FFDE2950B1DA00405398 /* FilterBrandButton.swift in Sources */,
				74D5FFC129451CCF00029FF8 /* SelectCollectionViewCell.swift in Sources */,
				7473222C294139C1008E7EB0 /* MainViewCoordinator.swift in Sources */,
				74D5FFC329451CF600029FF8 /* SearchCollectionViewCell.swift in Sources */,
				848A203429438B36001317C4 /* ProductApiClient.swift in Sources */,
				848A20302943894A001317C4 /* BasketEntitie.swift in Sources */,
				74D5FFCA29451D4900029FF8 /* HeaderSupplementaryView.swift in Sources */,
				747322142940FC5B008E7EB0 /* BaseCoordinator.swift in Sources */,
				741DB46B2941DE5A00F9AC84 /* ProfileViewController.swift in Sources */,
				7460E719294A21C400BE0637 /* MainView.swift in Sources */,
				848A202E29438877001317C4 /* MainEntitie.swift in Sources */,
				84F1FC29294601FF00FFF63E /* CustomBasketTable.swift in Sources */,
				747322122940FB02008E7EB0 /* Router.swift in Sources */,
				848A203D29438D47001317C4 /* ProductService.swift in Sources */,
				747322192941065A008E7EB0 /* CoordinatorFactory.swift in Sources */,
				848A203929438D26001317C4 /* BasketService.swift in Sources */,
				746F3B2A2948E7BC002BC66D /* UIButtonRounded.swift in Sources */,
				741DB4602941D3BC00F9AC84 /* FavoriteViewController.swift in Sources */,
				746A2475294E61720090FA8F /* UIButtonFilter.swift in Sources */,
				84F1FC2529450DD800FFF63E /* QuantityButton.swift in Sources */,
				745F4DD5294F91E0003FEA78 /* FilterView.swift in Sources */,
				848A202B294369FC001317C4 /* BasketApiClient.swift in Sources */,
				74D5FFD129451DC200029FF8 /* MockData.swift in Sources */,
				74D5FFC729451D2B00029FF8 /* BestSellerCollectionViewCell.swift in Sources */,
				7473222529411568008E7EB0 /* MainNavigationController.swift in Sources */,
				84D5F91C294A6C4900392899 /* ProductViewController.swift in Sources */,
				7460E715294A191B00BE0637 /* String + Exct.swift in Sources */,
				74D9A245294912C60003C24F /* UIContol + Publisher.swift in Sources */,
				848A2029294366EC001317C4 /* RequestBuilder.swift in Sources */,
				848A204E2943AB25001317C4 /* BusketViewModel.swift in Sources */,
				74732221294108C4008E7EB0 /* MainViewController.swift in Sources */,
				8418E8F3294A5B6900D2E310 /* RoundedNavButton.swift in Sources */,
				747321E32940ED4C008E7EB0 /* TabBarController.swift in Sources */,
				84D5F920294A6D3E00392899 /* ProductView.swift in Sources */,
				84D6FFB8294D06B100405398 /* RamControl.swift in Sources */,
				741DB4622941D3CB00F9AC84 /* FavoriteCoordinator.swift in Sources */,
				7473221B294106EE008E7EB0 /* AppCoordinator.swift in Sources */,
				74D9A243294912870003C24F /* Button + Publisher.swift in Sources */,
				84D6FFBA294D19C100405398 /* HeartProdButton.swift in Sources */,
				84AB9ACF29510B6600D35F2D /* SizeButton.swift in Sources */,
				74D5FFC529451D1200029FF8 /* HotSalesCollectionViewCell.swift in Sources */,
				84D5F922294A7C2100392899 /* ProductCollectionViewCell.swift in Sources */,
				848A203629438BE8001317C4 /* MainApiClient.swift in Sources */,
				74D5FFCF29451DAD00029FF8 /* ListSection.swift in Sources */,
				741DB4692941DE4700F9AC84 /* ProfileCoordinator.swift in Sources */,
				84D5F91E294A6CBD00392899 /* ProductViewModel.swift in Sources */,
				84D6FFBC294E082F00405398 /* UIColorHex.swift in Sources */,
				84E5858E294B95880098C311 /* ProductInfoView.swift in Sources */,
				848A20562943D281001317C4 /* TableViewCell.swift in Sources */,
				84AB9ACD2950F33300D35F2D /* FilterPriceButton.swift in Sources */,
				848A204C2943AB1A001317C4 /* BusketView.swift in Sources */,
				848A20512943AD31001317C4 /* DIContainer.swift in Sources */,
				848A2032294389C1001317C4 /* ProductEntitie.swift in Sources */,
				7460E717294A1C1C00BE0637 /* MainModel.swift in Sources */,
				7473221D2941074A008E7EB0 /* TabBarCoordinator.swift in Sources */,
				747321DF2940ED4C008E7EB0 /* AppDelegate.swift in Sources */,
				7473222A294115E2008E7EB0 /* AppFonts.swift in Sources */,
				741DB4642941D3E900F9AC84 /* BusketViewController.swift in Sources */,
				74139E0A294360A70002DC0F /* ApiClient.swift in Sources */,
				74732228294115B0008E7EB0 /* AppColors.swift in Sources */,
				848A203B29438D34001317C4 /* MainService.swift in Sources */,
				74732217294104B8008E7EB0 /* ModuleFactory.swift in Sources */,
				741DB4662941D3F800F9AC84 /* BusketCoordinator.swift in Sources */,
				84E58593294C805F0098C311 /* DetailsControl.swift in Sources */,
				84D6FFB6294CE1F100405398 /* ColorControl .swift in Sources */,
				747321E12940ED4C008E7EB0 /* SceneDelegate.swift in Sources */,
			);
			runOnlyForDeploymentPostprocessing = 0;
		};
		747321ED2940ED4E008E7EB0 /* Sources */ = {
			isa = PBXSourcesBuildPhase;
			buildActionMask = 2147483647;
			files = (
			);
			runOnlyForDeploymentPostprocessing = 0;
		};
		747321F72940ED4E008E7EB0 /* Sources */ = {
			isa = PBXSourcesBuildPhase;
			buildActionMask = 2147483647;
			files = (
			);
			runOnlyForDeploymentPostprocessing = 0;
		};
/* End PBXSourcesBuildPhase section */

/* Begin PBXTargetDependency section */
		747321F32940ED4E008E7EB0 /* PBXTargetDependency */ = {
			isa = PBXTargetDependency;
			target = 747321DA2940ED4C008E7EB0 /* TaskEffectiveMobile */;
			targetProxy = 747321F22940ED4E008E7EB0 /* PBXContainerItemProxy */;
		};
		747321FD2940ED4E008E7EB0 /* PBXTargetDependency */ = {
			isa = PBXTargetDependency;
			target = 747321DA2940ED4C008E7EB0 /* TaskEffectiveMobile */;
			targetProxy = 747321FC2940ED4E008E7EB0 /* PBXContainerItemProxy */;
		};
/* End PBXTargetDependency section */

/* Begin PBXVariantGroup section */
		747321E92940ED4E008E7EB0 /* LaunchScreen.storyboard */ = {
			isa = PBXVariantGroup;
			children = (
				747321EA2940ED4E008E7EB0 /* Base */,
			);
			name = LaunchScreen.storyboard;
			sourceTree = "<group>";
		};
/* End PBXVariantGroup section */

/* Begin XCBuildConfiguration section */
		747322032940ED4E008E7EB0 /* Debug */ = {
			isa = XCBuildConfiguration;
			buildSettings = {
				ALWAYS_SEARCH_USER_PATHS = NO;
				CLANG_ANALYZER_NONNULL = YES;
				CLANG_ANALYZER_NUMBER_OBJECT_CONVERSION = YES_AGGRESSIVE;
				CLANG_CXX_LANGUAGE_STANDARD = "gnu++20";
				CLANG_ENABLE_MODULES = YES;
				CLANG_ENABLE_OBJC_ARC = YES;
				CLANG_ENABLE_OBJC_WEAK = YES;
				CLANG_WARN_BLOCK_CAPTURE_AUTORELEASING = YES;
				CLANG_WARN_BOOL_CONVERSION = YES;
				CLANG_WARN_COMMA = YES;
				CLANG_WARN_CONSTANT_CONVERSION = YES;
				CLANG_WARN_DEPRECATED_OBJC_IMPLEMENTATIONS = YES;
				CLANG_WARN_DIRECT_OBJC_ISA_USAGE = YES_ERROR;
				CLANG_WARN_DOCUMENTATION_COMMENTS = YES;
				CLANG_WARN_EMPTY_BODY = YES;
				CLANG_WARN_ENUM_CONVERSION = YES;
				CLANG_WARN_INFINITE_RECURSION = YES;
				CLANG_WARN_INT_CONVERSION = YES;
				CLANG_WARN_NON_LITERAL_NULL_CONVERSION = YES;
				CLANG_WARN_OBJC_IMPLICIT_RETAIN_SELF = YES;
				CLANG_WARN_OBJC_LITERAL_CONVERSION = YES;
				CLANG_WARN_OBJC_ROOT_CLASS = YES_ERROR;
				CLANG_WARN_QUOTED_INCLUDE_IN_FRAMEWORK_HEADER = YES;
				CLANG_WARN_RANGE_LOOP_ANALYSIS = YES;
				CLANG_WARN_STRICT_PROTOTYPES = YES;
				CLANG_WARN_SUSPICIOUS_MOVE = YES;
				CLANG_WARN_UNGUARDED_AVAILABILITY = YES_AGGRESSIVE;
				CLANG_WARN_UNREACHABLE_CODE = YES;
				CLANG_WARN__DUPLICATE_METHOD_MATCH = YES;
				COPY_PHASE_STRIP = NO;
				DEBUG_INFORMATION_FORMAT = dwarf;
				ENABLE_STRICT_OBJC_MSGSEND = YES;
				ENABLE_TESTABILITY = YES;
				GCC_C_LANGUAGE_STANDARD = gnu11;
				GCC_DYNAMIC_NO_PIC = NO;
				GCC_NO_COMMON_BLOCKS = YES;
				GCC_OPTIMIZATION_LEVEL = 0;
				GCC_PREPROCESSOR_DEFINITIONS = (
					"DEBUG=1",
					"$(inherited)",
				);
				GCC_WARN_64_TO_32_BIT_CONVERSION = YES;
				GCC_WARN_ABOUT_RETURN_TYPE = YES_ERROR;
				GCC_WARN_UNDECLARED_SELECTOR = YES;
				GCC_WARN_UNINITIALIZED_AUTOS = YES_AGGRESSIVE;
				GCC_WARN_UNUSED_FUNCTION = YES;
				GCC_WARN_UNUSED_VARIABLE = YES;
				IPHONEOS_DEPLOYMENT_TARGET = 16.1;
				MTL_ENABLE_DEBUG_INFO = INCLUDE_SOURCE;
				MTL_FAST_MATH = YES;
				ONLY_ACTIVE_ARCH = YES;
				SDKROOT = iphoneos;
				SWIFT_ACTIVE_COMPILATION_CONDITIONS = DEBUG;
				SWIFT_OPTIMIZATION_LEVEL = "-Onone";
			};
			name = Debug;
		};
		747322042940ED4E008E7EB0 /* Release */ = {
			isa = XCBuildConfiguration;
			buildSettings = {
				ALWAYS_SEARCH_USER_PATHS = NO;
				CLANG_ANALYZER_NONNULL = YES;
				CLANG_ANALYZER_NUMBER_OBJECT_CONVERSION = YES_AGGRESSIVE;
				CLANG_CXX_LANGUAGE_STANDARD = "gnu++20";
				CLANG_ENABLE_MODULES = YES;
				CLANG_ENABLE_OBJC_ARC = YES;
				CLANG_ENABLE_OBJC_WEAK = YES;
				CLANG_WARN_BLOCK_CAPTURE_AUTORELEASING = YES;
				CLANG_WARN_BOOL_CONVERSION = YES;
				CLANG_WARN_COMMA = YES;
				CLANG_WARN_CONSTANT_CONVERSION = YES;
				CLANG_WARN_DEPRECATED_OBJC_IMPLEMENTATIONS = YES;
				CLANG_WARN_DIRECT_OBJC_ISA_USAGE = YES_ERROR;
				CLANG_WARN_DOCUMENTATION_COMMENTS = YES;
				CLANG_WARN_EMPTY_BODY = YES;
				CLANG_WARN_ENUM_CONVERSION = YES;
				CLANG_WARN_INFINITE_RECURSION = YES;
				CLANG_WARN_INT_CONVERSION = YES;
				CLANG_WARN_NON_LITERAL_NULL_CONVERSION = YES;
				CLANG_WARN_OBJC_IMPLICIT_RETAIN_SELF = YES;
				CLANG_WARN_OBJC_LITERAL_CONVERSION = YES;
				CLANG_WARN_OBJC_ROOT_CLASS = YES_ERROR;
				CLANG_WARN_QUOTED_INCLUDE_IN_FRAMEWORK_HEADER = YES;
				CLANG_WARN_RANGE_LOOP_ANALYSIS = YES;
				CLANG_WARN_STRICT_PROTOTYPES = YES;
				CLANG_WARN_SUSPICIOUS_MOVE = YES;
				CLANG_WARN_UNGUARDED_AVAILABILITY = YES_AGGRESSIVE;
				CLANG_WARN_UNREACHABLE_CODE = YES;
				CLANG_WARN__DUPLICATE_METHOD_MATCH = YES;
				COPY_PHASE_STRIP = NO;
				DEBUG_INFORMATION_FORMAT = "dwarf-with-dsym";
				ENABLE_NS_ASSERTIONS = NO;
				ENABLE_STRICT_OBJC_MSGSEND = YES;
				GCC_C_LANGUAGE_STANDARD = gnu11;
				GCC_NO_COMMON_BLOCKS = YES;
				GCC_WARN_64_TO_32_BIT_CONVERSION = YES;
				GCC_WARN_ABOUT_RETURN_TYPE = YES_ERROR;
				GCC_WARN_UNDECLARED_SELECTOR = YES;
				GCC_WARN_UNINITIALIZED_AUTOS = YES_AGGRESSIVE;
				GCC_WARN_UNUSED_FUNCTION = YES;
				GCC_WARN_UNUSED_VARIABLE = YES;
				IPHONEOS_DEPLOYMENT_TARGET = 16.1;
				MTL_ENABLE_DEBUG_INFO = NO;
				MTL_FAST_MATH = YES;
				SDKROOT = iphoneos;
				SWIFT_COMPILATION_MODE = wholemodule;
				SWIFT_OPTIMIZATION_LEVEL = "-O";
				VALIDATE_PRODUCT = YES;
			};
			name = Release;
		};
		747322062940ED4E008E7EB0 /* Debug */ = {
			isa = XCBuildConfiguration;
			buildSettings = {
				ASSETCATALOG_COMPILER_APPICON_NAME = AppIcon;
				ASSETCATALOG_COMPILER_GLOBAL_ACCENT_COLOR_NAME = AccentColor;
				CODE_SIGN_STYLE = Automatic;
				CURRENT_PROJECT_VERSION = 1;
				DEVELOPMENT_TEAM = U53WPU268X;
				GENERATE_INFOPLIST_FILE = YES;
				INFOPLIST_FILE = TaskEffectiveMobile/Info.plist;
				INFOPLIST_KEY_UIApplicationSupportsIndirectInputEvents = YES;
				INFOPLIST_KEY_UILaunchStoryboardName = LaunchScreen;
				INFOPLIST_KEY_UISupportedInterfaceOrientations_iPad = "UIInterfaceOrientationPortrait UIInterfaceOrientationPortraitUpsideDown UIInterfaceOrientationLandscapeLeft UIInterfaceOrientationLandscapeRight";
				INFOPLIST_KEY_UISupportedInterfaceOrientations_iPhone = "UIInterfaceOrientationPortrait UIInterfaceOrientationLandscapeLeft UIInterfaceOrientationLandscapeRight";
				LD_RUNPATH_SEARCH_PATHS = (
					"$(inherited)",
					"@executable_path/Frameworks",
				);
				MARKETING_VERSION = 1.0;
				PRODUCT_BUNDLE_IDENTIFIER = "-23213.TaskEffectiveMobile";
				PRODUCT_NAME = "$(TARGET_NAME)";
				SWIFT_EMIT_LOC_STRINGS = YES;
				SWIFT_VERSION = 5.0;
				TARGETED_DEVICE_FAMILY = "1,2";
			};
			name = Debug;
		};
		747322072940ED4E008E7EB0 /* Release */ = {
			isa = XCBuildConfiguration;
			buildSettings = {
				ASSETCATALOG_COMPILER_APPICON_NAME = AppIcon;
				ASSETCATALOG_COMPILER_GLOBAL_ACCENT_COLOR_NAME = AccentColor;
				CODE_SIGN_STYLE = Automatic;
				CURRENT_PROJECT_VERSION = 1;
				DEVELOPMENT_TEAM = U53WPU268X;
				GENERATE_INFOPLIST_FILE = YES;
				INFOPLIST_FILE = TaskEffectiveMobile/Info.plist;
				INFOPLIST_KEY_UIApplicationSupportsIndirectInputEvents = YES;
				INFOPLIST_KEY_UILaunchStoryboardName = LaunchScreen;
				INFOPLIST_KEY_UISupportedInterfaceOrientations_iPad = "UIInterfaceOrientationPortrait UIInterfaceOrientationPortraitUpsideDown UIInterfaceOrientationLandscapeLeft UIInterfaceOrientationLandscapeRight";
				INFOPLIST_KEY_UISupportedInterfaceOrientations_iPhone = "UIInterfaceOrientationPortrait UIInterfaceOrientationLandscapeLeft UIInterfaceOrientationLandscapeRight";
				LD_RUNPATH_SEARCH_PATHS = (
					"$(inherited)",
					"@executable_path/Frameworks",
				);
				MARKETING_VERSION = 1.0;
				PRODUCT_BUNDLE_IDENTIFIER = "-23213.TaskEffectiveMobile";
				PRODUCT_NAME = "$(TARGET_NAME)";
				SWIFT_EMIT_LOC_STRINGS = YES;
				SWIFT_VERSION = 5.0;
				TARGETED_DEVICE_FAMILY = "1,2";
			};
			name = Release;
		};
		747322092940ED4E008E7EB0 /* Debug */ = {
			isa = XCBuildConfiguration;
			buildSettings = {
				ALWAYS_EMBED_SWIFT_STANDARD_LIBRARIES = YES;
				BUNDLE_LOADER = "$(TEST_HOST)";
				CODE_SIGN_STYLE = Automatic;
				CURRENT_PROJECT_VERSION = 1;
				GENERATE_INFOPLIST_FILE = YES;
				IPHONEOS_DEPLOYMENT_TARGET = 16.1;
				MARKETING_VERSION = 1.0;
				PRODUCT_BUNDLE_IDENTIFIER = "-23213.TaskEffectiveMobileTests";
				PRODUCT_NAME = "$(TARGET_NAME)";
				SWIFT_EMIT_LOC_STRINGS = NO;
				SWIFT_VERSION = 5.0;
				TARGETED_DEVICE_FAMILY = "1,2";
				TEST_HOST = "$(BUILT_PRODUCTS_DIR)/TaskEffectiveMobile.app/$(BUNDLE_EXECUTABLE_FOLDER_PATH)/TaskEffectiveMobile";
			};
			name = Debug;
		};
		7473220A2940ED4E008E7EB0 /* Release */ = {
			isa = XCBuildConfiguration;
			buildSettings = {
				ALWAYS_EMBED_SWIFT_STANDARD_LIBRARIES = YES;
				BUNDLE_LOADER = "$(TEST_HOST)";
				CODE_SIGN_STYLE = Automatic;
				CURRENT_PROJECT_VERSION = 1;
				GENERATE_INFOPLIST_FILE = YES;
				IPHONEOS_DEPLOYMENT_TARGET = 16.1;
				MARKETING_VERSION = 1.0;
				PRODUCT_BUNDLE_IDENTIFIER = "-23213.TaskEffectiveMobileTests";
				PRODUCT_NAME = "$(TARGET_NAME)";
				SWIFT_EMIT_LOC_STRINGS = NO;
				SWIFT_VERSION = 5.0;
				TARGETED_DEVICE_FAMILY = "1,2";
				TEST_HOST = "$(BUILT_PRODUCTS_DIR)/TaskEffectiveMobile.app/$(BUNDLE_EXECUTABLE_FOLDER_PATH)/TaskEffectiveMobile";
			};
			name = Release;
		};
		7473220C2940ED4E008E7EB0 /* Debug */ = {
			isa = XCBuildConfiguration;
			buildSettings = {
				ALWAYS_EMBED_SWIFT_STANDARD_LIBRARIES = YES;
				CODE_SIGN_STYLE = Automatic;
				CURRENT_PROJECT_VERSION = 1;
				GENERATE_INFOPLIST_FILE = YES;
				MARKETING_VERSION = 1.0;
				PRODUCT_BUNDLE_IDENTIFIER = "-23213.TaskEffectiveMobileUITests";
				PRODUCT_NAME = "$(TARGET_NAME)";
				SWIFT_EMIT_LOC_STRINGS = NO;
				SWIFT_VERSION = 5.0;
				TARGETED_DEVICE_FAMILY = "1,2";
				TEST_TARGET_NAME = TaskEffectiveMobile;
			};
			name = Debug;
		};
		7473220D2940ED4E008E7EB0 /* Release */ = {
			isa = XCBuildConfiguration;
			buildSettings = {
				ALWAYS_EMBED_SWIFT_STANDARD_LIBRARIES = YES;
				CODE_SIGN_STYLE = Automatic;
				CURRENT_PROJECT_VERSION = 1;
				GENERATE_INFOPLIST_FILE = YES;
				MARKETING_VERSION = 1.0;
				PRODUCT_BUNDLE_IDENTIFIER = "-23213.TaskEffectiveMobileUITests";
				PRODUCT_NAME = "$(TARGET_NAME)";
				SWIFT_EMIT_LOC_STRINGS = NO;
				SWIFT_VERSION = 5.0;
				TARGETED_DEVICE_FAMILY = "1,2";
				TEST_TARGET_NAME = TaskEffectiveMobile;
			};
			name = Release;
		};
/* End XCBuildConfiguration section */

/* Begin XCConfigurationList section */
		747321D62940ED4C008E7EB0 /* Build configuration list for PBXProject "TaskEffectiveMobile" */ = {
			isa = XCConfigurationList;
			buildConfigurations = (
				747322032940ED4E008E7EB0 /* Debug */,
				747322042940ED4E008E7EB0 /* Release */,
			);
			defaultConfigurationIsVisible = 0;
			defaultConfigurationName = Release;
		};
		747322052940ED4E008E7EB0 /* Build configuration list for PBXNativeTarget "TaskEffectiveMobile" */ = {
			isa = XCConfigurationList;
			buildConfigurations = (
				747322062940ED4E008E7EB0 /* Debug */,
				747322072940ED4E008E7EB0 /* Release */,
			);
			defaultConfigurationIsVisible = 0;
			defaultConfigurationName = Release;
		};
		747322082940ED4E008E7EB0 /* Build configuration list for PBXNativeTarget "TaskEffectiveMobileTests" */ = {
			isa = XCConfigurationList;
			buildConfigurations = (
				747322092940ED4E008E7EB0 /* Debug */,
				7473220A2940ED4E008E7EB0 /* Release */,
			);
			defaultConfigurationIsVisible = 0;
			defaultConfigurationName = Release;
		};
		7473220B2940ED4E008E7EB0 /* Build configuration list for PBXNativeTarget "TaskEffectiveMobileUITests" */ = {
			isa = XCConfigurationList;
			buildConfigurations = (
				7473220C2940ED4E008E7EB0 /* Debug */,
				7473220D2940ED4E008E7EB0 /* Release */,
			);
			defaultConfigurationIsVisible = 0;
			defaultConfigurationName = Release;
		};
/* End XCConfigurationList section */

/* Begin XCRemoteSwiftPackageReference section */
		741DB46C2942367500F9AC84 /* XCRemoteSwiftPackageReference "SnapKit" */ = {
			isa = XCRemoteSwiftPackageReference;
			repositoryURL = "https://github.com/SnapKit/SnapKit";
			requirement = {
				branch = develop;
				kind = branch;
			};
		};
		848A203E29438E89001317C4 /* XCRemoteSwiftPackageReference "SDWebImage" */ = {
			isa = XCRemoteSwiftPackageReference;
			repositoryURL = "https://github.com/SDWebImage/SDWebImage";
			requirement = {
				branch = master;
				kind = branch;
			};
		};
/* End XCRemoteSwiftPackageReference section */

/* Begin XCSwiftPackageProductDependency section */
		741DB46D2942367500F9AC84 /* SnapKit */ = {
			isa = XCSwiftPackageProductDependency;
			package = 741DB46C2942367500F9AC84 /* XCRemoteSwiftPackageReference "SnapKit" */;
			productName = SnapKit;
		};
		848A203F29438E89001317C4 /* SDWebImage */ = {
			isa = XCSwiftPackageProductDependency;
			package = 848A203E29438E89001317C4 /* XCRemoteSwiftPackageReference "SDWebImage" */;
			productName = SDWebImage;
		};
/* End XCSwiftPackageProductDependency section */
	};
	rootObject = 747321D32940ED4C008E7EB0 /* Project object */;
}
