// !$*UTF8*$!
{
	archiveVersion = 1;
	classes = {
	};
	objectVersion = 56;
	objects = {

/* Begin PBXBuildFile section */
		747321DF2940ED4C008E7EB0 /* AppDelegate.swift in Sources */ = {isa = PBXBuildFile; fileRef = 747321DE2940ED4C008E7EB0 /* AppDelegate.swift */; };
		747321E12940ED4C008E7EB0 /* SceneDelegate.swift in Sources */ = {isa = PBXBuildFile; fileRef = 747321E02940ED4C008E7EB0 /* SceneDelegate.swift */; };
		747321E32940ED4C008E7EB0 /* ViewController.swift in Sources */ = {isa = PBXBuildFile; fileRef = 747321E22940ED4C008E7EB0 /* ViewController.swift */; };
		747321E62940ED4C008E7EB0 /* Main.storyboard in Resources */ = {isa = PBXBuildFile; fileRef = 747321E42940ED4C008E7EB0 /* Main.storyboard */; };
		747321E82940ED4E008E7EB0 /* Assets.xcassets in Resources */ = {isa = PBXBuildFile; fileRef = 747321E72940ED4E008E7EB0 /* Assets.xcassets */; };
		747321EB2940ED4E008E7EB0 /* LaunchScreen.storyboard in Resources */ = {isa = PBXBuildFile; fileRef = 747321E92940ED4E008E7EB0 /* LaunchScreen.storyboard */; };
		747321F62940ED4E008E7EB0 /* TaskEffectiveMobileTests.swift in Sources */ = {isa = PBXBuildFile; fileRef = 747321F52940ED4E008E7EB0 /* TaskEffectiveMobileTests.swift */; };
		747322002940ED4E008E7EB0 /* TaskEffectiveMobileUITests.swift in Sources */ = {isa = PBXBuildFile; fileRef = 747321FF2940ED4E008E7EB0 /* TaskEffectiveMobileUITests.swift */; };
		747322022940ED4E008E7EB0 /* TaskEffectiveMobileUITestsLaunchTests.swift in Sources */ = {isa = PBXBuildFile; fileRef = 747322012940ED4E008E7EB0 /* TaskEffectiveMobileUITestsLaunchTests.swift */; };
/* End PBXBuildFile section */

/* Begin PBXContainerItemProxy section */
		747321F22940ED4E008E7EB0 /* PBXContainerItemProxy */ = {
			isa = PBXContainerItemProxy;
			containerPortal = 747321D32940ED4C008E7EB0 /* Project object */;
			proxyType = 1;
			remoteGlobalIDString = 747321DA2940ED4C008E7EB0;
			remoteInfo = TaskEffectiveMobile;
		};
		747321FC2940ED4E008E7EB0 /* PBXContainerItemProxy */ = {
			isa = PBXContainerItemProxy;
			containerPortal = 747321D32940ED4C008E7EB0 /* Project object */;
			proxyType = 1;
			remoteGlobalIDString = 747321DA2940ED4C008E7EB0;
			remoteInfo = TaskEffectiveMobile;
		};
/* End PBXContainerItemProxy section */

/* Begin PBXFileReference section */
		747321DB2940ED4C008E7EB0 /* TaskEffectiveMobile.app */ = {isa = PBXFileReference; explicitFileType = wrapper.application; includeInIndex = 0; path = TaskEffectiveMobile.app; sourceTree = BUILT_PRODUCTS_DIR; };
		747321DE2940ED4C008E7EB0 /* AppDelegate.swift */ = {isa = PBXFileReference; lastKnownFileType = sourcecode.swift; path = AppDelegate.swift; sourceTree = "<group>"; };
		747321E02940ED4C008E7EB0 /* SceneDelegate.swift */ = {isa = PBXFileReference; lastKnownFileType = sourcecode.swift; path = SceneDelegate.swift; sourceTree = "<group>"; };
		747321E22940ED4C008E7EB0 /* ViewController.swift */ = {isa = PBXFileReference; lastKnownFileType = sourcecode.swift; path = ViewController.swift; sourceTree = "<group>"; };
		747321E52940ED4C008E7EB0 /* Base */ = {isa = PBXFileReference; lastKnownFileType = file.storyboard; name = Base; path = Base.lproj/Main.storyboard; sourceTree = "<group>"; };
		747321E72940ED4E008E7EB0 /* Assets.xcassets */ = {isa = PBXFileReference; lastKnownFileType = folder.assetcatalog; path = Assets.xcassets; sourceTree = "<group>"; };
		747321EA2940ED4E008E7EB0 /* Base */ = {isa = PBXFileReference; lastKnownFileType = file.storyboard; name = Base; path = Base.lproj/LaunchScreen.storyboard; sourceTree = "<group>"; };
		747321EC2940ED4E008E7EB0 /* Info.plist */ = {isa = PBXFileReference; lastKnownFileType = text.plist.xml; path = Info.plist; sourceTree = "<group>"; };
		747321F12940ED4E008E7EB0 /* TaskEffectiveMobileTests.xctest */ = {isa = PBXFileReference; explicitFileType = wrapper.cfbundle; includeInIndex = 0; path = TaskEffectiveMobileTests.xctest; sourceTree = BUILT_PRODUCTS_DIR; };
		747321F52940ED4E008E7EB0 /* TaskEffectiveMobileTests.swift */ = {isa = PBXFileReference; lastKnownFileType = sourcecode.swift; path = TaskEffectiveMobileTests.swift; sourceTree = "<group>"; };
		747321FB2940ED4E008E7EB0 /* TaskEffectiveMobileUITests.xctest */ = {isa = PBXFileReference; explicitFileType = wrapper.cfbundle; includeInIndex = 0; path = TaskEffectiveMobileUITests.xctest; sourceTree = BUILT_PRODUCTS_DIR; };
		747321FF2940ED4E008E7EB0 /* TaskEffectiveMobileUITests.swift */ = {isa = PBXFileReference; lastKnownFileType = sourcecode.swift; path = TaskEffectiveMobileUITests.swift; sourceTree = "<group>"; };
		747322012940ED4E008E7EB0 /* TaskEffectiveMobileUITestsLaunchTests.swift */ = {isa = PBXFileReference; lastKnownFileType = sourcecode.swift; path = TaskEffectiveMobileUITestsLaunchTests.swift; sourceTree = "<group>"; };
/* End PBXFileReference section */

/* Begin PBXFrameworksBuildPhase section */
		747321D82940ED4C008E7EB0 /* Frameworks */ = {
			isa = PBXFrameworksBuildPhase;
			buildActionMask = 2147483647;
			files = (
			);
			runOnlyForDeploymentPostprocessing = 0;
		};
		747321EE2940ED4E008E7EB0 /* Frameworks */ = {
			isa = PBXFrameworksBuildPhase;
			buildActionMask = 2147483647;
			files = (
			);
			runOnlyForDeploymentPostprocessing = 0;
		};
		747321F82940ED4E008E7EB0 /* Frameworks */ = {
			isa = PBXFrameworksBuildPhase;
			buildActionMask = 2147483647;
			files = (
			);
			runOnlyForDeploymentPostprocessing = 0;
		};
/* End PBXFrameworksBuildPhase section */

/* Begin PBXGroup section */
		747321D22940ED4C008E7EB0 = {
			isa = PBXGroup;
			children = (
				747321DD2940ED4C008E7EB0 /* TaskEffectiveMobile */,
				747321F42940ED4E008E7EB0 /* TaskEffectiveMobileTests */,
				747321FE2940ED4E008E7EB0 /* TaskEffectiveMobileUITests */,
				747321DC2940ED4C008E7EB0 /* Products */,
			);
			sourceTree = "<group>";
		};
		747321DC2940ED4C008E7EB0 /* Products */ = {
			isa = PBXGroup;
			children = (
				747321DB2940ED4C008E7EB0 /* TaskEffectiveMobile.app */,
				747321F12940ED4E008E7EB0 /* TaskEffectiveMobileTests.xctest */,
				747321FB2940ED4E008E7EB0 /* TaskEffectiveMobileUITests.xctest */,
			);
			name = Products;
			sourceTree = "<group>";
		};
		747321DD2940ED4C008E7EB0 /* TaskEffectiveMobile */ = {
			isa = PBXGroup;
			children = (
				747321DE2940ED4C008E7EB0 /* AppDelegate.swift */,
				747321E02940ED4C008E7EB0 /* SceneDelegate.swift */,
				747321E22940ED4C008E7EB0 /* ViewController.swift */,
				747321E42940ED4C008E7EB0 /* Main.storyboard */,
				747321E72940ED4E008E7EB0 /* Assets.xcassets */,
				747321E92940ED4E008E7EB0 /* LaunchScreen.storyboard */,
				747321EC2940ED4E008E7EB0 /* Info.plist */,
			);
			path = TaskEffectiveMobile;
			sourceTree = "<group>";
		};
		747321F42940ED4E008E7EB0 /* TaskEffectiveMobileTests */ = {
			isa = PBXGroup;
			children = (
				747321F52940ED4E008E7EB0 /* TaskEffectiveMobileTests.swift */,
			);
			path = TaskEffectiveMobileTests;
			sourceTree = "<group>";
		};
		747321FE2940ED4E008E7EB0 /* TaskEffectiveMobileUITests */ = {
			isa = PBXGroup;
			children = (
				747321FF2940ED4E008E7EB0 /* TaskEffectiveMobileUITests.swift */,
				747322012940ED4E008E7EB0 /* TaskEffectiveMobileUITestsLaunchTests.swift */,
			);
			path = TaskEffectiveMobileUITests;
			sourceTree = "<group>";
		};
/* End PBXGroup section */

/* Begin PBXNativeTarget section */
		747321DA2940ED4C008E7EB0 /* TaskEffectiveMobile */ = {
			isa = PBXNativeTarget;
			buildConfigurationList = 747322052940ED4E008E7EB0 /* Build configuration list for PBXNativeTarget "TaskEffectiveMobile" */;
			buildPhases = (
				747321D72940ED4C008E7EB0 /* Sources */,
				747321D82940ED4C008E7EB0 /* Frameworks */,
				747321D92940ED4C008E7EB0 /* Resources */,
			);
			buildRules = (
			);
			dependencies = (
			);
			name = TaskEffectiveMobile;
			productName = TaskEffectiveMobile;
			productReference = 747321DB2940ED4C008E7EB0 /* TaskEffectiveMobile.app */;
			productType = "com.apple.product-type.application";
		};
		747321F02940ED4E008E7EB0 /* TaskEffectiveMobileTests */ = {
			isa = PBXNativeTarget;
			buildConfigurationList = 747322082940ED4E008E7EB0 /* Build configuration list for PBXNativeTarget "TaskEffectiveMobileTests" */;
			buildPhases = (
				747321ED2940ED4E008E7EB0 /* Sources */,
				747321EE2940ED4E008E7EB0 /* Frameworks */,
				747321EF2940ED4E008E7EB0 /* Resources */,
			);
			buildRules = (
			);
			dependencies = (
				747321F32940ED4E008E7EB0 /* PBXTargetDependency */,
			);
			name = TaskEffectiveMobileTests;
			productName = TaskEffectiveMobileTests;
			productReference = 747321F12940ED4E008E7EB0 /* TaskEffectiveMobileTests.xctest */;
			productType = "com.apple.product-type.bundle.unit-test";
		};
		747321FA2940ED4E008E7EB0 /* TaskEffectiveMobileUITests */ = {
			isa = PBXNativeTarget;
			buildConfigurationList = 7473220B2940ED4E008E7EB0 /* Build configuration list for PBXNativeTarget "TaskEffectiveMobileUITests" */;
			buildPhases = (
				747321F72940ED4E008E7EB0 /* Sources */,
				747321F82940ED4E008E7EB0 /* Frameworks */,
				747321F92940ED4E008E7EB0 /* Resources */,
			);
			buildRules = (
			);
			dependencies = (
				747321FD2940ED4E008E7EB0 /* PBXTargetDependency */,
			);
			name = TaskEffectiveMobileUITests;
			productName = TaskEffectiveMobileUITests;
			productReference = 747321FB2940ED4E008E7EB0 /* TaskEffectiveMobileUITests.xctest */;
			productType = "com.apple.product-type.bundle.ui-testing";
		};
/* End PBXNativeTarget section */

/* Begin PBXProject section */
		747321D32940ED4C008E7EB0 /* Project object */ = {
			isa = PBXProject;
			attributes = {
				BuildIndependentTargetsInParallel = 1;
				LastSwiftUpdateCheck = 1410;
				LastUpgradeCheck = 1410;
				TargetAttributes = {
					747321DA2940ED4C008E7EB0 = {
						CreatedOnToolsVersion = 14.1;
					};
					747321F02940ED4E008E7EB0 = {
						CreatedOnToolsVersion = 14.1;
						TestTargetID = 747321DA2940ED4C008E7EB0;
					};
					747321FA2940ED4E008E7EB0 = {
						CreatedOnToolsVersion = 14.1;
						TestTargetID = 747321DA2940ED4C008E7EB0;
					};
				};
			};
			buildConfigurationList = 747321D62940ED4C008E7EB0 /* Build configuration list for PBXProject "TaskEffectiveMobile" */;
			compatibilityVersion = "Xcode 14.0";
			developmentRegion = en;
			hasScannedForEncodings = 0;
			knownRegions = (
				en,
				Base,
			);
			mainGroup = 747321D22940ED4C008E7EB0;
			productRefGroup = 747321DC2940ED4C008E7EB0 /* Products */;
			projectDirPath = "";
			projectRoot = "";
			targets = (
				747321DA2940ED4C008E7EB0 /* TaskEffectiveMobile */,
				747321F02940ED4E008E7EB0 /* TaskEffectiveMobileTests */,
				747321FA2940ED4E008E7EB0 /* TaskEffectiveMobileUITests */,
			);
		};
/* End PBXProject section */

/* Begin PBXResourcesBuildPhase section */
		747321D92940ED4C008E7EB0 /* Resources */ = {
			isa = PBXResourcesBuildPhase;
			buildActionMask = 2147483647;
			files = (
				747321EB2940ED4E008E7EB0 /* LaunchScreen.storyboard in Resources */,
				747321E82940ED4E008E7EB0 /* Assets.xcassets in Resources */,
				747321E62940ED4C008E7EB0 /* Main.storyboard in Resources */,
			);
			runOnlyForDeploymentPostprocessing = 0;
		};
		747321EF2940ED4E008E7EB0 /* Resources */ = {
			isa = PBXResourcesBuildPhase;
			buildActionMask = 2147483647;
			files = (
			);
			runOnlyForDeploymentPostprocessing = 0;
		};
		747321F92940ED4E008E7EB0 /* Resources */ = {
			isa = PBXResourcesBuildPhase;
			buildActionMask = 2147483647;
			files = (
			);
			runOnlyForDeploymentPostprocessing = 0;
		};
/* End PBXResourcesBuildPhase section */

/* Begin PBXSourcesBuildPhase section */
		747321D72940ED4C008E7EB0 /* Sources */ = {
			isa = PBXSourcesBuildPhase;
			buildActionMask = 2147483647;
			files = (
				747321E32940ED4C008E7EB0 /* ViewController.swift in Sources */,
				747321DF2940ED4C008E7EB0 /* AppDelegate.swift in Sources */,
				747321E12940ED4C008E7EB0 /* SceneDelegate.swift in Sources */,
			);
			runOnlyForDeploymentPostprocessing = 0;
		};
		747321ED2940ED4E008E7EB0 /* Sources */ = {
			isa = PBXSourcesBuildPhase;
			buildActionMask = 2147483647;
			files = (
				747321F62940ED4E008E7EB0 /* TaskEffectiveMobileTests.swift in Sources */,
			);
			runOnlyForDeploymentPostprocessing = 0;
		};
		747321F72940ED4E008E7EB0 /* Sources */ = {
			isa = PBXSourcesBuildPhase;
			buildActionMask = 2147483647;
			files = (
				747322002940ED4E008E7EB0 /* TaskEffectiveMobileUITests.swift in Sources */,
				747322022940ED4E008E7EB0 /* TaskEffectiveMobileUITestsLaunchTests.swift in Sources */,
			);
			runOnlyForDeploymentPostprocessing = 0;
		};
/* End PBXSourcesBuildPhase section */

/* Begin PBXTargetDependency section */
		747321F32940ED4E008E7EB0 /* PBXTargetDependency */ = {
			isa = PBXTargetDependency;
			target = 747321DA2940ED4C008E7EB0 /* TaskEffectiveMobile */;
			targetProxy = 747321F22940ED4E008E7EB0 /* PBXContainerItemProxy */;
		};
		747321FD2940ED4E008E7EB0 /* PBXTargetDependency */ = {
			isa = PBXTargetDependency;
			target = 747321DA2940ED4C008E7EB0 /* TaskEffectiveMobile */;
			targetProxy = 747321FC2940ED4E008E7EB0 /* PBXContainerItemProxy */;
		};
/* End PBXTargetDependency section */

/* Begin PBXVariantGroup section */
		747321E42940ED4C008E7EB0 /* Main.storyboard */ = {
			isa = PBXVariantGroup;
			children = (
				747321E52940ED4C008E7EB0 /* Base */,
			);
			name = Main.storyboard;
			sourceTree = "<group>";
		};
		747321E92940ED4E008E7EB0 /* LaunchScreen.storyboard */ = {
			isa = PBXVariantGroup;
			children = (
				747321EA2940ED4E008E7EB0 /* Base */,
			);
			name = LaunchScreen.storyboard;
			sourceTree = "<group>";
		};
/* End PBXVariantGroup section */

/* Begin XCBuildConfiguration section */
		747322032940ED4E008E7EB0 /* Debug */ = {
			isa = XCBuildConfiguration;
			buildSettings = {
				ALWAYS_SEARCH_USER_PATHS = NO;
				CLANG_ANALYZER_NONNULL = YES;
				CLANG_ANALYZER_NUMBER_OBJECT_CONVERSION = YES_AGGRESSIVE;
				CLANG_CXX_LANGUAGE_STANDARD = "gnu++20";
				CLANG_ENABLE_MODULES = YES;
				CLANG_ENABLE_OBJC_ARC = YES;
				CLANG_ENABLE_OBJC_WEAK = YES;
				CLANG_WARN_BLOCK_CAPTURE_AUTORELEASING = YES;
				CLANG_WARN_BOOL_CONVERSION = YES;
				CLANG_WARN_COMMA = YES;
				CLANG_WARN_CONSTANT_CONVERSION = YES;
				CLANG_WARN_DEPRECATED_OBJC_IMPLEMENTATIONS = YES;
				CLANG_WARN_DIRECT_OBJC_ISA_USAGE = YES_ERROR;
				CLANG_WARN_DOCUMENTATION_COMMENTS = YES;
				CLANG_WARN_EMPTY_BODY = YES;
				CLANG_WARN_ENUM_CONVERSION = YES;
				CLANG_WARN_INFINITE_RECURSION = YES;
				CLANG_WARN_INT_CONVERSION = YES;
				CLANG_WARN_NON_LITERAL_NULL_CONVERSION = YES;
				CLANG_WARN_OBJC_IMPLICIT_RETAIN_SELF = YES;
				CLANG_WARN_OBJC_LITERAL_CONVERSION = YES;
				CLANG_WARN_OBJC_ROOT_CLASS = YES_ERROR;
				CLANG_WARN_QUOTED_INCLUDE_IN_FRAMEWORK_HEADER = YES;
				CLANG_WARN_RANGE_LOOP_ANALYSIS = YES;
				CLANG_WARN_STRICT_PROTOTYPES = YES;
				CLANG_WARN_SUSPICIOUS_MOVE = YES;
				CLANG_WARN_UNGUARDED_AVAILABILITY = YES_AGGRESSIVE;
				CLANG_WARN_UNREACHABLE_CODE = YES;
				CLANG_WARN__DUPLICATE_METHOD_MATCH = YES;
				COPY_PHASE_STRIP = NO;
				DEBUG_INFORMATION_FORMAT = dwarf;
				ENABLE_STRICT_OBJC_MSGSEND = YES;
				ENABLE_TESTABILITY = YES;
				GCC_C_LANGUAGE_STANDARD = gnu11;
				GCC_DYNAMIC_NO_PIC = NO;
				GCC_NO_COMMON_BLOCKS = YES;
				GCC_OPTIMIZATION_LEVEL = 0;
				GCC_PREPROCESSOR_DEFINITIONS = (
					"DEBUG=1",
					"$(inherited)",
				);
				GCC_WARN_64_TO_32_BIT_CONVERSION = YES;
				GCC_WARN_ABOUT_RETURN_TYPE = YES_ERROR;
				GCC_WARN_UNDECLARED_SELECTOR = YES;
				GCC_WARN_UNINITIALIZED_AUTOS = YES_AGGRESSIVE;
				GCC_WARN_UNUSED_FUNCTION = YES;
				GCC_WARN_UNUSED_VARIABLE = YES;
				IPHONEOS_DEPLOYMENT_TARGET = 16.1;
				MTL_ENABLE_DEBUG_INFO = INCLUDE_SOURCE;
				MTL_FAST_MATH = YES;
				ONLY_ACTIVE_ARCH = YES;
				SDKROOT = iphoneos;
				SWIFT_ACTIVE_COMPILATION_CONDITIONS = DEBUG;
				SWIFT_OPTIMIZATION_LEVEL = "-Onone";
			};
			name = Debug;
		};
		747322042940ED4E008E7EB0 /* Release */ = {
			isa = XCBuildConfiguration;
			buildSettings = {
				ALWAYS_SEARCH_USER_PATHS = NO;
				CLANG_ANALYZER_NONNULL = YES;
				CLANG_ANALYZER_NUMBER_OBJECT_CONVERSION = YES_AGGRESSIVE;
				CLANG_CXX_LANGUAGE_STANDARD = "gnu++20";
				CLANG_ENABLE_MODULES = YES;
				CLANG_ENABLE_OBJC_ARC = YES;
				CLANG_ENABLE_OBJC_WEAK = YES;
				CLANG_WARN_BLOCK_CAPTURE_AUTORELEASING = YES;
				CLANG_WARN_BOOL_CONVERSION = YES;
				CLANG_WARN_COMMA = YES;
				CLANG_WARN_CONSTANT_CONVERSION = YES;
				CLANG_WARN_DEPRECATED_OBJC_IMPLEMENTATIONS = YES;
				CLANG_WARN_DIRECT_OBJC_ISA_USAGE = YES_ERROR;
				CLANG_WARN_DOCUMENTATION_COMMENTS = YES;
				CLANG_WARN_EMPTY_BODY = YES;
				CLANG_WARN_ENUM_CONVERSION = YES;
				CLANG_WARN_INFINITE_RECURSION = YES;
				CLANG_WARN_INT_CONVERSION = YES;
				CLANG_WARN_NON_LITERAL_NULL_CONVERSION = YES;
				CLANG_WARN_OBJC_IMPLICIT_RETAIN_SELF = YES;
				CLANG_WARN_OBJC_LITERAL_CONVERSION = YES;
				CLANG_WARN_OBJC_ROOT_CLASS = YES_ERROR;
				CLANG_WARN_QUOTED_INCLUDE_IN_FRAMEWORK_HEADER = YES;
				CLANG_WARN_RANGE_LOOP_ANALYSIS = YES;
				CLANG_WARN_STRICT_PROTOTYPES = YES;
				CLANG_WARN_SUSPICIOUS_MOVE = YES;
				CLANG_WARN_UNGUARDED_AVAILABILITY = YES_AGGRESSIVE;
				CLANG_WARN_UNREACHABLE_CODE = YES;
				CLANG_WARN__DUPLICATE_METHOD_MATCH = YES;
				COPY_PHASE_STRIP = NO;
				DEBUG_INFORMATION_FORMAT = "dwarf-with-dsym";
				ENABLE_NS_ASSERTIONS = NO;
				ENABLE_STRICT_OBJC_MSGSEND = YES;
				GCC_C_LANGUAGE_STANDARD = gnu11;
				GCC_NO_COMMON_BLOCKS = YES;
				GCC_WARN_64_TO_32_BIT_CONVERSION = YES;
				GCC_WARN_ABOUT_RETURN_TYPE = YES_ERROR;
				GCC_WARN_UNDECLARED_SELECTOR = YES;
				GCC_WARN_UNINITIALIZED_AUTOS = YES_AGGRESSIVE;
				GCC_WARN_UNUSED_FUNCTION = YES;
				GCC_WARN_UNUSED_VARIABLE = YES;
				IPHONEOS_DEPLOYMENT_TARGET = 16.1;
				MTL_ENABLE_DEBUG_INFO = NO;
				MTL_FAST_MATH = YES;
				SDKROOT = iphoneos;
				SWIFT_COMPILATION_MODE = wholemodule;
				SWIFT_OPTIMIZATION_LEVEL = "-O";
				VALIDATE_PRODUCT = YES;
			};
			name = Release;
		};
		747322062940ED4E008E7EB0 /* Debug */ = {
			isa = XCBuildConfiguration;
			buildSettings = {
				ASSETCATALOG_COMPILER_APPICON_NAME = AppIcon;
				ASSETCATALOG_COMPILER_GLOBAL_ACCENT_COLOR_NAME = AccentColor;
				CODE_SIGN_STYLE = Automatic;
				CURRENT_PROJECT_VERSION = 1;
				GENERATE_INFOPLIST_FILE = YES;
				INFOPLIST_FILE = TaskEffectiveMobile/Info.plist;
				INFOPLIST_KEY_UIApplicationSupportsIndirectInputEvents = YES;
				INFOPLIST_KEY_UILaunchStoryboardName = LaunchScreen;
				INFOPLIST_KEY_UIMainStoryboardFile = Main;
				INFOPLIST_KEY_UISupportedInterfaceOrientations_iPad = "UIInterfaceOrientationPortrait UIInterfaceOrientationPortraitUpsideDown UIInterfaceOrientationLandscapeLeft UIInterfaceOrientationLandscapeRight";
				INFOPLIST_KEY_UISupportedInterfaceOrientations_iPhone = "UIInterfaceOrientationPortrait UIInterfaceOrientationLandscapeLeft UIInterfaceOrientationLandscapeRight";
				LD_RUNPATH_SEARCH_PATHS = (
					"$(inherited)",
					"@executable_path/Frameworks",
				);
				MARKETING_VERSION = 1.0;
				PRODUCT_BUNDLE_IDENTIFIER = "-23213.TaskEffectiveMobile";
				PRODUCT_NAME = "$(TARGET_NAME)";
				SWIFT_EMIT_LOC_STRINGS = YES;
				SWIFT_VERSION = 5.0;
				TARGETED_DEVICE_FAMILY = "1,2";
			};
			name = Debug;
		};
		747322072940ED4E008E7EB0 /* Release */ = {
			isa = XCBuildConfiguration;
			buildSettings = {
				ASSETCATALOG_COMPILER_APPICON_NAME = AppIcon;
				ASSETCATALOG_COMPILER_GLOBAL_ACCENT_COLOR_NAME = AccentColor;
				CODE_SIGN_STYLE = Automatic;
				CURRENT_PROJECT_VERSION = 1;
				GENERATE_INFOPLIST_FILE = YES;
				INFOPLIST_FILE = TaskEffectiveMobile/Info.plist;
				INFOPLIST_KEY_UIApplicationSupportsIndirectInputEvents = YES;
				INFOPLIST_KEY_UILaunchStoryboardName = LaunchScreen;
				INFOPLIST_KEY_UIMainStoryboardFile = Main;
				INFOPLIST_KEY_UISupportedInterfaceOrientations_iPad = "UIInterfaceOrientationPortrait UIInterfaceOrientationPortraitUpsideDown UIInterfaceOrientationLandscapeLeft UIInterfaceOrientationLandscapeRight";
				INFOPLIST_KEY_UISupportedInterfaceOrientations_iPhone = "UIInterfaceOrientationPortrait UIInterfaceOrientationLandscapeLeft UIInterfaceOrientationLandscapeRight";
				LD_RUNPATH_SEARCH_PATHS = (
					"$(inherited)",
					"@executable_path/Frameworks",
				);
				MARKETING_VERSION = 1.0;
				PRODUCT_BUNDLE_IDENTIFIER = "-23213.TaskEffectiveMobile";
				PRODUCT_NAME = "$(TARGET_NAME)";
				SWIFT_EMIT_LOC_STRINGS = YES;
				SWIFT_VERSION = 5.0;
				TARGETED_DEVICE_FAMILY = "1,2";
			};
			name = Release;
		};
		747322092940ED4E008E7EB0 /* Debug */ = {
			isa = XCBuildConfiguration;
			buildSettings = {
				ALWAYS_EMBED_SWIFT_STANDARD_LIBRARIES = YES;
				BUNDLE_LOADER = "$(TEST_HOST)";
				CODE_SIGN_STYLE = Automatic;
				CURRENT_PROJECT_VERSION = 1;
				GENERATE_INFOPLIST_FILE = YES;
				IPHONEOS_DEPLOYMENT_TARGET = 16.1;
				MARKETING_VERSION = 1.0;
				PRODUCT_BUNDLE_IDENTIFIER = "-23213.TaskEffectiveMobileTests";
				PRODUCT_NAME = "$(TARGET_NAME)";
				SWIFT_EMIT_LOC_STRINGS = NO;
				SWIFT_VERSION = 5.0;
				TARGETED_DEVICE_FAMILY = "1,2";
				TEST_HOST = "$(BUILT_PRODUCTS_DIR)/TaskEffectiveMobile.app/$(BUNDLE_EXECUTABLE_FOLDER_PATH)/TaskEffectiveMobile";
			};
			name = Debug;
		};
		7473220A2940ED4E008E7EB0 /* Release */ = {
			isa = XCBuildConfiguration;
			buildSettings = {
				ALWAYS_EMBED_SWIFT_STANDARD_LIBRARIES = YES;
				BUNDLE_LOADER = "$(TEST_HOST)";
				CODE_SIGN_STYLE = Automatic;
				CURRENT_PROJECT_VERSION = 1;
				GENERATE_INFOPLIST_FILE = YES;
				IPHONEOS_DEPLOYMENT_TARGET = 16.1;
				MARKETING_VERSION = 1.0;
				PRODUCT_BUNDLE_IDENTIFIER = "-23213.TaskEffectiveMobileTests";
				PRODUCT_NAME = "$(TARGET_NAME)";
				SWIFT_EMIT_LOC_STRINGS = NO;
				SWIFT_VERSION = 5.0;
				TARGETED_DEVICE_FAMILY = "1,2";
				TEST_HOST = "$(BUILT_PRODUCTS_DIR)/TaskEffectiveMobile.app/$(BUNDLE_EXECUTABLE_FOLDER_PATH)/TaskEffectiveMobile";
			};
			name = Release;
		};
		7473220C2940ED4E008E7EB0 /* Debug */ = {
			isa = XCBuildConfiguration;
			buildSettings = {
				ALWAYS_EMBED_SWIFT_STANDARD_LIBRARIES = YES;
				CODE_SIGN_STYLE = Automatic;
				CURRENT_PROJECT_VERSION = 1;
				GENERATE_INFOPLIST_FILE = YES;
				MARKETING_VERSION = 1.0;
				PRODUCT_BUNDLE_IDENTIFIER = "-23213.TaskEffectiveMobileUITests";
				PRODUCT_NAME = "$(TARGET_NAME)";
				SWIFT_EMIT_LOC_STRINGS = NO;
				SWIFT_VERSION = 5.0;
				TARGETED_DEVICE_FAMILY = "1,2";
				TEST_TARGET_NAME = TaskEffectiveMobile;
			};
			name = Debug;
		};
		7473220D2940ED4E008E7EB0 /* Release */ = {
			isa = XCBuildConfiguration;
			buildSettings = {
				ALWAYS_EMBED_SWIFT_STANDARD_LIBRARIES = YES;
				CODE_SIGN_STYLE = Automatic;
				CURRENT_PROJECT_VERSION = 1;
				GENERATE_INFOPLIST_FILE = YES;
				MARKETING_VERSION = 1.0;
				PRODUCT_BUNDLE_IDENTIFIER = "-23213.TaskEffectiveMobileUITests";
				PRODUCT_NAME = "$(TARGET_NAME)";
				SWIFT_EMIT_LOC_STRINGS = NO;
				SWIFT_VERSION = 5.0;
				TARGETED_DEVICE_FAMILY = "1,2";
				TEST_TARGET_NAME = TaskEffectiveMobile;
			};
			name = Release;
		};
/* End XCBuildConfiguration section */

/* Begin XCConfigurationList section */
		747321D62940ED4C008E7EB0 /* Build configuration list for PBXProject "TaskEffectiveMobile" */ = {
			isa = XCConfigurationList;
			buildConfigurations = (
				747322032940ED4E008E7EB0 /* Debug */,
				747322042940ED4E008E7EB0 /* Release */,
			);
			defaultConfigurationIsVisible = 0;
			defaultConfigurationName = Release;
		};
		747322052940ED4E008E7EB0 /* Build configuration list for PBXNativeTarget "TaskEffectiveMobile" */ = {
			isa = XCConfigurationList;
			buildConfigurations = (
				747322062940ED4E008E7EB0 /* Debug */,
				747322072940ED4E008E7EB0 /* Release */,
			);
			defaultConfigurationIsVisible = 0;
			defaultConfigurationName = Release;
		};
		747322082940ED4E008E7EB0 /* Build configuration list for PBXNativeTarget "TaskEffectiveMobileTests" */ = {
			isa = XCConfigurationList;
			buildConfigurations = (
				747322092940ED4E008E7EB0 /* Debug */,
				7473220A2940ED4E008E7EB0 /* Release */,
			);
			defaultConfigurationIsVisible = 0;
			defaultConfigurationName = Release;
		};
		7473220B2940ED4E008E7EB0 /* Build configuration list for PBXNativeTarget "TaskEffectiveMobileUITests" */ = {
			isa = XCConfigurationList;
			buildConfigurations = (
				7473220C2940ED4E008E7EB0 /* Debug */,
				7473220D2940ED4E008E7EB0 /* Release */,
			);
			defaultConfigurationIsVisible = 0;
			defaultConfigurationName = Release;
		};
/* End XCConfigurationList section */
	};
	rootObject = 747321D32940ED4C008E7EB0 /* Project object */;
}
